
Microsoft Visual Studio Solution File, Format Version 12.00
# Visual Studio Version 16
VisualStudioVersion = 16.0.29230.47
MinimumVisualStudioVersion = 10.0.40219.1
Project("{9A19103F-16F7-4668-BE54-9A1E7A4F7556}") = "Simon", "Projects\Simon\Simon.csproj", "{23D68A6A-1F99-4AA2-A82F-5B1CC82951A6}"
EndProject
Project("{9A19103F-16F7-4668-BE54-9A1E7A4F7556}") = "HelloLed", "HelloLed\HelloLed.csproj", "{35FA3AA1-A178-4492-A81D-C1A35A730AD0}"
EndProject
Project("{2150E333-8FDC-42A3-9474-1A3956D46DE8}") = "Meadow.Foundation_Samples", "Meadow.Foundation_Samples", "{38D2D700-9509-4A02-B985-2A95C2844E6C}"
EndProject
Project("{9A19103F-16F7-4668-BE54-9A1E7A4F7556}") = "Servos.Servo_Sample", "Peripherals_Samples\Servos.Servo_Sample\Servos.Servo_Sample.csproj", "{7781F7F7-4A99-4228-8C89-6AE5E3372D2B}"
EndProject
Project("{9A19103F-16F7-4668-BE54-9A1E7A4F7556}") = "Leds.LedBarGraph_Sample", "Meadow.Foundation_Samples\Leds.LedBarGraph_Sample\Leds.LedBarGraph_Sample.csproj", "{C4EB0552-3660-4DEF-B2AD-DA7AD98DD41B}"
EndProject
Project("{9A19103F-16F7-4668-BE54-9A1E7A4F7556}") = "Displays.Lcd.CharacterDisplay_Sample", "Peripherals_Samples\Displays.Lcd.CharacterDisplay_Sample\Displays.Lcd.CharacterDisplay_Sample.csproj", "{A7C5510C-63BB-4842-BAEA-65DD69A04521}"
EndProject
Project("{9A19103F-16F7-4668-BE54-9A1E7A4F7556}") = "Displays.SSD1306_Sample", "Peripherals_Samples\Displays.SSD1306_Sample\Displays.SSD1306_Sample.csproj", "{0952A721-7790-4A6A-8DD5-C7CE48B8A838}"
EndProject
Project("{9A19103F-16F7-4668-BE54-9A1E7A4F7556}") = "Displays.Tft.ILI9163_Sample", "Peripherals_Samples\Displays.Tft.ILI9163_Sample\Displays.Tft.ILI9163_Sample.csproj", "{34AA9A90-387F-4414-92B8-8C6DE9B9B34B}"
EndProject
Project("{2150E333-8FDC-42A3-9474-1A3956D46DE8}") = "Projects", "Projects", "{8669A0F2-54CB-4191-8468-EFE25611A005}"
EndProject
Project("{9A19103F-16F7-4668-BE54-9A1E7A4F7556}") = "Leds.Led_Sample", "Meadow.Foundation_Samples\Leds.Led_Sample\Leds.Led_Sample.csproj", "{56E945D3-B4FC-4F1B-AB3F-D3B8AAD1E235}"
EndProject
Project("{9A19103F-16F7-4668-BE54-9A1E7A4F7556}") = "Leds.PwmLed_Sample", "Meadow.Foundation_Samples\Leds.PwmLed_Sample\Leds.PwmLed_Sample.csproj", "{A47D689A-BC7F-4D55-A2D5-87AF59214B12}"
EndProject
Project("{9A19103F-16F7-4668-BE54-9A1E7A4F7556}") = "Leds.RgbPwmLed_Sample", "Meadow.Foundation_Samples\Leds.RgbPwmLed_Sample\Leds.RgbPwmLed_Sample.csproj", "{34ACCD83-DDF4-41E4-A155-765DE95E47C7}"
EndProject
Project("{9A19103F-16F7-4668-BE54-9A1E7A4F7556}") = "Leds.RgbLed_Sample", "Meadow.Foundation_Samples\Leds.RgbLed_Sample\Leds.RgbLed_Sample.csproj", "{573E8B5A-815E-4B93-96C1-0D2C862D3D2D}"
EndProject
Project("{9A19103F-16F7-4668-BE54-9A1E7A4F7556}") = "Audio.Piezo_Sample", "Meadow.Foundation_Samples\Audio.Piezo_Sample\Audio.Piezo_Sample.csproj", "{B37DB1FF-69A4-4386-9E0B-55CFA000B2CB}"
EndProject
Project("{9A19103F-16F7-4668-BE54-9A1E7A4F7556}") = "RTCs.DS1307_Sample", "Peripherals_Samples\RTCs.DS1307_Sample\RTCs.DS1307_Sample.csproj", "{5A32FAEB-4A54-483F-9A4E-4B53B640AF0B}"
EndProject
Project("{9A19103F-16F7-4668-BE54-9A1E7A4F7556}") = "Relays.Relay_Sample", "Meadow.Foundation_Samples\Relays.Relay_Sample\Relays.Relay_Sample.csproj", "{401F4EF3-5183-4450-BA19-B7BD5DFD5BB5}"
EndProject
Project("{9A19103F-16F7-4668-BE54-9A1E7A4F7556}") = "ICs.IOExpanders.HT16K33_Sample", "Peripherals_Samples\ICs.IOExpanders.HT16K33_Sample\ICs.IOExpanders.HT16K33_Sample.csproj", "{71E0674E-3D53-4D43-BD33-4610C6957DFD}"
EndProject
Project("{9A19103F-16F7-4668-BE54-9A1E7A4F7556}") = "MemoryGame", "Projects\MemoryGame\MemoryGame.csproj", "{C282B57F-21BC-4A4D-B3CE-9214471DFFAC}"
EndProject
Project("{9A19103F-16F7-4668-BE54-9A1E7A4F7556}") = "RemoteCar", "Projects\RemoteCar\RemoteCar.csproj", "{A386874D-AF0D-4459-95C1-B93D99D425DE}"
EndProject
Project("{9A19103F-16F7-4668-BE54-9A1E7A4F7556}") = "Motors.HBridgeMotor_Sample", "Meadow.Foundation_Samples\Motors.HBridgeMotor_Sample\Motors.HBridgeMotor_Sample.csproj", "{B527A7EA-E13F-4472-8776-91081BB638D9}"
EndProject
Project("{9A19103F-16F7-4668-BE54-9A1E7A4F7556}") = "Sensors.Moisture.Capacitive_Sample", "Peripherals_Samples\Sensors.Moisture.Capacitive_Sample\Sensors.Moisture.Capacitive_Sample.csproj", "{1ABFC688-5577-44D0-99AC-5A61CCAA5648}"
EndProject
Project("{9A19103F-16F7-4668-BE54-9A1E7A4F7556}") = "RemoteTank", "Projects\RemoteTank\RemoteTank.csproj", "{11A4CA21-A342-42AA-BD79-E6790262F7C2}"
EndProject
Project("{9A19103F-16F7-4668-BE54-9A1E7A4F7556}") = "Displays.PCD8544_Sample", "Peripherals_Samples\Displays.PCD8544_Sample\Displays.PCD8544_Sample.csproj", "{1B7EB312-2844-486D-9A86-C31AF8AC631D}"
EndProject
Project("{9A19103F-16F7-4668-BE54-9A1E7A4F7556}") = "RobotArm", "Projects\RobotArm\RobotArm.csproj", "{6CFD8273-42E5-4A42-B484-A52BCD00B8BB}"
EndProject
Project("{9A19103F-16F7-4668-BE54-9A1E7A4F7556}") = "TunePlayer", "Projects\TunePlayer\TunePlayer.csproj", "{BA18EAD2-237D-41E6-A0BB-F7B8B6A0FCF1}"
EndProject
Project("{2150E333-8FDC-42A3-9474-1A3956D46DE8}") = "Peripherals_Samples", "Peripherals_Samples", "{FDD94EF3-7231-4EA6-8C0C-59400D8C61F4}"
EndProject
Project("{9A19103F-16F7-4668-BE54-9A1E7A4F7556}") = "PlantMonitor", "Projects\PlantMonitor\PlantMonitor.csproj", "{912D42CE-0A4E-425E-9C8D-3C01B89AA038}"
EndProject
Project("{9A19103F-16F7-4668-BE54-9A1E7A4F7556}") = "RadioPlayer", "Projects\RadioPlayer\RadioPlayer.csproj", "{433FE978-7CF9-43EC-8019-6F3BEF0F572D}"
EndProject
Project("{9A19103F-16F7-4668-BE54-9A1E7A4F7556}") = "ChristmasCountdown", "Projects\ChristmasCountdown\ChristmasCountdown.csproj", "{DB426BCF-2C65-4B2E-BBE8-1A88392A0B4F}"
EndProject
Project("{9A19103F-16F7-4668-BE54-9A1E7A4F7556}") = "RotationDetector", "Projects\RotationDetector\RotationDetector.csproj", "{FA85CEF3-C9C3-40F3-A6F9-362614976E4F}"
EndProject
Project("{9A19103F-16F7-4668-BE54-9A1E7A4F7556}") = "WeatherStation", "Projects\WeatherStation\WeatherStation.csproj", "{58A59271-91AE-47AF-A373-C85A765D0B87}"
EndProject
Project("{9A19103F-16F7-4668-BE54-9A1E7A4F7556}") = "ServoButton", "Projects\ServoButton\ServoButton.csproj", "{73A9084C-1934-40E4-AE8D-B299763F095B}"
EndProject
Project("{9A19103F-16F7-4668-BE54-9A1E7A4F7556}") = "LedDice", "Projects\LedDice\LedDice.csproj", "{56DBA205-9998-47A7-B034-C0352A9B8DD3}"
EndProject
Project("{FAE04EC0-301F-11D3-BF4B-00C04F79EFBC}") = "JinglePlayer", "Projects\JinglePlayer\JinglePlayer.csproj", "{7FC5B6A2-44D4-4DB8-9FD9-CBB2E2541879}"
EndProject
Global
	GlobalSection(SolutionConfigurationPlatforms) = preSolution
		Debug|Any CPU = Debug|Any CPU
		Release|Any CPU = Release|Any CPU
	EndGlobalSection
	GlobalSection(ProjectConfigurationPlatforms) = postSolution
		{23D68A6A-1F99-4AA2-A82F-5B1CC82951A6}.Debug|Any CPU.ActiveCfg = Debug|Any CPU
		{23D68A6A-1F99-4AA2-A82F-5B1CC82951A6}.Debug|Any CPU.Build.0 = Debug|Any CPU
		{23D68A6A-1F99-4AA2-A82F-5B1CC82951A6}.Release|Any CPU.ActiveCfg = Release|Any CPU
		{23D68A6A-1F99-4AA2-A82F-5B1CC82951A6}.Release|Any CPU.Build.0 = Release|Any CPU
		{35FA3AA1-A178-4492-A81D-C1A35A730AD0}.Debug|Any CPU.ActiveCfg = Debug|Any CPU
		{35FA3AA1-A178-4492-A81D-C1A35A730AD0}.Debug|Any CPU.Build.0 = Debug|Any CPU
		{35FA3AA1-A178-4492-A81D-C1A35A730AD0}.Debug|Any CPU.Deploy.0 = Debug|Any CPU
		{35FA3AA1-A178-4492-A81D-C1A35A730AD0}.Release|Any CPU.ActiveCfg = Release|Any CPU
		{35FA3AA1-A178-4492-A81D-C1A35A730AD0}.Release|Any CPU.Build.0 = Release|Any CPU
		{35FA3AA1-A178-4492-A81D-C1A35A730AD0}.Release|Any CPU.Deploy.0 = Release|Any CPU
		{7781F7F7-4A99-4228-8C89-6AE5E3372D2B}.Debug|Any CPU.ActiveCfg = Debug|Any CPU
		{7781F7F7-4A99-4228-8C89-6AE5E3372D2B}.Debug|Any CPU.Build.0 = Debug|Any CPU
		{7781F7F7-4A99-4228-8C89-6AE5E3372D2B}.Debug|Any CPU.Deploy.0 = Debug|Any CPU
		{7781F7F7-4A99-4228-8C89-6AE5E3372D2B}.Release|Any CPU.ActiveCfg = Release|Any CPU
		{7781F7F7-4A99-4228-8C89-6AE5E3372D2B}.Release|Any CPU.Build.0 = Release|Any CPU
		{7781F7F7-4A99-4228-8C89-6AE5E3372D2B}.Release|Any CPU.Deploy.0 = Release|Any CPU
		{C4EB0552-3660-4DEF-B2AD-DA7AD98DD41B}.Debug|Any CPU.ActiveCfg = Debug|Any CPU
		{C4EB0552-3660-4DEF-B2AD-DA7AD98DD41B}.Debug|Any CPU.Build.0 = Debug|Any CPU
		{C4EB0552-3660-4DEF-B2AD-DA7AD98DD41B}.Debug|Any CPU.Deploy.0 = Debug|Any CPU
		{C4EB0552-3660-4DEF-B2AD-DA7AD98DD41B}.Release|Any CPU.ActiveCfg = Release|Any CPU
		{C4EB0552-3660-4DEF-B2AD-DA7AD98DD41B}.Release|Any CPU.Build.0 = Release|Any CPU
		{C4EB0552-3660-4DEF-B2AD-DA7AD98DD41B}.Release|Any CPU.Deploy.0 = Release|Any CPU
		{A7C5510C-63BB-4842-BAEA-65DD69A04521}.Debug|Any CPU.ActiveCfg = Debug|Any CPU
		{A7C5510C-63BB-4842-BAEA-65DD69A04521}.Debug|Any CPU.Build.0 = Debug|Any CPU
		{A7C5510C-63BB-4842-BAEA-65DD69A04521}.Debug|Any CPU.Deploy.0 = Debug|Any CPU
		{A7C5510C-63BB-4842-BAEA-65DD69A04521}.Release|Any CPU.ActiveCfg = Release|Any CPU
		{A7C5510C-63BB-4842-BAEA-65DD69A04521}.Release|Any CPU.Build.0 = Release|Any CPU
		{A7C5510C-63BB-4842-BAEA-65DD69A04521}.Release|Any CPU.Deploy.0 = Release|Any CPU
		{0952A721-7790-4A6A-8DD5-C7CE48B8A838}.Debug|Any CPU.ActiveCfg = Debug|Any CPU
		{0952A721-7790-4A6A-8DD5-C7CE48B8A838}.Debug|Any CPU.Build.0 = Debug|Any CPU
		{0952A721-7790-4A6A-8DD5-C7CE48B8A838}.Debug|Any CPU.Deploy.0 = Debug|Any CPU
		{0952A721-7790-4A6A-8DD5-C7CE48B8A838}.Release|Any CPU.ActiveCfg = Release|Any CPU
		{0952A721-7790-4A6A-8DD5-C7CE48B8A838}.Release|Any CPU.Build.0 = Release|Any CPU
		{0952A721-7790-4A6A-8DD5-C7CE48B8A838}.Release|Any CPU.Deploy.0 = Release|Any CPU
		{34AA9A90-387F-4414-92B8-8C6DE9B9B34B}.Debug|Any CPU.ActiveCfg = Debug|Any CPU
		{34AA9A90-387F-4414-92B8-8C6DE9B9B34B}.Debug|Any CPU.Build.0 = Debug|Any CPU
		{34AA9A90-387F-4414-92B8-8C6DE9B9B34B}.Debug|Any CPU.Deploy.0 = Debug|Any CPU
		{34AA9A90-387F-4414-92B8-8C6DE9B9B34B}.Release|Any CPU.ActiveCfg = Release|Any CPU
		{34AA9A90-387F-4414-92B8-8C6DE9B9B34B}.Release|Any CPU.Build.0 = Release|Any CPU
		{34AA9A90-387F-4414-92B8-8C6DE9B9B34B}.Release|Any CPU.Deploy.0 = Release|Any CPU
		{56E945D3-B4FC-4F1B-AB3F-D3B8AAD1E235}.Debug|Any CPU.ActiveCfg = Debug|Any CPU
		{56E945D3-B4FC-4F1B-AB3F-D3B8AAD1E235}.Debug|Any CPU.Build.0 = Debug|Any CPU
		{56E945D3-B4FC-4F1B-AB3F-D3B8AAD1E235}.Debug|Any CPU.Deploy.0 = Debug|Any CPU
		{56E945D3-B4FC-4F1B-AB3F-D3B8AAD1E235}.Release|Any CPU.ActiveCfg = Release|Any CPU
		{56E945D3-B4FC-4F1B-AB3F-D3B8AAD1E235}.Release|Any CPU.Build.0 = Release|Any CPU
		{56E945D3-B4FC-4F1B-AB3F-D3B8AAD1E235}.Release|Any CPU.Deploy.0 = Release|Any CPU
		{A47D689A-BC7F-4D55-A2D5-87AF59214B12}.Debug|Any CPU.ActiveCfg = Debug|Any CPU
		{A47D689A-BC7F-4D55-A2D5-87AF59214B12}.Debug|Any CPU.Build.0 = Debug|Any CPU
		{A47D689A-BC7F-4D55-A2D5-87AF59214B12}.Debug|Any CPU.Deploy.0 = Debug|Any CPU
		{A47D689A-BC7F-4D55-A2D5-87AF59214B12}.Release|Any CPU.ActiveCfg = Release|Any CPU
		{A47D689A-BC7F-4D55-A2D5-87AF59214B12}.Release|Any CPU.Build.0 = Release|Any CPU
		{A47D689A-BC7F-4D55-A2D5-87AF59214B12}.Release|Any CPU.Deploy.0 = Release|Any CPU
		{34ACCD83-DDF4-41E4-A155-765DE95E47C7}.Debug|Any CPU.ActiveCfg = Debug|Any CPU
		{34ACCD83-DDF4-41E4-A155-765DE95E47C7}.Debug|Any CPU.Build.0 = Debug|Any CPU
		{34ACCD83-DDF4-41E4-A155-765DE95E47C7}.Debug|Any CPU.Deploy.0 = Debug|Any CPU
		{34ACCD83-DDF4-41E4-A155-765DE95E47C7}.Release|Any CPU.ActiveCfg = Release|Any CPU
		{34ACCD83-DDF4-41E4-A155-765DE95E47C7}.Release|Any CPU.Build.0 = Release|Any CPU
		{34ACCD83-DDF4-41E4-A155-765DE95E47C7}.Release|Any CPU.Deploy.0 = Release|Any CPU
		{573E8B5A-815E-4B93-96C1-0D2C862D3D2D}.Debug|Any CPU.ActiveCfg = Debug|Any CPU
		{573E8B5A-815E-4B93-96C1-0D2C862D3D2D}.Debug|Any CPU.Build.0 = Debug|Any CPU
		{573E8B5A-815E-4B93-96C1-0D2C862D3D2D}.Debug|Any CPU.Deploy.0 = Debug|Any CPU
		{573E8B5A-815E-4B93-96C1-0D2C862D3D2D}.Release|Any CPU.ActiveCfg = Release|Any CPU
		{573E8B5A-815E-4B93-96C1-0D2C862D3D2D}.Release|Any CPU.Build.0 = Release|Any CPU
		{573E8B5A-815E-4B93-96C1-0D2C862D3D2D}.Release|Any CPU.Deploy.0 = Release|Any CPU
		{B37DB1FF-69A4-4386-9E0B-55CFA000B2CB}.Debug|Any CPU.ActiveCfg = Debug|Any CPU
		{B37DB1FF-69A4-4386-9E0B-55CFA000B2CB}.Debug|Any CPU.Build.0 = Debug|Any CPU
		{B37DB1FF-69A4-4386-9E0B-55CFA000B2CB}.Debug|Any CPU.Deploy.0 = Debug|Any CPU
		{B37DB1FF-69A4-4386-9E0B-55CFA000B2CB}.Release|Any CPU.ActiveCfg = Release|Any CPU
		{B37DB1FF-69A4-4386-9E0B-55CFA000B2CB}.Release|Any CPU.Build.0 = Release|Any CPU
		{B37DB1FF-69A4-4386-9E0B-55CFA000B2CB}.Release|Any CPU.Deploy.0 = Release|Any CPU
		{5A32FAEB-4A54-483F-9A4E-4B53B640AF0B}.Debug|Any CPU.ActiveCfg = Debug|Any CPU
		{5A32FAEB-4A54-483F-9A4E-4B53B640AF0B}.Debug|Any CPU.Build.0 = Debug|Any CPU
		{5A32FAEB-4A54-483F-9A4E-4B53B640AF0B}.Debug|Any CPU.Deploy.0 = Debug|Any CPU
		{5A32FAEB-4A54-483F-9A4E-4B53B640AF0B}.Release|Any CPU.ActiveCfg = Release|Any CPU
		{5A32FAEB-4A54-483F-9A4E-4B53B640AF0B}.Release|Any CPU.Build.0 = Release|Any CPU
		{5A32FAEB-4A54-483F-9A4E-4B53B640AF0B}.Release|Any CPU.Deploy.0 = Release|Any CPU
		{401F4EF3-5183-4450-BA19-B7BD5DFD5BB5}.Debug|Any CPU.ActiveCfg = Debug|Any CPU
		{401F4EF3-5183-4450-BA19-B7BD5DFD5BB5}.Debug|Any CPU.Build.0 = Debug|Any CPU
		{401F4EF3-5183-4450-BA19-B7BD5DFD5BB5}.Debug|Any CPU.Deploy.0 = Debug|Any CPU
		{401F4EF3-5183-4450-BA19-B7BD5DFD5BB5}.Release|Any CPU.ActiveCfg = Release|Any CPU
		{401F4EF3-5183-4450-BA19-B7BD5DFD5BB5}.Release|Any CPU.Build.0 = Release|Any CPU
		{401F4EF3-5183-4450-BA19-B7BD5DFD5BB5}.Release|Any CPU.Deploy.0 = Release|Any CPU
		{71E0674E-3D53-4D43-BD33-4610C6957DFD}.Debug|Any CPU.ActiveCfg = Debug|Any CPU
		{71E0674E-3D53-4D43-BD33-4610C6957DFD}.Debug|Any CPU.Build.0 = Debug|Any CPU
		{71E0674E-3D53-4D43-BD33-4610C6957DFD}.Debug|Any CPU.Deploy.0 = Debug|Any CPU
		{71E0674E-3D53-4D43-BD33-4610C6957DFD}.Release|Any CPU.ActiveCfg = Release|Any CPU
		{71E0674E-3D53-4D43-BD33-4610C6957DFD}.Release|Any CPU.Build.0 = Release|Any CPU
		{71E0674E-3D53-4D43-BD33-4610C6957DFD}.Release|Any CPU.Deploy.0 = Release|Any CPU
		{C282B57F-21BC-4A4D-B3CE-9214471DFFAC}.Debug|Any CPU.ActiveCfg = Debug|Any CPU
		{C282B57F-21BC-4A4D-B3CE-9214471DFFAC}.Debug|Any CPU.Build.0 = Debug|Any CPU
		{C282B57F-21BC-4A4D-B3CE-9214471DFFAC}.Debug|Any CPU.Deploy.0 = Debug|Any CPU
		{C282B57F-21BC-4A4D-B3CE-9214471DFFAC}.Release|Any CPU.ActiveCfg = Release|Any CPU
		{C282B57F-21BC-4A4D-B3CE-9214471DFFAC}.Release|Any CPU.Build.0 = Release|Any CPU
		{C282B57F-21BC-4A4D-B3CE-9214471DFFAC}.Release|Any CPU.Deploy.0 = Release|Any CPU
		{A386874D-AF0D-4459-95C1-B93D99D425DE}.Debug|Any CPU.ActiveCfg = Debug|Any CPU
		{A386874D-AF0D-4459-95C1-B93D99D425DE}.Debug|Any CPU.Build.0 = Debug|Any CPU
		{A386874D-AF0D-4459-95C1-B93D99D425DE}.Debug|Any CPU.Deploy.0 = Debug|Any CPU
		{A386874D-AF0D-4459-95C1-B93D99D425DE}.Release|Any CPU.ActiveCfg = Release|Any CPU
		{A386874D-AF0D-4459-95C1-B93D99D425DE}.Release|Any CPU.Build.0 = Release|Any CPU
		{A386874D-AF0D-4459-95C1-B93D99D425DE}.Release|Any CPU.Deploy.0 = Release|Any CPU
		{B527A7EA-E13F-4472-8776-91081BB638D9}.Debug|Any CPU.ActiveCfg = Debug|Any CPU
		{B527A7EA-E13F-4472-8776-91081BB638D9}.Debug|Any CPU.Build.0 = Debug|Any CPU
		{B527A7EA-E13F-4472-8776-91081BB638D9}.Debug|Any CPU.Deploy.0 = Debug|Any CPU
		{B527A7EA-E13F-4472-8776-91081BB638D9}.Release|Any CPU.ActiveCfg = Release|Any CPU
		{B527A7EA-E13F-4472-8776-91081BB638D9}.Release|Any CPU.Build.0 = Release|Any CPU
		{B527A7EA-E13F-4472-8776-91081BB638D9}.Release|Any CPU.Deploy.0 = Release|Any CPU
		{1ABFC688-5577-44D0-99AC-5A61CCAA5648}.Debug|Any CPU.ActiveCfg = Debug|Any CPU
		{1ABFC688-5577-44D0-99AC-5A61CCAA5648}.Debug|Any CPU.Build.0 = Debug|Any CPU
		{1ABFC688-5577-44D0-99AC-5A61CCAA5648}.Debug|Any CPU.Deploy.0 = Debug|Any CPU
		{1ABFC688-5577-44D0-99AC-5A61CCAA5648}.Release|Any CPU.ActiveCfg = Release|Any CPU
		{1ABFC688-5577-44D0-99AC-5A61CCAA5648}.Release|Any CPU.Build.0 = Release|Any CPU
		{1ABFC688-5577-44D0-99AC-5A61CCAA5648}.Release|Any CPU.Deploy.0 = Release|Any CPU
		{11A4CA21-A342-42AA-BD79-E6790262F7C2}.Debug|Any CPU.ActiveCfg = Debug|Any CPU
		{11A4CA21-A342-42AA-BD79-E6790262F7C2}.Debug|Any CPU.Build.0 = Debug|Any CPU
		{11A4CA21-A342-42AA-BD79-E6790262F7C2}.Debug|Any CPU.Deploy.0 = Debug|Any CPU
		{11A4CA21-A342-42AA-BD79-E6790262F7C2}.Release|Any CPU.ActiveCfg = Release|Any CPU
		{11A4CA21-A342-42AA-BD79-E6790262F7C2}.Release|Any CPU.Build.0 = Release|Any CPU
		{11A4CA21-A342-42AA-BD79-E6790262F7C2}.Release|Any CPU.Deploy.0 = Release|Any CPU
		{1B7EB312-2844-486D-9A86-C31AF8AC631D}.Debug|Any CPU.ActiveCfg = Debug|Any CPU
		{1B7EB312-2844-486D-9A86-C31AF8AC631D}.Debug|Any CPU.Build.0 = Debug|Any CPU
		{1B7EB312-2844-486D-9A86-C31AF8AC631D}.Debug|Any CPU.Deploy.0 = Debug|Any CPU
		{1B7EB312-2844-486D-9A86-C31AF8AC631D}.Release|Any CPU.ActiveCfg = Release|Any CPU
		{1B7EB312-2844-486D-9A86-C31AF8AC631D}.Release|Any CPU.Build.0 = Release|Any CPU
		{1B7EB312-2844-486D-9A86-C31AF8AC631D}.Release|Any CPU.Deploy.0 = Release|Any CPU
		{6CFD8273-42E5-4A42-B484-A52BCD00B8BB}.Debug|Any CPU.ActiveCfg = Debug|Any CPU
		{6CFD8273-42E5-4A42-B484-A52BCD00B8BB}.Debug|Any CPU.Build.0 = Debug|Any CPU
		{6CFD8273-42E5-4A42-B484-A52BCD00B8BB}.Debug|Any CPU.Deploy.0 = Debug|Any CPU
		{6CFD8273-42E5-4A42-B484-A52BCD00B8BB}.Release|Any CPU.ActiveCfg = Release|Any CPU
		{6CFD8273-42E5-4A42-B484-A52BCD00B8BB}.Release|Any CPU.Build.0 = Release|Any CPU
		{6CFD8273-42E5-4A42-B484-A52BCD00B8BB}.Release|Any CPU.Deploy.0 = Release|Any CPU
		{BA18EAD2-237D-41E6-A0BB-F7B8B6A0FCF1}.Debug|Any CPU.ActiveCfg = Debug|Any CPU
		{BA18EAD2-237D-41E6-A0BB-F7B8B6A0FCF1}.Debug|Any CPU.Build.0 = Debug|Any CPU
		{BA18EAD2-237D-41E6-A0BB-F7B8B6A0FCF1}.Debug|Any CPU.Deploy.0 = Debug|Any CPU
		{BA18EAD2-237D-41E6-A0BB-F7B8B6A0FCF1}.Release|Any CPU.ActiveCfg = Release|Any CPU
		{BA18EAD2-237D-41E6-A0BB-F7B8B6A0FCF1}.Release|Any CPU.Build.0 = Release|Any CPU
		{BA18EAD2-237D-41E6-A0BB-F7B8B6A0FCF1}.Release|Any CPU.Deploy.0 = Release|Any CPU
		{912D42CE-0A4E-425E-9C8D-3C01B89AA038}.Debug|Any CPU.ActiveCfg = Debug|Any CPU
		{912D42CE-0A4E-425E-9C8D-3C01B89AA038}.Debug|Any CPU.Build.0 = Debug|Any CPU
		{912D42CE-0A4E-425E-9C8D-3C01B89AA038}.Debug|Any CPU.Deploy.0 = Debug|Any CPU
		{912D42CE-0A4E-425E-9C8D-3C01B89AA038}.Release|Any CPU.ActiveCfg = Release|Any CPU
		{912D42CE-0A4E-425E-9C8D-3C01B89AA038}.Release|Any CPU.Build.0 = Release|Any CPU
		{912D42CE-0A4E-425E-9C8D-3C01B89AA038}.Release|Any CPU.Deploy.0 = Release|Any CPU
		{433FE978-7CF9-43EC-8019-6F3BEF0F572D}.Debug|Any CPU.ActiveCfg = Debug|Any CPU
		{433FE978-7CF9-43EC-8019-6F3BEF0F572D}.Debug|Any CPU.Build.0 = Debug|Any CPU
		{433FE978-7CF9-43EC-8019-6F3BEF0F572D}.Debug|Any CPU.Deploy.0 = Debug|Any CPU
		{433FE978-7CF9-43EC-8019-6F3BEF0F572D}.Release|Any CPU.ActiveCfg = Release|Any CPU
		{433FE978-7CF9-43EC-8019-6F3BEF0F572D}.Release|Any CPU.Build.0 = Release|Any CPU
		{433FE978-7CF9-43EC-8019-6F3BEF0F572D}.Release|Any CPU.Deploy.0 = Release|Any CPU
		{DB426BCF-2C65-4B2E-BBE8-1A88392A0B4F}.Debug|Any CPU.ActiveCfg = Debug|Any CPU
		{DB426BCF-2C65-4B2E-BBE8-1A88392A0B4F}.Debug|Any CPU.Build.0 = Debug|Any CPU
		{DB426BCF-2C65-4B2E-BBE8-1A88392A0B4F}.Debug|Any CPU.Deploy.0 = Debug|Any CPU
		{DB426BCF-2C65-4B2E-BBE8-1A88392A0B4F}.Release|Any CPU.ActiveCfg = Release|Any CPU
		{DB426BCF-2C65-4B2E-BBE8-1A88392A0B4F}.Release|Any CPU.Build.0 = Release|Any CPU
		{DB426BCF-2C65-4B2E-BBE8-1A88392A0B4F}.Release|Any CPU.Deploy.0 = Release|Any CPU
		{FA85CEF3-C9C3-40F3-A6F9-362614976E4F}.Debug|Any CPU.ActiveCfg = Debug|Any CPU
		{FA85CEF3-C9C3-40F3-A6F9-362614976E4F}.Debug|Any CPU.Build.0 = Debug|Any CPU
		{FA85CEF3-C9C3-40F3-A6F9-362614976E4F}.Debug|Any CPU.Deploy.0 = Debug|Any CPU
		{FA85CEF3-C9C3-40F3-A6F9-362614976E4F}.Release|Any CPU.ActiveCfg = Release|Any CPU
		{FA85CEF3-C9C3-40F3-A6F9-362614976E4F}.Release|Any CPU.Build.0 = Release|Any CPU
		{FA85CEF3-C9C3-40F3-A6F9-362614976E4F}.Release|Any CPU.Deploy.0 = Release|Any CPU
		{58A59271-91AE-47AF-A373-C85A765D0B87}.Debug|Any CPU.ActiveCfg = Debug|Any CPU
		{58A59271-91AE-47AF-A373-C85A765D0B87}.Debug|Any CPU.Build.0 = Debug|Any CPU
		{58A59271-91AE-47AF-A373-C85A765D0B87}.Debug|Any CPU.Deploy.0 = Debug|Any CPU
		{58A59271-91AE-47AF-A373-C85A765D0B87}.Release|Any CPU.ActiveCfg = Release|Any CPU
		{58A59271-91AE-47AF-A373-C85A765D0B87}.Release|Any CPU.Build.0 = Release|Any CPU
		{58A59271-91AE-47AF-A373-C85A765D0B87}.Release|Any CPU.Deploy.0 = Release|Any CPU
		{73A9084C-1934-40E4-AE8D-B299763F095B}.Debug|Any CPU.ActiveCfg = Debug|Any CPU
		{73A9084C-1934-40E4-AE8D-B299763F095B}.Debug|Any CPU.Build.0 = Debug|Any CPU
		{73A9084C-1934-40E4-AE8D-B299763F095B}.Debug|Any CPU.Deploy.0 = Debug|Any CPU
		{73A9084C-1934-40E4-AE8D-B299763F095B}.Release|Any CPU.ActiveCfg = Release|Any CPU
		{73A9084C-1934-40E4-AE8D-B299763F095B}.Release|Any CPU.Build.0 = Release|Any CPU
		{73A9084C-1934-40E4-AE8D-B299763F095B}.Release|Any CPU.Deploy.0 = Release|Any CPU
		{56DBA205-9998-47A7-B034-C0352A9B8DD3}.Debug|Any CPU.ActiveCfg = Debug|Any CPU
		{56DBA205-9998-47A7-B034-C0352A9B8DD3}.Debug|Any CPU.Build.0 = Debug|Any CPU
		{56DBA205-9998-47A7-B034-C0352A9B8DD3}.Debug|Any CPU.Deploy.0 = Debug|Any CPU
		{56DBA205-9998-47A7-B034-C0352A9B8DD3}.Release|Any CPU.ActiveCfg = Release|Any CPU
		{56DBA205-9998-47A7-B034-C0352A9B8DD3}.Release|Any CPU.Build.0 = Release|Any CPU
		{56DBA205-9998-47A7-B034-C0352A9B8DD3}.Release|Any CPU.Deploy.0 = Release|Any CPU
		{7FC5B6A2-44D4-4DB8-9FD9-CBB2E2541879}.Debug|Any CPU.ActiveCfg = Debug|Any CPU
		{7FC5B6A2-44D4-4DB8-9FD9-CBB2E2541879}.Debug|Any CPU.Build.0 = Debug|Any CPU
		{7FC5B6A2-44D4-4DB8-9FD9-CBB2E2541879}.Debug|Any CPU.Deploy.0 = Debug|Any CPU
		{7FC5B6A2-44D4-4DB8-9FD9-CBB2E2541879}.Release|Any CPU.ActiveCfg = Release|Any CPU
		{7FC5B6A2-44D4-4DB8-9FD9-CBB2E2541879}.Release|Any CPU.Build.0 = Release|Any CPU
		{7FC5B6A2-44D4-4DB8-9FD9-CBB2E2541879}.Release|Any CPU.Deploy.0 = Release|Any CPU
	EndGlobalSection
	GlobalSection(SolutionProperties) = preSolution
		HideSolutionNode = FALSE
	EndGlobalSection
	GlobalSection(NestedProjects) = preSolution
		{23D68A6A-1F99-4AA2-A82F-5B1CC82951A6} = {8669A0F2-54CB-4191-8468-EFE25611A005}
		{7781F7F7-4A99-4228-8C89-6AE5E3372D2B} = {FDD94EF3-7231-4EA6-8C0C-59400D8C61F4}
		{C4EB0552-3660-4DEF-B2AD-DA7AD98DD41B} = {38D2D700-9509-4A02-B985-2A95C2844E6C}
		{A7C5510C-63BB-4842-BAEA-65DD69A04521} = {FDD94EF3-7231-4EA6-8C0C-59400D8C61F4}
		{0952A721-7790-4A6A-8DD5-C7CE48B8A838} = {FDD94EF3-7231-4EA6-8C0C-59400D8C61F4}
		{34AA9A90-387F-4414-92B8-8C6DE9B9B34B} = {FDD94EF3-7231-4EA6-8C0C-59400D8C61F4}
		{56E945D3-B4FC-4F1B-AB3F-D3B8AAD1E235} = {38D2D700-9509-4A02-B985-2A95C2844E6C}
		{A47D689A-BC7F-4D55-A2D5-87AF59214B12} = {38D2D700-9509-4A02-B985-2A95C2844E6C}
		{34ACCD83-DDF4-41E4-A155-765DE95E47C7} = {38D2D700-9509-4A02-B985-2A95C2844E6C}
		{573E8B5A-815E-4B93-96C1-0D2C862D3D2D} = {38D2D700-9509-4A02-B985-2A95C2844E6C}
		{B37DB1FF-69A4-4386-9E0B-55CFA000B2CB} = {38D2D700-9509-4A02-B985-2A95C2844E6C}
		{5A32FAEB-4A54-483F-9A4E-4B53B640AF0B} = {FDD94EF3-7231-4EA6-8C0C-59400D8C61F4}
		{401F4EF3-5183-4450-BA19-B7BD5DFD5BB5} = {38D2D700-9509-4A02-B985-2A95C2844E6C}
		{71E0674E-3D53-4D43-BD33-4610C6957DFD} = {FDD94EF3-7231-4EA6-8C0C-59400D8C61F4}
		{C282B57F-21BC-4A4D-B3CE-9214471DFFAC} = {8669A0F2-54CB-4191-8468-EFE25611A005}
		{A386874D-AF0D-4459-95C1-B93D99D425DE} = {8669A0F2-54CB-4191-8468-EFE25611A005}
		{B527A7EA-E13F-4472-8776-91081BB638D9} = {38D2D700-9509-4A02-B985-2A95C2844E6C}
		{1ABFC688-5577-44D0-99AC-5A61CCAA5648} = {FDD94EF3-7231-4EA6-8C0C-59400D8C61F4}
		{11A4CA21-A342-42AA-BD79-E6790262F7C2} = {8669A0F2-54CB-4191-8468-EFE25611A005}
		{1B7EB312-2844-486D-9A86-C31AF8AC631D} = {FDD94EF3-7231-4EA6-8C0C-59400D8C61F4}
		{6CFD8273-42E5-4A42-B484-A52BCD00B8BB} = {8669A0F2-54CB-4191-8468-EFE25611A005}
		{BA18EAD2-237D-41E6-A0BB-F7B8B6A0FCF1} = {8669A0F2-54CB-4191-8468-EFE25611A005}
		{912D42CE-0A4E-425E-9C8D-3C01B89AA038} = {8669A0F2-54CB-4191-8468-EFE25611A005}
		{433FE978-7CF9-43EC-8019-6F3BEF0F572D} = {8669A0F2-54CB-4191-8468-EFE25611A005}
		{DB426BCF-2C65-4B2E-BBE8-1A88392A0B4F} = {8669A0F2-54CB-4191-8468-EFE25611A005}
		{FA85CEF3-C9C3-40F3-A6F9-362614976E4F} = {8669A0F2-54CB-4191-8468-EFE25611A005}
		{58A59271-91AE-47AF-A373-C85A765D0B87} = {8669A0F2-54CB-4191-8468-EFE25611A005}
		{73A9084C-1934-40E4-AE8D-B299763F095B} = {8669A0F2-54CB-4191-8468-EFE25611A005}
		{56DBA205-9998-47A7-B034-C0352A9B8DD3} = {8669A0F2-54CB-4191-8468-EFE25611A005}
		{7FC5B6A2-44D4-4DB8-9FD9-CBB2E2541879} = {8669A0F2-54CB-4191-8468-EFE25611A005}
	EndGlobalSection
	GlobalSection(ExtensibilityGlobals) = postSolution
		SolutionGuid = {9105841E-2E41-4992-AC47-1AB23EF8DC57}
	EndGlobalSection
EndGlobal
