
Microsoft Visual Studio Solution File, Format Version 12.00
# Visual Studio Version 17
VisualStudioVersion = 17.3.32811.315
MinimumVisualStudioVersion = 10.0.40219.1
Project("{9A19103F-16F7-4668-BE54-9A1E7A4F7556}") = "RemoteTank", "RemoteTank\RemoteTank.csproj", "{11A4CA21-A342-42AA-BD79-E6790262F7C2}"
EndProject
Project("{9A19103F-16F7-4668-BE54-9A1E7A4F7556}") = "RobotArm", "RobotArm\RobotArm.csproj", "{6CFD8273-42E5-4A42-B484-A52BCD00B8BB}"
EndProject
Project("{9A19103F-16F7-4668-BE54-9A1E7A4F7556}") = "TunePlayer", "TunePlayer\TunePlayer.csproj", "{BA18EAD2-237D-41E6-A0BB-F7B8B6A0FCF1}"
EndProject
Project("{9A19103F-16F7-4668-BE54-9A1E7A4F7556}") = "I2cSpiAnalogTemperature_Sample", "I2cSpiAnalogTemperature_Sample\I2cSpiAnalogTemperature_Sample.csproj", "{17218000-63EA-46DC-880C-6A5A27C54D44}"
EndProject
Project("{2150E333-8FDC-42A3-9474-1A3956D46DE8}") = "Connectivity", "Connectivity", "{9A8C24C0-1F22-47D8-9ECC-3B75898F544A}"
EndProject
Project("{9A19103F-16F7-4668-BE54-9A1E7A4F7556}") = "HelloLed", "HelloLed\HelloLed.csproj", "{474645B2-E7B9-4A4C-8168-9DFEF2E12CD4}"
EndProject
Project("{9A19103F-16F7-4668-BE54-9A1E7A4F7556}") = "MobilePlantSample", "ConnectedPlant\MobilePlantSample\MobilePlantSample\MobilePlantSample.csproj", "{D5667949-37EB-4343-A5F0-25B326892E40}"
EndProject
Project("{D954291E-2A0B-460D-934E-DC6B0785DB48}") = "SharedPlantSample", "ConnectedPlant\SharedPlantSample\SharedPlantSample.shproj", "{DDCDB190-3E72-43AC-9BA3-47BFDE0EC1E6}"
EndProject
Project("{9A19103F-16F7-4668-BE54-9A1E7A4F7556}") = "MeadowPlantSample", "ConnectedPlant\MeadowPlantSample\MeadowPlantSample.csproj", "{A334AD7C-9AC0-49EF-A04C-B0DE9B4F344F}"
EndProject
Project("{9A19103F-16F7-4668-BE54-9A1E7A4F7556}") = "TwitterClient", "TwitterClient\TwitterClient.csproj", "{7154A27E-CFA8-48D3-AD4B-29CBDF660056}"
EndProject
Project("{9A19103F-16F7-4668-BE54-9A1E7A4F7556}") = "BusStopClient", "BusStopClient\BusStopClient.csproj", "{1E04F2D1-E4D9-4883-BDEC-305E8EE91DAD}"
EndProject
Project("{9A19103F-16F7-4668-BE54-9A1E7A4F7556}") = "ImageShow", "ImageShow\ImageShow.csproj", "{70E8C688-44A3-481B-A154-D0DE13ED62FC}"
EndProject
Project("{2150E333-8FDC-42A3-9474-1A3956D46DE8}") = "SmartFrame", "SmartFrame", "{34507749-F29B-40B9-B3C1-C83DCB3C63B4}"
EndProject
Project("{9A19103F-16F7-4668-BE54-9A1E7A4F7556}") = "MeadowSmartFrame", "SmartFrame\MeadowSmartFrame\MeadowSmartFrame.csproj", "{2AC9C692-6C18-4822-872F-096A93903F16}"
EndProject
Project("{2150E333-8FDC-42A3-9474-1A3956D46DE8}") = "Marketing", "Marketing", "{5C213718-6AF1-45A0-894F-88679F056871}"
EndProject
Project("{9A19103F-16F7-4668-BE54-9A1E7A4F7556}") = "MarketCharacterDisplay", "MarketCharacterDisplay\MarketCharacterDisplay.csproj", "{302BCD1A-81E0-438A-B86D-9BF2414F0AC8}"
EndProject
Project("{9A19103F-16F7-4668-BE54-9A1E7A4F7556}") = "MarketIli9488Display", "MarketIli9488Display\MarketIli9488Display.csproj", "{F427C120-8E35-42EE-B5DA-54DBA6B0A009}"
EndProject
Project("{9A19103F-16F7-4668-BE54-9A1E7A4F7556}") = "MarketDualDisplay", "MarketDualDisplay\MarketDualDisplay.csproj", "{BD7146CE-33FF-40F2-B28B-B07CE6536628}"
EndProject
Project("{9A19103F-16F7-4668-BE54-9A1E7A4F7556}") = "MarketProjectLab", "MarketProjectLab\MarketProjectLab.csproj", "{86578C3C-6BE1-4973-9D0C-424A18C7AFD3}"
EndProject
Project("{9A19103F-16F7-4668-BE54-9A1E7A4F7556}") = "MarketEpaperDisplay", "MarketEpaperDisplay\MarketEpaperDisplay.csproj", "{06BCE2E2-20D1-44EF-84C5-01A88FA57C47}"
EndProject
Project("{2150E333-8FDC-42A3-9474-1A3956D46DE8}") = "SpeedUI", "SpeedUI", "{B8D6D826-AE9E-4BF6-9E13-0A30F6A51D6F}"
EndProject
Project("{9A19103F-16F7-4668-BE54-9A1E7A4F7556}") = "WifiWeather_WinForms", "WifiWeather_WinForms\WifiWeather_WinForms.csproj", "{11EFDB48-F820-491E-9D97-EE59CB7704E4}"
EndProject
Global
	GlobalSection(SolutionConfigurationPlatforms) = preSolution
		Debug|Any CPU = Debug|Any CPU
		Debug|iPhone = Debug|iPhone
		Debug|iPhoneSimulator = Debug|iPhoneSimulator
		Release|Any CPU = Release|Any CPU
		Release|iPhone = Release|iPhone
		Release|iPhoneSimulator = Release|iPhoneSimulator
	EndGlobalSection
	GlobalSection(ProjectConfigurationPlatforms) = postSolution
		{11A4CA21-A342-42AA-BD79-E6790262F7C2}.Debug|Any CPU.ActiveCfg = Debug|Any CPU
		{11A4CA21-A342-42AA-BD79-E6790262F7C2}.Debug|Any CPU.Build.0 = Debug|Any CPU
		{11A4CA21-A342-42AA-BD79-E6790262F7C2}.Debug|Any CPU.Deploy.0 = Debug|Any CPU
		{11A4CA21-A342-42AA-BD79-E6790262F7C2}.Debug|iPhone.ActiveCfg = Debug|Any CPU
		{11A4CA21-A342-42AA-BD79-E6790262F7C2}.Debug|iPhone.Build.0 = Debug|Any CPU
		{11A4CA21-A342-42AA-BD79-E6790262F7C2}.Debug|iPhoneSimulator.ActiveCfg = Debug|Any CPU
		{11A4CA21-A342-42AA-BD79-E6790262F7C2}.Debug|iPhoneSimulator.Build.0 = Debug|Any CPU
		{11A4CA21-A342-42AA-BD79-E6790262F7C2}.Release|Any CPU.ActiveCfg = Release|Any CPU
		{11A4CA21-A342-42AA-BD79-E6790262F7C2}.Release|Any CPU.Build.0 = Release|Any CPU
		{11A4CA21-A342-42AA-BD79-E6790262F7C2}.Release|iPhone.ActiveCfg = Release|Any CPU
		{11A4CA21-A342-42AA-BD79-E6790262F7C2}.Release|iPhone.Build.0 = Release|Any CPU
		{11A4CA21-A342-42AA-BD79-E6790262F7C2}.Release|iPhoneSimulator.ActiveCfg = Release|Any CPU
		{11A4CA21-A342-42AA-BD79-E6790262F7C2}.Release|iPhoneSimulator.Build.0 = Release|Any CPU
		{6CFD8273-42E5-4A42-B484-A52BCD00B8BB}.Debug|Any CPU.ActiveCfg = Debug|Any CPU
		{6CFD8273-42E5-4A42-B484-A52BCD00B8BB}.Debug|Any CPU.Build.0 = Debug|Any CPU
		{6CFD8273-42E5-4A42-B484-A52BCD00B8BB}.Debug|Any CPU.Deploy.0 = Debug|Any CPU
		{6CFD8273-42E5-4A42-B484-A52BCD00B8BB}.Debug|iPhone.ActiveCfg = Debug|Any CPU
		{6CFD8273-42E5-4A42-B484-A52BCD00B8BB}.Debug|iPhone.Build.0 = Debug|Any CPU
		{6CFD8273-42E5-4A42-B484-A52BCD00B8BB}.Debug|iPhoneSimulator.ActiveCfg = Debug|Any CPU
		{6CFD8273-42E5-4A42-B484-A52BCD00B8BB}.Debug|iPhoneSimulator.Build.0 = Debug|Any CPU
		{6CFD8273-42E5-4A42-B484-A52BCD00B8BB}.Release|Any CPU.ActiveCfg = Release|Any CPU
		{6CFD8273-42E5-4A42-B484-A52BCD00B8BB}.Release|Any CPU.Build.0 = Release|Any CPU
		{6CFD8273-42E5-4A42-B484-A52BCD00B8BB}.Release|iPhone.ActiveCfg = Release|Any CPU
		{6CFD8273-42E5-4A42-B484-A52BCD00B8BB}.Release|iPhone.Build.0 = Release|Any CPU
		{6CFD8273-42E5-4A42-B484-A52BCD00B8BB}.Release|iPhoneSimulator.ActiveCfg = Release|Any CPU
		{6CFD8273-42E5-4A42-B484-A52BCD00B8BB}.Release|iPhoneSimulator.Build.0 = Release|Any CPU
		{BA18EAD2-237D-41E6-A0BB-F7B8B6A0FCF1}.Debug|Any CPU.ActiveCfg = Debug|Any CPU
		{BA18EAD2-237D-41E6-A0BB-F7B8B6A0FCF1}.Debug|Any CPU.Build.0 = Debug|Any CPU
		{BA18EAD2-237D-41E6-A0BB-F7B8B6A0FCF1}.Debug|Any CPU.Deploy.0 = Debug|Any CPU
		{BA18EAD2-237D-41E6-A0BB-F7B8B6A0FCF1}.Debug|iPhone.ActiveCfg = Debug|Any CPU
		{BA18EAD2-237D-41E6-A0BB-F7B8B6A0FCF1}.Debug|iPhone.Build.0 = Debug|Any CPU
		{BA18EAD2-237D-41E6-A0BB-F7B8B6A0FCF1}.Debug|iPhoneSimulator.ActiveCfg = Debug|Any CPU
		{BA18EAD2-237D-41E6-A0BB-F7B8B6A0FCF1}.Debug|iPhoneSimulator.Build.0 = Debug|Any CPU
		{BA18EAD2-237D-41E6-A0BB-F7B8B6A0FCF1}.Release|Any CPU.ActiveCfg = Release|Any CPU
		{BA18EAD2-237D-41E6-A0BB-F7B8B6A0FCF1}.Release|Any CPU.Build.0 = Release|Any CPU
		{BA18EAD2-237D-41E6-A0BB-F7B8B6A0FCF1}.Release|iPhone.ActiveCfg = Release|Any CPU
		{BA18EAD2-237D-41E6-A0BB-F7B8B6A0FCF1}.Release|iPhone.Build.0 = Release|Any CPU
		{BA18EAD2-237D-41E6-A0BB-F7B8B6A0FCF1}.Release|iPhoneSimulator.ActiveCfg = Release|Any CPU
		{BA18EAD2-237D-41E6-A0BB-F7B8B6A0FCF1}.Release|iPhoneSimulator.Build.0 = Release|Any CPU
		{17218000-63EA-46DC-880C-6A5A27C54D44}.Debug|Any CPU.ActiveCfg = Debug|Any CPU
		{17218000-63EA-46DC-880C-6A5A27C54D44}.Debug|Any CPU.Build.0 = Debug|Any CPU
		{17218000-63EA-46DC-880C-6A5A27C54D44}.Debug|Any CPU.Deploy.0 = Debug|Any CPU
		{17218000-63EA-46DC-880C-6A5A27C54D44}.Debug|iPhone.ActiveCfg = Debug|Any CPU
		{17218000-63EA-46DC-880C-6A5A27C54D44}.Debug|iPhone.Build.0 = Debug|Any CPU
		{17218000-63EA-46DC-880C-6A5A27C54D44}.Debug|iPhoneSimulator.ActiveCfg = Debug|Any CPU
		{17218000-63EA-46DC-880C-6A5A27C54D44}.Debug|iPhoneSimulator.Build.0 = Debug|Any CPU
		{17218000-63EA-46DC-880C-6A5A27C54D44}.Release|Any CPU.ActiveCfg = Release|Any CPU
		{17218000-63EA-46DC-880C-6A5A27C54D44}.Release|Any CPU.Build.0 = Release|Any CPU
		{17218000-63EA-46DC-880C-6A5A27C54D44}.Release|iPhone.ActiveCfg = Release|Any CPU
		{17218000-63EA-46DC-880C-6A5A27C54D44}.Release|iPhone.Build.0 = Release|Any CPU
		{17218000-63EA-46DC-880C-6A5A27C54D44}.Release|iPhoneSimulator.ActiveCfg = Release|Any CPU
		{17218000-63EA-46DC-880C-6A5A27C54D44}.Release|iPhoneSimulator.Build.0 = Release|Any CPU
		{474645B2-E7B9-4A4C-8168-9DFEF2E12CD4}.Debug|Any CPU.ActiveCfg = Debug|Any CPU
		{474645B2-E7B9-4A4C-8168-9DFEF2E12CD4}.Debug|Any CPU.Build.0 = Debug|Any CPU
		{474645B2-E7B9-4A4C-8168-9DFEF2E12CD4}.Debug|Any CPU.Deploy.0 = Debug|Any CPU
		{474645B2-E7B9-4A4C-8168-9DFEF2E12CD4}.Debug|iPhone.ActiveCfg = Debug|Any CPU
		{474645B2-E7B9-4A4C-8168-9DFEF2E12CD4}.Debug|iPhone.Build.0 = Debug|Any CPU
		{474645B2-E7B9-4A4C-8168-9DFEF2E12CD4}.Debug|iPhoneSimulator.ActiveCfg = Debug|Any CPU
		{474645B2-E7B9-4A4C-8168-9DFEF2E12CD4}.Debug|iPhoneSimulator.Build.0 = Debug|Any CPU
		{474645B2-E7B9-4A4C-8168-9DFEF2E12CD4}.Release|Any CPU.ActiveCfg = Release|Any CPU
		{474645B2-E7B9-4A4C-8168-9DFEF2E12CD4}.Release|Any CPU.Build.0 = Release|Any CPU
		{474645B2-E7B9-4A4C-8168-9DFEF2E12CD4}.Release|iPhone.ActiveCfg = Release|Any CPU
		{474645B2-E7B9-4A4C-8168-9DFEF2E12CD4}.Release|iPhone.Build.0 = Release|Any CPU
		{474645B2-E7B9-4A4C-8168-9DFEF2E12CD4}.Release|iPhoneSimulator.ActiveCfg = Release|Any CPU
		{474645B2-E7B9-4A4C-8168-9DFEF2E12CD4}.Release|iPhoneSimulator.Build.0 = Release|Any CPU
		{D5667949-37EB-4343-A5F0-25B326892E40}.Debug|Any CPU.ActiveCfg = Debug|Any CPU
		{D5667949-37EB-4343-A5F0-25B326892E40}.Debug|Any CPU.Build.0 = Debug|Any CPU
		{D5667949-37EB-4343-A5F0-25B326892E40}.Debug|iPhone.ActiveCfg = Debug|Any CPU
		{D5667949-37EB-4343-A5F0-25B326892E40}.Debug|iPhone.Build.0 = Debug|Any CPU
		{D5667949-37EB-4343-A5F0-25B326892E40}.Debug|iPhoneSimulator.ActiveCfg = Debug|Any CPU
		{D5667949-37EB-4343-A5F0-25B326892E40}.Debug|iPhoneSimulator.Build.0 = Debug|Any CPU
		{D5667949-37EB-4343-A5F0-25B326892E40}.Release|Any CPU.ActiveCfg = Release|Any CPU
		{D5667949-37EB-4343-A5F0-25B326892E40}.Release|Any CPU.Build.0 = Release|Any CPU
		{D5667949-37EB-4343-A5F0-25B326892E40}.Release|iPhone.ActiveCfg = Release|Any CPU
		{D5667949-37EB-4343-A5F0-25B326892E40}.Release|iPhone.Build.0 = Release|Any CPU
		{D5667949-37EB-4343-A5F0-25B326892E40}.Release|iPhoneSimulator.ActiveCfg = Release|Any CPU
		{D5667949-37EB-4343-A5F0-25B326892E40}.Release|iPhoneSimulator.Build.0 = Release|Any CPU
		{DDCDB190-3E72-43AC-9BA3-47BFDE0EC1E6}.Debug|Any CPU.ActiveCfg = Debug|Any CPU
		{DDCDB190-3E72-43AC-9BA3-47BFDE0EC1E6}.Debug|iPhone.ActiveCfg = Debug|Any CPU
		{DDCDB190-3E72-43AC-9BA3-47BFDE0EC1E6}.Debug|iPhoneSimulator.ActiveCfg = Debug|Any CPU
		{DDCDB190-3E72-43AC-9BA3-47BFDE0EC1E6}.Release|Any CPU.ActiveCfg = Release|Any CPU
		{DDCDB190-3E72-43AC-9BA3-47BFDE0EC1E6}.Release|iPhone.ActiveCfg = Release|Any CPU
		{DDCDB190-3E72-43AC-9BA3-47BFDE0EC1E6}.Release|iPhoneSimulator.ActiveCfg = Release|Any CPU
		{A334AD7C-9AC0-49EF-A04C-B0DE9B4F344F}.Debug|Any CPU.ActiveCfg = Debug|Any CPU
		{A334AD7C-9AC0-49EF-A04C-B0DE9B4F344F}.Debug|Any CPU.Build.0 = Debug|Any CPU
		{A334AD7C-9AC0-49EF-A04C-B0DE9B4F344F}.Debug|Any CPU.Deploy.0 = Debug|Any CPU
		{A334AD7C-9AC0-49EF-A04C-B0DE9B4F344F}.Debug|iPhone.ActiveCfg = Debug|Any CPU
		{A334AD7C-9AC0-49EF-A04C-B0DE9B4F344F}.Debug|iPhone.Build.0 = Debug|Any CPU
		{A334AD7C-9AC0-49EF-A04C-B0DE9B4F344F}.Debug|iPhone.Deploy.0 = Debug|Any CPU
		{A334AD7C-9AC0-49EF-A04C-B0DE9B4F344F}.Debug|iPhoneSimulator.ActiveCfg = Debug|Any CPU
		{A334AD7C-9AC0-49EF-A04C-B0DE9B4F344F}.Debug|iPhoneSimulator.Build.0 = Debug|Any CPU
		{A334AD7C-9AC0-49EF-A04C-B0DE9B4F344F}.Debug|iPhoneSimulator.Deploy.0 = Debug|Any CPU
		{A334AD7C-9AC0-49EF-A04C-B0DE9B4F344F}.Release|Any CPU.ActiveCfg = Release|Any CPU
		{A334AD7C-9AC0-49EF-A04C-B0DE9B4F344F}.Release|Any CPU.Build.0 = Release|Any CPU
		{A334AD7C-9AC0-49EF-A04C-B0DE9B4F344F}.Release|Any CPU.Deploy.0 = Release|Any CPU
		{A334AD7C-9AC0-49EF-A04C-B0DE9B4F344F}.Release|iPhone.ActiveCfg = Release|Any CPU
		{A334AD7C-9AC0-49EF-A04C-B0DE9B4F344F}.Release|iPhone.Build.0 = Release|Any CPU
		{A334AD7C-9AC0-49EF-A04C-B0DE9B4F344F}.Release|iPhone.Deploy.0 = Release|Any CPU
		{A334AD7C-9AC0-49EF-A04C-B0DE9B4F344F}.Release|iPhoneSimulator.ActiveCfg = Release|Any CPU
		{A334AD7C-9AC0-49EF-A04C-B0DE9B4F344F}.Release|iPhoneSimulator.Build.0 = Release|Any CPU
		{A334AD7C-9AC0-49EF-A04C-B0DE9B4F344F}.Release|iPhoneSimulator.Deploy.0 = Release|Any CPU
		{7154A27E-CFA8-48D3-AD4B-29CBDF660056}.Debug|Any CPU.ActiveCfg = Debug|Any CPU
		{7154A27E-CFA8-48D3-AD4B-29CBDF660056}.Debug|Any CPU.Build.0 = Debug|Any CPU
		{7154A27E-CFA8-48D3-AD4B-29CBDF660056}.Debug|Any CPU.Deploy.0 = Debug|Any CPU
		{7154A27E-CFA8-48D3-AD4B-29CBDF660056}.Debug|iPhone.ActiveCfg = Debug|Any CPU
		{7154A27E-CFA8-48D3-AD4B-29CBDF660056}.Debug|iPhone.Build.0 = Debug|Any CPU
		{7154A27E-CFA8-48D3-AD4B-29CBDF660056}.Debug|iPhone.Deploy.0 = Debug|Any CPU
		{7154A27E-CFA8-48D3-AD4B-29CBDF660056}.Debug|iPhoneSimulator.ActiveCfg = Debug|Any CPU
		{7154A27E-CFA8-48D3-AD4B-29CBDF660056}.Debug|iPhoneSimulator.Build.0 = Debug|Any CPU
		{7154A27E-CFA8-48D3-AD4B-29CBDF660056}.Debug|iPhoneSimulator.Deploy.0 = Debug|Any CPU
		{7154A27E-CFA8-48D3-AD4B-29CBDF660056}.Release|Any CPU.ActiveCfg = Release|Any CPU
		{7154A27E-CFA8-48D3-AD4B-29CBDF660056}.Release|Any CPU.Build.0 = Release|Any CPU
		{7154A27E-CFA8-48D3-AD4B-29CBDF660056}.Release|Any CPU.Deploy.0 = Release|Any CPU
		{7154A27E-CFA8-48D3-AD4B-29CBDF660056}.Release|iPhone.ActiveCfg = Release|Any CPU
		{7154A27E-CFA8-48D3-AD4B-29CBDF660056}.Release|iPhone.Build.0 = Release|Any CPU
		{7154A27E-CFA8-48D3-AD4B-29CBDF660056}.Release|iPhone.Deploy.0 = Release|Any CPU
		{7154A27E-CFA8-48D3-AD4B-29CBDF660056}.Release|iPhoneSimulator.ActiveCfg = Release|Any CPU
		{7154A27E-CFA8-48D3-AD4B-29CBDF660056}.Release|iPhoneSimulator.Build.0 = Release|Any CPU
		{7154A27E-CFA8-48D3-AD4B-29CBDF660056}.Release|iPhoneSimulator.Deploy.0 = Release|Any CPU
		{1E04F2D1-E4D9-4883-BDEC-305E8EE91DAD}.Debug|Any CPU.ActiveCfg = Debug|Any CPU
		{1E04F2D1-E4D9-4883-BDEC-305E8EE91DAD}.Debug|Any CPU.Build.0 = Debug|Any CPU
		{1E04F2D1-E4D9-4883-BDEC-305E8EE91DAD}.Debug|Any CPU.Deploy.0 = Debug|Any CPU
		{1E04F2D1-E4D9-4883-BDEC-305E8EE91DAD}.Debug|iPhone.ActiveCfg = Debug|Any CPU
		{1E04F2D1-E4D9-4883-BDEC-305E8EE91DAD}.Debug|iPhone.Build.0 = Debug|Any CPU
		{1E04F2D1-E4D9-4883-BDEC-305E8EE91DAD}.Debug|iPhone.Deploy.0 = Debug|Any CPU
		{1E04F2D1-E4D9-4883-BDEC-305E8EE91DAD}.Debug|iPhoneSimulator.ActiveCfg = Debug|Any CPU
		{1E04F2D1-E4D9-4883-BDEC-305E8EE91DAD}.Debug|iPhoneSimulator.Build.0 = Debug|Any CPU
		{1E04F2D1-E4D9-4883-BDEC-305E8EE91DAD}.Debug|iPhoneSimulator.Deploy.0 = Debug|Any CPU
		{1E04F2D1-E4D9-4883-BDEC-305E8EE91DAD}.Release|Any CPU.ActiveCfg = Release|Any CPU
		{1E04F2D1-E4D9-4883-BDEC-305E8EE91DAD}.Release|Any CPU.Build.0 = Release|Any CPU
		{1E04F2D1-E4D9-4883-BDEC-305E8EE91DAD}.Release|Any CPU.Deploy.0 = Release|Any CPU
		{1E04F2D1-E4D9-4883-BDEC-305E8EE91DAD}.Release|iPhone.ActiveCfg = Release|Any CPU
		{1E04F2D1-E4D9-4883-BDEC-305E8EE91DAD}.Release|iPhone.Build.0 = Release|Any CPU
		{1E04F2D1-E4D9-4883-BDEC-305E8EE91DAD}.Release|iPhone.Deploy.0 = Release|Any CPU
		{1E04F2D1-E4D9-4883-BDEC-305E8EE91DAD}.Release|iPhoneSimulator.ActiveCfg = Release|Any CPU
		{1E04F2D1-E4D9-4883-BDEC-305E8EE91DAD}.Release|iPhoneSimulator.Build.0 = Release|Any CPU
		{1E04F2D1-E4D9-4883-BDEC-305E8EE91DAD}.Release|iPhoneSimulator.Deploy.0 = Release|Any CPU
		{70E8C688-44A3-481B-A154-D0DE13ED62FC}.Debug|Any CPU.ActiveCfg = Debug|Any CPU
		{70E8C688-44A3-481B-A154-D0DE13ED62FC}.Debug|Any CPU.Build.0 = Debug|Any CPU
		{70E8C688-44A3-481B-A154-D0DE13ED62FC}.Debug|Any CPU.Deploy.0 = Debug|Any CPU
		{70E8C688-44A3-481B-A154-D0DE13ED62FC}.Debug|iPhone.ActiveCfg = Debug|Any CPU
		{70E8C688-44A3-481B-A154-D0DE13ED62FC}.Debug|iPhone.Build.0 = Debug|Any CPU
		{70E8C688-44A3-481B-A154-D0DE13ED62FC}.Debug|iPhone.Deploy.0 = Debug|Any CPU
		{70E8C688-44A3-481B-A154-D0DE13ED62FC}.Debug|iPhoneSimulator.ActiveCfg = Debug|Any CPU
		{70E8C688-44A3-481B-A154-D0DE13ED62FC}.Debug|iPhoneSimulator.Build.0 = Debug|Any CPU
		{70E8C688-44A3-481B-A154-D0DE13ED62FC}.Debug|iPhoneSimulator.Deploy.0 = Debug|Any CPU
		{70E8C688-44A3-481B-A154-D0DE13ED62FC}.Release|Any CPU.ActiveCfg = Release|Any CPU
		{70E8C688-44A3-481B-A154-D0DE13ED62FC}.Release|Any CPU.Build.0 = Release|Any CPU
		{70E8C688-44A3-481B-A154-D0DE13ED62FC}.Release|Any CPU.Deploy.0 = Release|Any CPU
		{70E8C688-44A3-481B-A154-D0DE13ED62FC}.Release|iPhone.ActiveCfg = Release|Any CPU
		{70E8C688-44A3-481B-A154-D0DE13ED62FC}.Release|iPhone.Build.0 = Release|Any CPU
		{70E8C688-44A3-481B-A154-D0DE13ED62FC}.Release|iPhone.Deploy.0 = Release|Any CPU
		{70E8C688-44A3-481B-A154-D0DE13ED62FC}.Release|iPhoneSimulator.ActiveCfg = Release|Any CPU
		{70E8C688-44A3-481B-A154-D0DE13ED62FC}.Release|iPhoneSimulator.Build.0 = Release|Any CPU
		{70E8C688-44A3-481B-A154-D0DE13ED62FC}.Release|iPhoneSimulator.Deploy.0 = Release|Any CPU
		{2AC9C692-6C18-4822-872F-096A93903F16}.Debug|Any CPU.ActiveCfg = Debug|Any CPU
		{2AC9C692-6C18-4822-872F-096A93903F16}.Debug|Any CPU.Build.0 = Debug|Any CPU
		{2AC9C692-6C18-4822-872F-096A93903F16}.Debug|Any CPU.Deploy.0 = Debug|Any CPU
		{2AC9C692-6C18-4822-872F-096A93903F16}.Debug|iPhone.ActiveCfg = Debug|Any CPU
		{2AC9C692-6C18-4822-872F-096A93903F16}.Debug|iPhone.Build.0 = Debug|Any CPU
		{2AC9C692-6C18-4822-872F-096A93903F16}.Debug|iPhone.Deploy.0 = Debug|Any CPU
		{2AC9C692-6C18-4822-872F-096A93903F16}.Debug|iPhoneSimulator.ActiveCfg = Debug|Any CPU
		{2AC9C692-6C18-4822-872F-096A93903F16}.Debug|iPhoneSimulator.Build.0 = Debug|Any CPU
		{2AC9C692-6C18-4822-872F-096A93903F16}.Debug|iPhoneSimulator.Deploy.0 = Debug|Any CPU
		{2AC9C692-6C18-4822-872F-096A93903F16}.Release|Any CPU.ActiveCfg = Release|Any CPU
		{2AC9C692-6C18-4822-872F-096A93903F16}.Release|Any CPU.Build.0 = Release|Any CPU
		{2AC9C692-6C18-4822-872F-096A93903F16}.Release|Any CPU.Deploy.0 = Release|Any CPU
		{2AC9C692-6C18-4822-872F-096A93903F16}.Release|iPhone.ActiveCfg = Release|Any CPU
		{2AC9C692-6C18-4822-872F-096A93903F16}.Release|iPhone.Build.0 = Release|Any CPU
		{2AC9C692-6C18-4822-872F-096A93903F16}.Release|iPhone.Deploy.0 = Release|Any CPU
		{2AC9C692-6C18-4822-872F-096A93903F16}.Release|iPhoneSimulator.ActiveCfg = Release|Any CPU
		{2AC9C692-6C18-4822-872F-096A93903F16}.Release|iPhoneSimulator.Build.0 = Release|Any CPU
		{2AC9C692-6C18-4822-872F-096A93903F16}.Release|iPhoneSimulator.Deploy.0 = Release|Any CPU
		{302BCD1A-81E0-438A-B86D-9BF2414F0AC8}.Debug|Any CPU.ActiveCfg = Debug|Any CPU
		{302BCD1A-81E0-438A-B86D-9BF2414F0AC8}.Debug|Any CPU.Build.0 = Debug|Any CPU
		{302BCD1A-81E0-438A-B86D-9BF2414F0AC8}.Debug|Any CPU.Deploy.0 = Debug|Any CPU
		{302BCD1A-81E0-438A-B86D-9BF2414F0AC8}.Debug|iPhone.ActiveCfg = Debug|Any CPU
		{302BCD1A-81E0-438A-B86D-9BF2414F0AC8}.Debug|iPhone.Build.0 = Debug|Any CPU
		{302BCD1A-81E0-438A-B86D-9BF2414F0AC8}.Debug|iPhone.Deploy.0 = Debug|Any CPU
		{302BCD1A-81E0-438A-B86D-9BF2414F0AC8}.Debug|iPhoneSimulator.ActiveCfg = Debug|Any CPU
		{302BCD1A-81E0-438A-B86D-9BF2414F0AC8}.Debug|iPhoneSimulator.Build.0 = Debug|Any CPU
		{302BCD1A-81E0-438A-B86D-9BF2414F0AC8}.Debug|iPhoneSimulator.Deploy.0 = Debug|Any CPU
		{302BCD1A-81E0-438A-B86D-9BF2414F0AC8}.Release|Any CPU.ActiveCfg = Release|Any CPU
		{302BCD1A-81E0-438A-B86D-9BF2414F0AC8}.Release|Any CPU.Build.0 = Release|Any CPU
		{302BCD1A-81E0-438A-B86D-9BF2414F0AC8}.Release|Any CPU.Deploy.0 = Release|Any CPU
		{302BCD1A-81E0-438A-B86D-9BF2414F0AC8}.Release|iPhone.ActiveCfg = Release|Any CPU
		{302BCD1A-81E0-438A-B86D-9BF2414F0AC8}.Release|iPhone.Build.0 = Release|Any CPU
		{302BCD1A-81E0-438A-B86D-9BF2414F0AC8}.Release|iPhone.Deploy.0 = Release|Any CPU
		{302BCD1A-81E0-438A-B86D-9BF2414F0AC8}.Release|iPhoneSimulator.ActiveCfg = Release|Any CPU
		{302BCD1A-81E0-438A-B86D-9BF2414F0AC8}.Release|iPhoneSimulator.Build.0 = Release|Any CPU
		{302BCD1A-81E0-438A-B86D-9BF2414F0AC8}.Release|iPhoneSimulator.Deploy.0 = Release|Any CPU
		{F427C120-8E35-42EE-B5DA-54DBA6B0A009}.Debug|Any CPU.ActiveCfg = Debug|Any CPU
		{F427C120-8E35-42EE-B5DA-54DBA6B0A009}.Debug|Any CPU.Build.0 = Debug|Any CPU
		{F427C120-8E35-42EE-B5DA-54DBA6B0A009}.Debug|Any CPU.Deploy.0 = Debug|Any CPU
		{F427C120-8E35-42EE-B5DA-54DBA6B0A009}.Debug|iPhone.ActiveCfg = Debug|Any CPU
		{F427C120-8E35-42EE-B5DA-54DBA6B0A009}.Debug|iPhone.Build.0 = Debug|Any CPU
		{F427C120-8E35-42EE-B5DA-54DBA6B0A009}.Debug|iPhone.Deploy.0 = Debug|Any CPU
		{F427C120-8E35-42EE-B5DA-54DBA6B0A009}.Debug|iPhoneSimulator.ActiveCfg = Debug|Any CPU
		{F427C120-8E35-42EE-B5DA-54DBA6B0A009}.Debug|iPhoneSimulator.Build.0 = Debug|Any CPU
		{F427C120-8E35-42EE-B5DA-54DBA6B0A009}.Debug|iPhoneSimulator.Deploy.0 = Debug|Any CPU
		{F427C120-8E35-42EE-B5DA-54DBA6B0A009}.Release|Any CPU.ActiveCfg = Release|Any CPU
		{F427C120-8E35-42EE-B5DA-54DBA6B0A009}.Release|Any CPU.Build.0 = Release|Any CPU
		{F427C120-8E35-42EE-B5DA-54DBA6B0A009}.Release|Any CPU.Deploy.0 = Release|Any CPU
		{F427C120-8E35-42EE-B5DA-54DBA6B0A009}.Release|iPhone.ActiveCfg = Release|Any CPU
		{F427C120-8E35-42EE-B5DA-54DBA6B0A009}.Release|iPhone.Build.0 = Release|Any CPU
		{F427C120-8E35-42EE-B5DA-54DBA6B0A009}.Release|iPhone.Deploy.0 = Release|Any CPU
		{F427C120-8E35-42EE-B5DA-54DBA6B0A009}.Release|iPhoneSimulator.ActiveCfg = Release|Any CPU
		{F427C120-8E35-42EE-B5DA-54DBA6B0A009}.Release|iPhoneSimulator.Build.0 = Release|Any CPU
		{F427C120-8E35-42EE-B5DA-54DBA6B0A009}.Release|iPhoneSimulator.Deploy.0 = Release|Any CPU
		{BD7146CE-33FF-40F2-B28B-B07CE6536628}.Debug|Any CPU.ActiveCfg = Debug|Any CPU
		{BD7146CE-33FF-40F2-B28B-B07CE6536628}.Debug|Any CPU.Build.0 = Debug|Any CPU
		{BD7146CE-33FF-40F2-B28B-B07CE6536628}.Debug|Any CPU.Deploy.0 = Debug|Any CPU
		{BD7146CE-33FF-40F2-B28B-B07CE6536628}.Debug|iPhone.ActiveCfg = Debug|Any CPU
		{BD7146CE-33FF-40F2-B28B-B07CE6536628}.Debug|iPhone.Build.0 = Debug|Any CPU
		{BD7146CE-33FF-40F2-B28B-B07CE6536628}.Debug|iPhone.Deploy.0 = Debug|Any CPU
		{BD7146CE-33FF-40F2-B28B-B07CE6536628}.Debug|iPhoneSimulator.ActiveCfg = Debug|Any CPU
		{BD7146CE-33FF-40F2-B28B-B07CE6536628}.Debug|iPhoneSimulator.Build.0 = Debug|Any CPU
		{BD7146CE-33FF-40F2-B28B-B07CE6536628}.Debug|iPhoneSimulator.Deploy.0 = Debug|Any CPU
		{BD7146CE-33FF-40F2-B28B-B07CE6536628}.Release|Any CPU.ActiveCfg = Release|Any CPU
		{BD7146CE-33FF-40F2-B28B-B07CE6536628}.Release|Any CPU.Build.0 = Release|Any CPU
		{BD7146CE-33FF-40F2-B28B-B07CE6536628}.Release|Any CPU.Deploy.0 = Release|Any CPU
		{BD7146CE-33FF-40F2-B28B-B07CE6536628}.Release|iPhone.ActiveCfg = Release|Any CPU
		{BD7146CE-33FF-40F2-B28B-B07CE6536628}.Release|iPhone.Build.0 = Release|Any CPU
		{BD7146CE-33FF-40F2-B28B-B07CE6536628}.Release|iPhone.Deploy.0 = Release|Any CPU
		{BD7146CE-33FF-40F2-B28B-B07CE6536628}.Release|iPhoneSimulator.ActiveCfg = Release|Any CPU
		{BD7146CE-33FF-40F2-B28B-B07CE6536628}.Release|iPhoneSimulator.Build.0 = Release|Any CPU
		{BD7146CE-33FF-40F2-B28B-B07CE6536628}.Release|iPhoneSimulator.Deploy.0 = Release|Any CPU
		{86578C3C-6BE1-4973-9D0C-424A18C7AFD3}.Debug|Any CPU.ActiveCfg = Debug|Any CPU
		{86578C3C-6BE1-4973-9D0C-424A18C7AFD3}.Debug|Any CPU.Build.0 = Debug|Any CPU
		{86578C3C-6BE1-4973-9D0C-424A18C7AFD3}.Debug|Any CPU.Deploy.0 = Debug|Any CPU
		{86578C3C-6BE1-4973-9D0C-424A18C7AFD3}.Debug|iPhone.ActiveCfg = Debug|Any CPU
		{86578C3C-6BE1-4973-9D0C-424A18C7AFD3}.Debug|iPhone.Build.0 = Debug|Any CPU
		{86578C3C-6BE1-4973-9D0C-424A18C7AFD3}.Debug|iPhone.Deploy.0 = Debug|Any CPU
		{86578C3C-6BE1-4973-9D0C-424A18C7AFD3}.Debug|iPhoneSimulator.ActiveCfg = Debug|Any CPU
		{86578C3C-6BE1-4973-9D0C-424A18C7AFD3}.Debug|iPhoneSimulator.Build.0 = Debug|Any CPU
		{86578C3C-6BE1-4973-9D0C-424A18C7AFD3}.Debug|iPhoneSimulator.Deploy.0 = Debug|Any CPU
		{86578C3C-6BE1-4973-9D0C-424A18C7AFD3}.Release|Any CPU.ActiveCfg = Release|Any CPU
		{86578C3C-6BE1-4973-9D0C-424A18C7AFD3}.Release|Any CPU.Build.0 = Release|Any CPU
		{86578C3C-6BE1-4973-9D0C-424A18C7AFD3}.Release|Any CPU.Deploy.0 = Release|Any CPU
		{86578C3C-6BE1-4973-9D0C-424A18C7AFD3}.Release|iPhone.ActiveCfg = Release|Any CPU
		{86578C3C-6BE1-4973-9D0C-424A18C7AFD3}.Release|iPhone.Build.0 = Release|Any CPU
		{86578C3C-6BE1-4973-9D0C-424A18C7AFD3}.Release|iPhone.Deploy.0 = Release|Any CPU
		{86578C3C-6BE1-4973-9D0C-424A18C7AFD3}.Release|iPhoneSimulator.ActiveCfg = Release|Any CPU
		{86578C3C-6BE1-4973-9D0C-424A18C7AFD3}.Release|iPhoneSimulator.Build.0 = Release|Any CPU
		{86578C3C-6BE1-4973-9D0C-424A18C7AFD3}.Release|iPhoneSimulator.Deploy.0 = Release|Any CPU
		{06BCE2E2-20D1-44EF-84C5-01A88FA57C47}.Debug|Any CPU.ActiveCfg = Debug|Any CPU
		{06BCE2E2-20D1-44EF-84C5-01A88FA57C47}.Debug|Any CPU.Build.0 = Debug|Any CPU
		{06BCE2E2-20D1-44EF-84C5-01A88FA57C47}.Debug|Any CPU.Deploy.0 = Debug|Any CPU
		{06BCE2E2-20D1-44EF-84C5-01A88FA57C47}.Debug|iPhone.ActiveCfg = Debug|Any CPU
		{06BCE2E2-20D1-44EF-84C5-01A88FA57C47}.Debug|iPhone.Build.0 = Debug|Any CPU
		{06BCE2E2-20D1-44EF-84C5-01A88FA57C47}.Debug|iPhone.Deploy.0 = Debug|Any CPU
		{06BCE2E2-20D1-44EF-84C5-01A88FA57C47}.Debug|iPhoneSimulator.ActiveCfg = Debug|Any CPU
		{06BCE2E2-20D1-44EF-84C5-01A88FA57C47}.Debug|iPhoneSimulator.Build.0 = Debug|Any CPU
		{06BCE2E2-20D1-44EF-84C5-01A88FA57C47}.Debug|iPhoneSimulator.Deploy.0 = Debug|Any CPU
		{06BCE2E2-20D1-44EF-84C5-01A88FA57C47}.Release|Any CPU.ActiveCfg = Release|Any CPU
		{06BCE2E2-20D1-44EF-84C5-01A88FA57C47}.Release|Any CPU.Build.0 = Release|Any CPU
		{06BCE2E2-20D1-44EF-84C5-01A88FA57C47}.Release|Any CPU.Deploy.0 = Release|Any CPU
		{06BCE2E2-20D1-44EF-84C5-01A88FA57C47}.Release|iPhone.ActiveCfg = Release|Any CPU
		{06BCE2E2-20D1-44EF-84C5-01A88FA57C47}.Release|iPhone.Build.0 = Release|Any CPU
		{06BCE2E2-20D1-44EF-84C5-01A88FA57C47}.Release|iPhone.Deploy.0 = Release|Any CPU
		{06BCE2E2-20D1-44EF-84C5-01A88FA57C47}.Release|iPhoneSimulator.ActiveCfg = Release|Any CPU
		{06BCE2E2-20D1-44EF-84C5-01A88FA57C47}.Release|iPhoneSimulator.Build.0 = Release|Any CPU
		{06BCE2E2-20D1-44EF-84C5-01A88FA57C47}.Release|iPhoneSimulator.Deploy.0 = Release|Any CPU
		{11EFDB48-F820-491E-9D97-EE59CB7704E4}.Debug|Any CPU.ActiveCfg = Debug|Any CPU
		{11EFDB48-F820-491E-9D97-EE59CB7704E4}.Debug|Any CPU.Build.0 = Debug|Any CPU
		{11EFDB48-F820-491E-9D97-EE59CB7704E4}.Debug|iPhone.ActiveCfg = Debug|Any CPU
		{11EFDB48-F820-491E-9D97-EE59CB7704E4}.Debug|iPhone.Build.0 = Debug|Any CPU
		{11EFDB48-F820-491E-9D97-EE59CB7704E4}.Debug|iPhoneSimulator.ActiveCfg = Debug|Any CPU
		{11EFDB48-F820-491E-9D97-EE59CB7704E4}.Debug|iPhoneSimulator.Build.0 = Debug|Any CPU
		{11EFDB48-F820-491E-9D97-EE59CB7704E4}.Release|Any CPU.ActiveCfg = Release|Any CPU
		{11EFDB48-F820-491E-9D97-EE59CB7704E4}.Release|Any CPU.Build.0 = Release|Any CPU
		{11EFDB48-F820-491E-9D97-EE59CB7704E4}.Release|iPhone.ActiveCfg = Release|Any CPU
		{11EFDB48-F820-491E-9D97-EE59CB7704E4}.Release|iPhone.Build.0 = Release|Any CPU
		{11EFDB48-F820-491E-9D97-EE59CB7704E4}.Release|iPhoneSimulator.ActiveCfg = Release|Any CPU
		{11EFDB48-F820-491E-9D97-EE59CB7704E4}.Release|iPhoneSimulator.Build.0 = Release|Any CPU
	EndGlobalSection
	GlobalSection(SolutionProperties) = preSolution
		HideSolutionNode = FALSE
	EndGlobalSection
	GlobalSection(NestedProjects) = preSolution
		{D5667949-37EB-4343-A5F0-25B326892E40} = {9A8C24C0-1F22-47D8-9ECC-3B75898F544A}
		{DDCDB190-3E72-43AC-9BA3-47BFDE0EC1E6} = {9A8C24C0-1F22-47D8-9ECC-3B75898F544A}
		{A334AD7C-9AC0-49EF-A04C-B0DE9B4F344F} = {9A8C24C0-1F22-47D8-9ECC-3B75898F544A}
		{2AC9C692-6C18-4822-872F-096A93903F16} = {34507749-F29B-40B9-B3C1-C83DCB3C63B4}
		{302BCD1A-81E0-438A-B86D-9BF2414F0AC8} = {5C213718-6AF1-45A0-894F-88679F056871}
		{F427C120-8E35-42EE-B5DA-54DBA6B0A009} = {5C213718-6AF1-45A0-894F-88679F056871}
		{BD7146CE-33FF-40F2-B28B-B07CE6536628} = {5C213718-6AF1-45A0-894F-88679F056871}
		{86578C3C-6BE1-4973-9D0C-424A18C7AFD3} = {5C213718-6AF1-45A0-894F-88679F056871}
		{06BCE2E2-20D1-44EF-84C5-01A88FA57C47} = {5C213718-6AF1-45A0-894F-88679F056871}
		{11EFDB48-F820-491E-9D97-EE59CB7704E4} = {B8D6D826-AE9E-4BF6-9E13-0A30F6A51D6F}
	EndGlobalSection
	GlobalSection(ExtensibilityGlobals) = postSolution
		SolutionGuid = {859892DE-B9E3-452B-AC48-ED046B61B4B7}
		        SolutionGuid = {9105841E-2E41-4992-AC47-1AB23EF8DC57}
	EndGlobalSection
	GlobalSection(SharedMSBuildProjectFiles) = preSolution
		ConnectedPlant\SharedPlantSample\PlantWing.Shared.projitems*{d5667949-37eb-4343-a5f0-25b326892e40}*SharedItemsImports = 5
		ConnectedPlant\SharedPlantSample\PlantWing.Shared.projitems*{ddcdb190-3e72-43ac-9ba3-47bfde0ec1e6}*SharedItemsImports = 13
	EndGlobalSection
EndGlobal
