
Microsoft Visual Studio Solution File, Format Version 12.00
# Visual Studio Version 17
VisualStudioVersion = 17.1.32228.430
MinimumVisualStudioVersion = 10.0.40219.1
Project("{9A19103F-16F7-4668-BE54-9A1E7A4F7556}") = "RemoteTank", "RemoteTank\RemoteTank.csproj", "{11A4CA21-A342-42AA-BD79-E6790262F7C2}"
EndProject
Project("{9A19103F-16F7-4668-BE54-9A1E7A4F7556}") = "RobotArm", "RobotArm\RobotArm.csproj", "{6CFD8273-42E5-4A42-B484-A52BCD00B8BB}"
EndProject
Project("{9A19103F-16F7-4668-BE54-9A1E7A4F7556}") = "TunePlayer", "TunePlayer\TunePlayer.csproj", "{BA18EAD2-237D-41E6-A0BB-F7B8B6A0FCF1}"
EndProject
Project("{9A19103F-16F7-4668-BE54-9A1E7A4F7556}") = "Tests.I2cSpiAnalogTemperature_Sample", "Tests.I2cSpiAnalogTemperature_Sample\Tests.I2cSpiAnalogTemperature_Sample.csproj", "{17218000-63EA-46DC-880C-6A5A27C54D44}"
EndProject
Project("{2150E333-8FDC-42A3-9474-1A3956D46DE8}") = "ConnectedPlant", "ConnectedPlant", "{9A8C24C0-1F22-47D8-9ECC-3B75898F544A}"
EndProject
Project("{9A19103F-16F7-4668-BE54-9A1E7A4F7556}") = "PlantWing.Meadow", "ConnectedPlant\PlantHost\PlantWing.Meadow.csproj", "{AA33DD42-2A79-487E-B48C-6FE533559D4D}"
EndProject
Project("{9A19103F-16F7-4668-BE54-9A1E7A4F7556}") = "HelloLed", "HelloLed\HelloLed.csproj", "{474645B2-E7B9-4A4C-8168-9DFEF2E12CD4}"
EndProject
Project("{FAE04EC0-301F-11D3-BF4B-00C04F79EFBC}") = "PlantWing.App.Android", "ConnectedPlant\PlantWing.App\PlantWing.App.Android\PlantWing.App.Android.csproj", "{75FD7E4A-F737-4761-BBD8-914E6CAF093A}"
EndProject
Project("{FAE04EC0-301F-11D3-BF4B-00C04F79EFBC}") = "PlantWing.App.iOS", "ConnectedPlant\PlantWing.App\PlantWing.App.iOS\PlantWing.App.iOS.csproj", "{DF6A5DB2-4908-48A8-8FC6-FB5F47CA4042}"
EndProject
Project("{9A19103F-16F7-4668-BE54-9A1E7A4F7556}") = "PlantWing.App", "ConnectedPlant\PlantWing.App\PlantWing.App\PlantWing.App.csproj", "{D5667949-37EB-4343-A5F0-25B326892E40}"
EndProject
Project("{D954291E-2A0B-460D-934E-DC6B0785DB48}") = "PlantWing.Shared", "ConnectedPlant\PlantWing.Shared\PlantWing.Shared.shproj", "{DDCDB190-3E72-43AC-9BA3-47BFDE0EC1E6}"
EndProject
Project("{9A19103F-16F7-4668-BE54-9A1E7A4F7556}") = "PlantWing.Server", "ConnectedPlant\PlantWing.Server\PlantWing.Server.csproj", "{BC9A23FF-B6BF-44BE-AFE8-A4CD1737212F}"
EndProject
Project("{9A19103F-16F7-4668-BE54-9A1E7A4F7556}") = "Leds.Led_Sample", "Leds.Led_Sample\Leds.Led_Sample.csproj", "{353C2F61-6D69-4A7B-BB72-20D8676A90C6}"
EndProject
Project("{9A19103F-16F7-4668-BE54-9A1E7A4F7556}") = "Leds.PwmLed_Sample", "Leds.PwmLed_Sample\Leds.PwmLed_Sample.csproj", "{A3F4F365-8087-49D4-89BC-6A2CE15B0E54}"
EndProject
Project("{9A19103F-16F7-4668-BE54-9A1E7A4F7556}") = "Sensors.Buttons.PushButton_Sample", "Sensors.Buttons.PushButton_Sample\Sensors.Buttons.PushButton_Sample.csproj", "{92E4492A-891F-4E9C-BBA1-2D69D902583D}"
EndProject
Project("{2150E333-8FDC-42A3-9474-1A3956D46DE8}") = "Tests", "Tests", "{D96747C9-C73A-453B-B178-5460FDA95BAA}"
EndProject
Global
	GlobalSection(SharedMSBuildProjectFiles) = preSolution
		ConnectedPlant\PlantWing.Shared\PlantWing.Shared.projitems*{bc9a23ff-b6bf-44be-afe8-a4cd1737212f}*SharedItemsImports = 5
		ConnectedPlant\PlantWing.Shared\PlantWing.Shared.projitems*{d5667949-37eb-4343-a5f0-25b326892e40}*SharedItemsImports = 5
		ConnectedPlant\PlantWing.Shared\PlantWing.Shared.projitems*{ddcdb190-3e72-43ac-9ba3-47bfde0ec1e6}*SharedItemsImports = 13
	EndGlobalSection
	GlobalSection(SolutionConfigurationPlatforms) = preSolution
		Debug|Any CPU = Debug|Any CPU
		Debug|ARM = Debug|ARM
		Debug|iPhone = Debug|iPhone
		Debug|iPhoneSimulator = Debug|iPhoneSimulator
		Debug|x64 = Debug|x64
		Debug|x86 = Debug|x86
		Release|Any CPU = Release|Any CPU
		Release|ARM = Release|ARM
		Release|iPhone = Release|iPhone
		Release|iPhoneSimulator = Release|iPhoneSimulator
		Release|x64 = Release|x64
		Release|x86 = Release|x86
	EndGlobalSection
	GlobalSection(ProjectConfigurationPlatforms) = postSolution
		{11A4CA21-A342-42AA-BD79-E6790262F7C2}.Debug|Any CPU.ActiveCfg = Debug|Any CPU
		{11A4CA21-A342-42AA-BD79-E6790262F7C2}.Debug|Any CPU.Build.0 = Debug|Any CPU
		{11A4CA21-A342-42AA-BD79-E6790262F7C2}.Debug|Any CPU.Deploy.0 = Debug|Any CPU
		{11A4CA21-A342-42AA-BD79-E6790262F7C2}.Debug|ARM.ActiveCfg = Debug|Any CPU
		{11A4CA21-A342-42AA-BD79-E6790262F7C2}.Debug|ARM.Build.0 = Debug|Any CPU
		{11A4CA21-A342-42AA-BD79-E6790262F7C2}.Debug|ARM.Deploy.0 = Debug|Any CPU
		{11A4CA21-A342-42AA-BD79-E6790262F7C2}.Debug|iPhone.ActiveCfg = Debug|Any CPU
		{11A4CA21-A342-42AA-BD79-E6790262F7C2}.Debug|iPhone.Build.0 = Debug|Any CPU
		{11A4CA21-A342-42AA-BD79-E6790262F7C2}.Debug|iPhone.Deploy.0 = Debug|Any CPU
		{11A4CA21-A342-42AA-BD79-E6790262F7C2}.Debug|iPhoneSimulator.ActiveCfg = Debug|Any CPU
		{11A4CA21-A342-42AA-BD79-E6790262F7C2}.Debug|iPhoneSimulator.Build.0 = Debug|Any CPU
		{11A4CA21-A342-42AA-BD79-E6790262F7C2}.Debug|iPhoneSimulator.Deploy.0 = Debug|Any CPU
		{11A4CA21-A342-42AA-BD79-E6790262F7C2}.Debug|x64.ActiveCfg = Debug|Any CPU
		{11A4CA21-A342-42AA-BD79-E6790262F7C2}.Debug|x64.Build.0 = Debug|Any CPU
		{11A4CA21-A342-42AA-BD79-E6790262F7C2}.Debug|x64.Deploy.0 = Debug|Any CPU
		{11A4CA21-A342-42AA-BD79-E6790262F7C2}.Debug|x86.ActiveCfg = Debug|Any CPU
		{11A4CA21-A342-42AA-BD79-E6790262F7C2}.Debug|x86.Build.0 = Debug|Any CPU
		{11A4CA21-A342-42AA-BD79-E6790262F7C2}.Debug|x86.Deploy.0 = Debug|Any CPU
		{11A4CA21-A342-42AA-BD79-E6790262F7C2}.Release|Any CPU.ActiveCfg = Release|Any CPU
		{11A4CA21-A342-42AA-BD79-E6790262F7C2}.Release|Any CPU.Build.0 = Release|Any CPU
		{11A4CA21-A342-42AA-BD79-E6790262F7C2}.Release|Any CPU.Deploy.0 = Release|Any CPU
		{11A4CA21-A342-42AA-BD79-E6790262F7C2}.Release|ARM.ActiveCfg = Release|Any CPU
		{11A4CA21-A342-42AA-BD79-E6790262F7C2}.Release|ARM.Build.0 = Release|Any CPU
		{11A4CA21-A342-42AA-BD79-E6790262F7C2}.Release|ARM.Deploy.0 = Release|Any CPU
		{11A4CA21-A342-42AA-BD79-E6790262F7C2}.Release|iPhone.ActiveCfg = Release|Any CPU
		{11A4CA21-A342-42AA-BD79-E6790262F7C2}.Release|iPhone.Build.0 = Release|Any CPU
		{11A4CA21-A342-42AA-BD79-E6790262F7C2}.Release|iPhone.Deploy.0 = Release|Any CPU
		{11A4CA21-A342-42AA-BD79-E6790262F7C2}.Release|iPhoneSimulator.ActiveCfg = Release|Any CPU
		{11A4CA21-A342-42AA-BD79-E6790262F7C2}.Release|iPhoneSimulator.Build.0 = Release|Any CPU
		{11A4CA21-A342-42AA-BD79-E6790262F7C2}.Release|iPhoneSimulator.Deploy.0 = Release|Any CPU
		{11A4CA21-A342-42AA-BD79-E6790262F7C2}.Release|x64.ActiveCfg = Release|Any CPU
		{11A4CA21-A342-42AA-BD79-E6790262F7C2}.Release|x64.Build.0 = Release|Any CPU
		{11A4CA21-A342-42AA-BD79-E6790262F7C2}.Release|x64.Deploy.0 = Release|Any CPU
		{11A4CA21-A342-42AA-BD79-E6790262F7C2}.Release|x86.ActiveCfg = Release|Any CPU
		{11A4CA21-A342-42AA-BD79-E6790262F7C2}.Release|x86.Build.0 = Release|Any CPU
		{11A4CA21-A342-42AA-BD79-E6790262F7C2}.Release|x86.Deploy.0 = Release|Any CPU
		{6CFD8273-42E5-4A42-B484-A52BCD00B8BB}.Debug|Any CPU.ActiveCfg = Debug|Any CPU
		{6CFD8273-42E5-4A42-B484-A52BCD00B8BB}.Debug|Any CPU.Build.0 = Debug|Any CPU
		{6CFD8273-42E5-4A42-B484-A52BCD00B8BB}.Debug|Any CPU.Deploy.0 = Debug|Any CPU
		{6CFD8273-42E5-4A42-B484-A52BCD00B8BB}.Debug|ARM.ActiveCfg = Debug|Any CPU
		{6CFD8273-42E5-4A42-B484-A52BCD00B8BB}.Debug|ARM.Build.0 = Debug|Any CPU
		{6CFD8273-42E5-4A42-B484-A52BCD00B8BB}.Debug|ARM.Deploy.0 = Debug|Any CPU
		{6CFD8273-42E5-4A42-B484-A52BCD00B8BB}.Debug|iPhone.ActiveCfg = Debug|Any CPU
		{6CFD8273-42E5-4A42-B484-A52BCD00B8BB}.Debug|iPhone.Build.0 = Debug|Any CPU
		{6CFD8273-42E5-4A42-B484-A52BCD00B8BB}.Debug|iPhone.Deploy.0 = Debug|Any CPU
		{6CFD8273-42E5-4A42-B484-A52BCD00B8BB}.Debug|iPhoneSimulator.ActiveCfg = Debug|Any CPU
		{6CFD8273-42E5-4A42-B484-A52BCD00B8BB}.Debug|iPhoneSimulator.Build.0 = Debug|Any CPU
		{6CFD8273-42E5-4A42-B484-A52BCD00B8BB}.Debug|iPhoneSimulator.Deploy.0 = Debug|Any CPU
		{6CFD8273-42E5-4A42-B484-A52BCD00B8BB}.Debug|x64.ActiveCfg = Debug|Any CPU
		{6CFD8273-42E5-4A42-B484-A52BCD00B8BB}.Debug|x64.Build.0 = Debug|Any CPU
		{6CFD8273-42E5-4A42-B484-A52BCD00B8BB}.Debug|x64.Deploy.0 = Debug|Any CPU
		{6CFD8273-42E5-4A42-B484-A52BCD00B8BB}.Debug|x86.ActiveCfg = Debug|Any CPU
		{6CFD8273-42E5-4A42-B484-A52BCD00B8BB}.Debug|x86.Build.0 = Debug|Any CPU
		{6CFD8273-42E5-4A42-B484-A52BCD00B8BB}.Debug|x86.Deploy.0 = Debug|Any CPU
		{6CFD8273-42E5-4A42-B484-A52BCD00B8BB}.Release|Any CPU.ActiveCfg = Release|Any CPU
		{6CFD8273-42E5-4A42-B484-A52BCD00B8BB}.Release|Any CPU.Build.0 = Release|Any CPU
		{6CFD8273-42E5-4A42-B484-A52BCD00B8BB}.Release|Any CPU.Deploy.0 = Release|Any CPU
		{6CFD8273-42E5-4A42-B484-A52BCD00B8BB}.Release|ARM.ActiveCfg = Release|Any CPU
		{6CFD8273-42E5-4A42-B484-A52BCD00B8BB}.Release|ARM.Build.0 = Release|Any CPU
		{6CFD8273-42E5-4A42-B484-A52BCD00B8BB}.Release|ARM.Deploy.0 = Release|Any CPU
		{6CFD8273-42E5-4A42-B484-A52BCD00B8BB}.Release|iPhone.ActiveCfg = Release|Any CPU
		{6CFD8273-42E5-4A42-B484-A52BCD00B8BB}.Release|iPhone.Build.0 = Release|Any CPU
		{6CFD8273-42E5-4A42-B484-A52BCD00B8BB}.Release|iPhone.Deploy.0 = Release|Any CPU
		{6CFD8273-42E5-4A42-B484-A52BCD00B8BB}.Release|iPhoneSimulator.ActiveCfg = Release|Any CPU
		{6CFD8273-42E5-4A42-B484-A52BCD00B8BB}.Release|iPhoneSimulator.Build.0 = Release|Any CPU
		{6CFD8273-42E5-4A42-B484-A52BCD00B8BB}.Release|iPhoneSimulator.Deploy.0 = Release|Any CPU
		{6CFD8273-42E5-4A42-B484-A52BCD00B8BB}.Release|x64.ActiveCfg = Release|Any CPU
		{6CFD8273-42E5-4A42-B484-A52BCD00B8BB}.Release|x64.Build.0 = Release|Any CPU
		{6CFD8273-42E5-4A42-B484-A52BCD00B8BB}.Release|x64.Deploy.0 = Release|Any CPU
		{6CFD8273-42E5-4A42-B484-A52BCD00B8BB}.Release|x86.ActiveCfg = Release|Any CPU
		{6CFD8273-42E5-4A42-B484-A52BCD00B8BB}.Release|x86.Build.0 = Release|Any CPU
		{6CFD8273-42E5-4A42-B484-A52BCD00B8BB}.Release|x86.Deploy.0 = Release|Any CPU
		{BA18EAD2-237D-41E6-A0BB-F7B8B6A0FCF1}.Debug|Any CPU.ActiveCfg = Debug|Any CPU
		{BA18EAD2-237D-41E6-A0BB-F7B8B6A0FCF1}.Debug|Any CPU.Build.0 = Debug|Any CPU
		{BA18EAD2-237D-41E6-A0BB-F7B8B6A0FCF1}.Debug|Any CPU.Deploy.0 = Debug|Any CPU
		{BA18EAD2-237D-41E6-A0BB-F7B8B6A0FCF1}.Debug|ARM.ActiveCfg = Debug|Any CPU
		{BA18EAD2-237D-41E6-A0BB-F7B8B6A0FCF1}.Debug|ARM.Build.0 = Debug|Any CPU
		{BA18EAD2-237D-41E6-A0BB-F7B8B6A0FCF1}.Debug|ARM.Deploy.0 = Debug|Any CPU
		{BA18EAD2-237D-41E6-A0BB-F7B8B6A0FCF1}.Debug|iPhone.ActiveCfg = Debug|Any CPU
		{BA18EAD2-237D-41E6-A0BB-F7B8B6A0FCF1}.Debug|iPhone.Build.0 = Debug|Any CPU
		{BA18EAD2-237D-41E6-A0BB-F7B8B6A0FCF1}.Debug|iPhone.Deploy.0 = Debug|Any CPU
		{BA18EAD2-237D-41E6-A0BB-F7B8B6A0FCF1}.Debug|iPhoneSimulator.ActiveCfg = Debug|Any CPU
		{BA18EAD2-237D-41E6-A0BB-F7B8B6A0FCF1}.Debug|iPhoneSimulator.Build.0 = Debug|Any CPU
		{BA18EAD2-237D-41E6-A0BB-F7B8B6A0FCF1}.Debug|iPhoneSimulator.Deploy.0 = Debug|Any CPU
		{BA18EAD2-237D-41E6-A0BB-F7B8B6A0FCF1}.Debug|x64.ActiveCfg = Debug|Any CPU
		{BA18EAD2-237D-41E6-A0BB-F7B8B6A0FCF1}.Debug|x64.Build.0 = Debug|Any CPU
		{BA18EAD2-237D-41E6-A0BB-F7B8B6A0FCF1}.Debug|x64.Deploy.0 = Debug|Any CPU
		{BA18EAD2-237D-41E6-A0BB-F7B8B6A0FCF1}.Debug|x86.ActiveCfg = Debug|Any CPU
		{BA18EAD2-237D-41E6-A0BB-F7B8B6A0FCF1}.Debug|x86.Build.0 = Debug|Any CPU
		{BA18EAD2-237D-41E6-A0BB-F7B8B6A0FCF1}.Debug|x86.Deploy.0 = Debug|Any CPU
		{BA18EAD2-237D-41E6-A0BB-F7B8B6A0FCF1}.Release|Any CPU.ActiveCfg = Release|Any CPU
		{BA18EAD2-237D-41E6-A0BB-F7B8B6A0FCF1}.Release|Any CPU.Build.0 = Release|Any CPU
		{BA18EAD2-237D-41E6-A0BB-F7B8B6A0FCF1}.Release|Any CPU.Deploy.0 = Release|Any CPU
		{BA18EAD2-237D-41E6-A0BB-F7B8B6A0FCF1}.Release|ARM.ActiveCfg = Release|Any CPU
		{BA18EAD2-237D-41E6-A0BB-F7B8B6A0FCF1}.Release|ARM.Build.0 = Release|Any CPU
		{BA18EAD2-237D-41E6-A0BB-F7B8B6A0FCF1}.Release|ARM.Deploy.0 = Release|Any CPU
		{BA18EAD2-237D-41E6-A0BB-F7B8B6A0FCF1}.Release|iPhone.ActiveCfg = Release|Any CPU
		{BA18EAD2-237D-41E6-A0BB-F7B8B6A0FCF1}.Release|iPhone.Build.0 = Release|Any CPU
		{BA18EAD2-237D-41E6-A0BB-F7B8B6A0FCF1}.Release|iPhone.Deploy.0 = Release|Any CPU
		{BA18EAD2-237D-41E6-A0BB-F7B8B6A0FCF1}.Release|iPhoneSimulator.ActiveCfg = Release|Any CPU
		{BA18EAD2-237D-41E6-A0BB-F7B8B6A0FCF1}.Release|iPhoneSimulator.Build.0 = Release|Any CPU
		{BA18EAD2-237D-41E6-A0BB-F7B8B6A0FCF1}.Release|iPhoneSimulator.Deploy.0 = Release|Any CPU
		{BA18EAD2-237D-41E6-A0BB-F7B8B6A0FCF1}.Release|x64.ActiveCfg = Release|Any CPU
		{BA18EAD2-237D-41E6-A0BB-F7B8B6A0FCF1}.Release|x64.Build.0 = Release|Any CPU
		{BA18EAD2-237D-41E6-A0BB-F7B8B6A0FCF1}.Release|x64.Deploy.0 = Release|Any CPU
		{BA18EAD2-237D-41E6-A0BB-F7B8B6A0FCF1}.Release|x86.ActiveCfg = Release|Any CPU
		{BA18EAD2-237D-41E6-A0BB-F7B8B6A0FCF1}.Release|x86.Build.0 = Release|Any CPU
		{BA18EAD2-237D-41E6-A0BB-F7B8B6A0FCF1}.Release|x86.Deploy.0 = Release|Any CPU
		{17218000-63EA-46DC-880C-6A5A27C54D44}.Debug|Any CPU.ActiveCfg = Debug|Any CPU
		{17218000-63EA-46DC-880C-6A5A27C54D44}.Debug|Any CPU.Build.0 = Debug|Any CPU
		{17218000-63EA-46DC-880C-6A5A27C54D44}.Debug|Any CPU.Deploy.0 = Debug|Any CPU
		{17218000-63EA-46DC-880C-6A5A27C54D44}.Debug|ARM.ActiveCfg = Debug|Any CPU
		{17218000-63EA-46DC-880C-6A5A27C54D44}.Debug|ARM.Build.0 = Debug|Any CPU
		{17218000-63EA-46DC-880C-6A5A27C54D44}.Debug|ARM.Deploy.0 = Debug|Any CPU
		{17218000-63EA-46DC-880C-6A5A27C54D44}.Debug|iPhone.ActiveCfg = Debug|Any CPU
		{17218000-63EA-46DC-880C-6A5A27C54D44}.Debug|iPhone.Build.0 = Debug|Any CPU
		{17218000-63EA-46DC-880C-6A5A27C54D44}.Debug|iPhone.Deploy.0 = Debug|Any CPU
		{17218000-63EA-46DC-880C-6A5A27C54D44}.Debug|iPhoneSimulator.ActiveCfg = Debug|Any CPU
		{17218000-63EA-46DC-880C-6A5A27C54D44}.Debug|iPhoneSimulator.Build.0 = Debug|Any CPU
		{17218000-63EA-46DC-880C-6A5A27C54D44}.Debug|iPhoneSimulator.Deploy.0 = Debug|Any CPU
		{17218000-63EA-46DC-880C-6A5A27C54D44}.Debug|x64.ActiveCfg = Debug|Any CPU
		{17218000-63EA-46DC-880C-6A5A27C54D44}.Debug|x64.Build.0 = Debug|Any CPU
		{17218000-63EA-46DC-880C-6A5A27C54D44}.Debug|x64.Deploy.0 = Debug|Any CPU
		{17218000-63EA-46DC-880C-6A5A27C54D44}.Debug|x86.ActiveCfg = Debug|Any CPU
		{17218000-63EA-46DC-880C-6A5A27C54D44}.Debug|x86.Build.0 = Debug|Any CPU
		{17218000-63EA-46DC-880C-6A5A27C54D44}.Debug|x86.Deploy.0 = Debug|Any CPU
		{17218000-63EA-46DC-880C-6A5A27C54D44}.Release|Any CPU.ActiveCfg = Release|Any CPU
		{17218000-63EA-46DC-880C-6A5A27C54D44}.Release|Any CPU.Build.0 = Release|Any CPU
		{17218000-63EA-46DC-880C-6A5A27C54D44}.Release|Any CPU.Deploy.0 = Release|Any CPU
		{17218000-63EA-46DC-880C-6A5A27C54D44}.Release|ARM.ActiveCfg = Release|Any CPU
		{17218000-63EA-46DC-880C-6A5A27C54D44}.Release|ARM.Build.0 = Release|Any CPU
		{17218000-63EA-46DC-880C-6A5A27C54D44}.Release|ARM.Deploy.0 = Release|Any CPU
		{17218000-63EA-46DC-880C-6A5A27C54D44}.Release|iPhone.ActiveCfg = Release|Any CPU
		{17218000-63EA-46DC-880C-6A5A27C54D44}.Release|iPhone.Build.0 = Release|Any CPU
		{17218000-63EA-46DC-880C-6A5A27C54D44}.Release|iPhone.Deploy.0 = Release|Any CPU
		{17218000-63EA-46DC-880C-6A5A27C54D44}.Release|iPhoneSimulator.ActiveCfg = Release|Any CPU
		{17218000-63EA-46DC-880C-6A5A27C54D44}.Release|iPhoneSimulator.Build.0 = Release|Any CPU
		{17218000-63EA-46DC-880C-6A5A27C54D44}.Release|iPhoneSimulator.Deploy.0 = Release|Any CPU
		{17218000-63EA-46DC-880C-6A5A27C54D44}.Release|x64.ActiveCfg = Release|Any CPU
		{17218000-63EA-46DC-880C-6A5A27C54D44}.Release|x64.Build.0 = Release|Any CPU
		{17218000-63EA-46DC-880C-6A5A27C54D44}.Release|x64.Deploy.0 = Release|Any CPU
		{17218000-63EA-46DC-880C-6A5A27C54D44}.Release|x86.ActiveCfg = Release|Any CPU
		{17218000-63EA-46DC-880C-6A5A27C54D44}.Release|x86.Build.0 = Release|Any CPU
		{17218000-63EA-46DC-880C-6A5A27C54D44}.Release|x86.Deploy.0 = Release|Any CPU
		{AA33DD42-2A79-487E-B48C-6FE533559D4D}.Debug|Any CPU.ActiveCfg = Debug|Any CPU
		{AA33DD42-2A79-487E-B48C-6FE533559D4D}.Debug|Any CPU.Build.0 = Debug|Any CPU
		{AA33DD42-2A79-487E-B48C-6FE533559D4D}.Debug|Any CPU.Deploy.0 = Debug|Any CPU
		{AA33DD42-2A79-487E-B48C-6FE533559D4D}.Debug|ARM.ActiveCfg = Debug|Any CPU
		{AA33DD42-2A79-487E-B48C-6FE533559D4D}.Debug|ARM.Build.0 = Debug|Any CPU
		{AA33DD42-2A79-487E-B48C-6FE533559D4D}.Debug|ARM.Deploy.0 = Debug|Any CPU
		{AA33DD42-2A79-487E-B48C-6FE533559D4D}.Debug|iPhone.ActiveCfg = Debug|Any CPU
		{AA33DD42-2A79-487E-B48C-6FE533559D4D}.Debug|iPhone.Build.0 = Debug|Any CPU
		{AA33DD42-2A79-487E-B48C-6FE533559D4D}.Debug|iPhone.Deploy.0 = Debug|Any CPU
		{AA33DD42-2A79-487E-B48C-6FE533559D4D}.Debug|iPhoneSimulator.ActiveCfg = Debug|Any CPU
		{AA33DD42-2A79-487E-B48C-6FE533559D4D}.Debug|iPhoneSimulator.Build.0 = Debug|Any CPU
		{AA33DD42-2A79-487E-B48C-6FE533559D4D}.Debug|iPhoneSimulator.Deploy.0 = Debug|Any CPU
		{AA33DD42-2A79-487E-B48C-6FE533559D4D}.Debug|x64.ActiveCfg = Debug|Any CPU
		{AA33DD42-2A79-487E-B48C-6FE533559D4D}.Debug|x64.Build.0 = Debug|Any CPU
		{AA33DD42-2A79-487E-B48C-6FE533559D4D}.Debug|x64.Deploy.0 = Debug|Any CPU
		{AA33DD42-2A79-487E-B48C-6FE533559D4D}.Debug|x86.ActiveCfg = Debug|Any CPU
		{AA33DD42-2A79-487E-B48C-6FE533559D4D}.Debug|x86.Build.0 = Debug|Any CPU
		{AA33DD42-2A79-487E-B48C-6FE533559D4D}.Debug|x86.Deploy.0 = Debug|Any CPU
		{AA33DD42-2A79-487E-B48C-6FE533559D4D}.Release|Any CPU.ActiveCfg = Release|Any CPU
		{AA33DD42-2A79-487E-B48C-6FE533559D4D}.Release|Any CPU.Build.0 = Release|Any CPU
		{AA33DD42-2A79-487E-B48C-6FE533559D4D}.Release|Any CPU.Deploy.0 = Release|Any CPU
		{AA33DD42-2A79-487E-B48C-6FE533559D4D}.Release|ARM.ActiveCfg = Release|Any CPU
		{AA33DD42-2A79-487E-B48C-6FE533559D4D}.Release|ARM.Build.0 = Release|Any CPU
		{AA33DD42-2A79-487E-B48C-6FE533559D4D}.Release|ARM.Deploy.0 = Release|Any CPU
		{AA33DD42-2A79-487E-B48C-6FE533559D4D}.Release|iPhone.ActiveCfg = Release|Any CPU
		{AA33DD42-2A79-487E-B48C-6FE533559D4D}.Release|iPhone.Build.0 = Release|Any CPU
		{AA33DD42-2A79-487E-B48C-6FE533559D4D}.Release|iPhone.Deploy.0 = Release|Any CPU
		{AA33DD42-2A79-487E-B48C-6FE533559D4D}.Release|iPhoneSimulator.ActiveCfg = Release|Any CPU
		{AA33DD42-2A79-487E-B48C-6FE533559D4D}.Release|iPhoneSimulator.Build.0 = Release|Any CPU
		{AA33DD42-2A79-487E-B48C-6FE533559D4D}.Release|iPhoneSimulator.Deploy.0 = Release|Any CPU
		{AA33DD42-2A79-487E-B48C-6FE533559D4D}.Release|x64.ActiveCfg = Release|Any CPU
		{AA33DD42-2A79-487E-B48C-6FE533559D4D}.Release|x64.Build.0 = Release|Any CPU
		{AA33DD42-2A79-487E-B48C-6FE533559D4D}.Release|x64.Deploy.0 = Release|Any CPU
		{AA33DD42-2A79-487E-B48C-6FE533559D4D}.Release|x86.ActiveCfg = Release|Any CPU
		{AA33DD42-2A79-487E-B48C-6FE533559D4D}.Release|x86.Build.0 = Release|Any CPU
		{AA33DD42-2A79-487E-B48C-6FE533559D4D}.Release|x86.Deploy.0 = Release|Any CPU
		{474645B2-E7B9-4A4C-8168-9DFEF2E12CD4}.Debug|Any CPU.ActiveCfg = Debug|Any CPU
		{474645B2-E7B9-4A4C-8168-9DFEF2E12CD4}.Debug|Any CPU.Build.0 = Debug|Any CPU
		{474645B2-E7B9-4A4C-8168-9DFEF2E12CD4}.Debug|Any CPU.Deploy.0 = Debug|Any CPU
		{474645B2-E7B9-4A4C-8168-9DFEF2E12CD4}.Debug|ARM.ActiveCfg = Debug|Any CPU
		{474645B2-E7B9-4A4C-8168-9DFEF2E12CD4}.Debug|ARM.Build.0 = Debug|Any CPU
		{474645B2-E7B9-4A4C-8168-9DFEF2E12CD4}.Debug|ARM.Deploy.0 = Debug|Any CPU
		{474645B2-E7B9-4A4C-8168-9DFEF2E12CD4}.Debug|iPhone.ActiveCfg = Debug|Any CPU
		{474645B2-E7B9-4A4C-8168-9DFEF2E12CD4}.Debug|iPhone.Build.0 = Debug|Any CPU
		{474645B2-E7B9-4A4C-8168-9DFEF2E12CD4}.Debug|iPhone.Deploy.0 = Debug|Any CPU
		{474645B2-E7B9-4A4C-8168-9DFEF2E12CD4}.Debug|iPhoneSimulator.ActiveCfg = Debug|Any CPU
		{474645B2-E7B9-4A4C-8168-9DFEF2E12CD4}.Debug|iPhoneSimulator.Build.0 = Debug|Any CPU
		{474645B2-E7B9-4A4C-8168-9DFEF2E12CD4}.Debug|iPhoneSimulator.Deploy.0 = Debug|Any CPU
		{474645B2-E7B9-4A4C-8168-9DFEF2E12CD4}.Debug|x64.ActiveCfg = Debug|Any CPU
		{474645B2-E7B9-4A4C-8168-9DFEF2E12CD4}.Debug|x64.Build.0 = Debug|Any CPU
		{474645B2-E7B9-4A4C-8168-9DFEF2E12CD4}.Debug|x64.Deploy.0 = Debug|Any CPU
		{474645B2-E7B9-4A4C-8168-9DFEF2E12CD4}.Debug|x86.ActiveCfg = Debug|Any CPU
		{474645B2-E7B9-4A4C-8168-9DFEF2E12CD4}.Debug|x86.Build.0 = Debug|Any CPU
		{474645B2-E7B9-4A4C-8168-9DFEF2E12CD4}.Debug|x86.Deploy.0 = Debug|Any CPU
		{474645B2-E7B9-4A4C-8168-9DFEF2E12CD4}.Release|Any CPU.ActiveCfg = Release|Any CPU
		{474645B2-E7B9-4A4C-8168-9DFEF2E12CD4}.Release|Any CPU.Build.0 = Release|Any CPU
		{474645B2-E7B9-4A4C-8168-9DFEF2E12CD4}.Release|Any CPU.Deploy.0 = Release|Any CPU
		{474645B2-E7B9-4A4C-8168-9DFEF2E12CD4}.Release|ARM.ActiveCfg = Release|Any CPU
		{474645B2-E7B9-4A4C-8168-9DFEF2E12CD4}.Release|ARM.Build.0 = Release|Any CPU
		{474645B2-E7B9-4A4C-8168-9DFEF2E12CD4}.Release|ARM.Deploy.0 = Release|Any CPU
		{474645B2-E7B9-4A4C-8168-9DFEF2E12CD4}.Release|iPhone.ActiveCfg = Release|Any CPU
		{474645B2-E7B9-4A4C-8168-9DFEF2E12CD4}.Release|iPhone.Build.0 = Release|Any CPU
		{474645B2-E7B9-4A4C-8168-9DFEF2E12CD4}.Release|iPhone.Deploy.0 = Release|Any CPU
		{474645B2-E7B9-4A4C-8168-9DFEF2E12CD4}.Release|iPhoneSimulator.ActiveCfg = Release|Any CPU
		{474645B2-E7B9-4A4C-8168-9DFEF2E12CD4}.Release|iPhoneSimulator.Build.0 = Release|Any CPU
		{474645B2-E7B9-4A4C-8168-9DFEF2E12CD4}.Release|iPhoneSimulator.Deploy.0 = Release|Any CPU
		{474645B2-E7B9-4A4C-8168-9DFEF2E12CD4}.Release|x64.ActiveCfg = Release|Any CPU
		{474645B2-E7B9-4A4C-8168-9DFEF2E12CD4}.Release|x64.Build.0 = Release|Any CPU
		{474645B2-E7B9-4A4C-8168-9DFEF2E12CD4}.Release|x64.Deploy.0 = Release|Any CPU
		{474645B2-E7B9-4A4C-8168-9DFEF2E12CD4}.Release|x86.ActiveCfg = Release|Any CPU
		{474645B2-E7B9-4A4C-8168-9DFEF2E12CD4}.Release|x86.Build.0 = Release|Any CPU
		{474645B2-E7B9-4A4C-8168-9DFEF2E12CD4}.Release|x86.Deploy.0 = Release|Any CPU
		{75FD7E4A-F737-4761-BBD8-914E6CAF093A}.Debug|Any CPU.ActiveCfg = Debug|Any CPU
		{75FD7E4A-F737-4761-BBD8-914E6CAF093A}.Debug|Any CPU.Build.0 = Debug|Any CPU
		{75FD7E4A-F737-4761-BBD8-914E6CAF093A}.Debug|Any CPU.Deploy.0 = Debug|Any CPU
		{75FD7E4A-F737-4761-BBD8-914E6CAF093A}.Debug|ARM.ActiveCfg = Debug|Any CPU
		{75FD7E4A-F737-4761-BBD8-914E6CAF093A}.Debug|ARM.Build.0 = Debug|Any CPU
		{75FD7E4A-F737-4761-BBD8-914E6CAF093A}.Debug|ARM.Deploy.0 = Debug|Any CPU
		{75FD7E4A-F737-4761-BBD8-914E6CAF093A}.Debug|iPhone.ActiveCfg = Debug|Any CPU
		{75FD7E4A-F737-4761-BBD8-914E6CAF093A}.Debug|iPhone.Build.0 = Debug|Any CPU
		{75FD7E4A-F737-4761-BBD8-914E6CAF093A}.Debug|iPhone.Deploy.0 = Debug|Any CPU
		{75FD7E4A-F737-4761-BBD8-914E6CAF093A}.Debug|iPhoneSimulator.ActiveCfg = Debug|Any CPU
		{75FD7E4A-F737-4761-BBD8-914E6CAF093A}.Debug|iPhoneSimulator.Build.0 = Debug|Any CPU
		{75FD7E4A-F737-4761-BBD8-914E6CAF093A}.Debug|iPhoneSimulator.Deploy.0 = Debug|Any CPU
		{75FD7E4A-F737-4761-BBD8-914E6CAF093A}.Debug|x64.ActiveCfg = Debug|Any CPU
		{75FD7E4A-F737-4761-BBD8-914E6CAF093A}.Debug|x64.Build.0 = Debug|Any CPU
		{75FD7E4A-F737-4761-BBD8-914E6CAF093A}.Debug|x64.Deploy.0 = Debug|Any CPU
		{75FD7E4A-F737-4761-BBD8-914E6CAF093A}.Debug|x86.ActiveCfg = Debug|Any CPU
		{75FD7E4A-F737-4761-BBD8-914E6CAF093A}.Debug|x86.Build.0 = Debug|Any CPU
		{75FD7E4A-F737-4761-BBD8-914E6CAF093A}.Debug|x86.Deploy.0 = Debug|Any CPU
		{75FD7E4A-F737-4761-BBD8-914E6CAF093A}.Release|Any CPU.ActiveCfg = Release|Any CPU
		{75FD7E4A-F737-4761-BBD8-914E6CAF093A}.Release|Any CPU.Build.0 = Release|Any CPU
		{75FD7E4A-F737-4761-BBD8-914E6CAF093A}.Release|Any CPU.Deploy.0 = Release|Any CPU
		{75FD7E4A-F737-4761-BBD8-914E6CAF093A}.Release|ARM.ActiveCfg = Release|Any CPU
		{75FD7E4A-F737-4761-BBD8-914E6CAF093A}.Release|ARM.Build.0 = Release|Any CPU
		{75FD7E4A-F737-4761-BBD8-914E6CAF093A}.Release|ARM.Deploy.0 = Release|Any CPU
		{75FD7E4A-F737-4761-BBD8-914E6CAF093A}.Release|iPhone.ActiveCfg = Release|Any CPU
		{75FD7E4A-F737-4761-BBD8-914E6CAF093A}.Release|iPhone.Build.0 = Release|Any CPU
		{75FD7E4A-F737-4761-BBD8-914E6CAF093A}.Release|iPhone.Deploy.0 = Release|Any CPU
		{75FD7E4A-F737-4761-BBD8-914E6CAF093A}.Release|iPhoneSimulator.ActiveCfg = Release|Any CPU
		{75FD7E4A-F737-4761-BBD8-914E6CAF093A}.Release|iPhoneSimulator.Build.0 = Release|Any CPU
		{75FD7E4A-F737-4761-BBD8-914E6CAF093A}.Release|iPhoneSimulator.Deploy.0 = Release|Any CPU
		{75FD7E4A-F737-4761-BBD8-914E6CAF093A}.Release|x64.ActiveCfg = Release|Any CPU
		{75FD7E4A-F737-4761-BBD8-914E6CAF093A}.Release|x64.Build.0 = Release|Any CPU
		{75FD7E4A-F737-4761-BBD8-914E6CAF093A}.Release|x64.Deploy.0 = Release|Any CPU
		{75FD7E4A-F737-4761-BBD8-914E6CAF093A}.Release|x86.ActiveCfg = Release|Any CPU
		{75FD7E4A-F737-4761-BBD8-914E6CAF093A}.Release|x86.Build.0 = Release|Any CPU
		{75FD7E4A-F737-4761-BBD8-914E6CAF093A}.Release|x86.Deploy.0 = Release|Any CPU
		{DF6A5DB2-4908-48A8-8FC6-FB5F47CA4042}.Debug|Any CPU.ActiveCfg = Debug|iPhoneSimulator
		{DF6A5DB2-4908-48A8-8FC6-FB5F47CA4042}.Debug|ARM.ActiveCfg = Debug|iPhoneSimulator
		{DF6A5DB2-4908-48A8-8FC6-FB5F47CA4042}.Debug|iPhone.ActiveCfg = Debug|iPhone
		{DF6A5DB2-4908-48A8-8FC6-FB5F47CA4042}.Debug|iPhone.Build.0 = Debug|iPhone
		{DF6A5DB2-4908-48A8-8FC6-FB5F47CA4042}.Debug|iPhoneSimulator.ActiveCfg = Debug|iPhoneSimulator
		{DF6A5DB2-4908-48A8-8FC6-FB5F47CA4042}.Debug|iPhoneSimulator.Build.0 = Debug|iPhoneSimulator
		{DF6A5DB2-4908-48A8-8FC6-FB5F47CA4042}.Debug|x64.ActiveCfg = Debug|iPhoneSimulator
		{DF6A5DB2-4908-48A8-8FC6-FB5F47CA4042}.Debug|x86.ActiveCfg = Debug|iPhoneSimulator
		{DF6A5DB2-4908-48A8-8FC6-FB5F47CA4042}.Release|Any CPU.ActiveCfg = Release|iPhoneSimulator
		{DF6A5DB2-4908-48A8-8FC6-FB5F47CA4042}.Release|ARM.ActiveCfg = Release|iPhoneSimulator
		{DF6A5DB2-4908-48A8-8FC6-FB5F47CA4042}.Release|iPhone.ActiveCfg = Release|iPhone
		{DF6A5DB2-4908-48A8-8FC6-FB5F47CA4042}.Release|iPhone.Build.0 = Release|iPhone
		{DF6A5DB2-4908-48A8-8FC6-FB5F47CA4042}.Release|iPhoneSimulator.ActiveCfg = Release|iPhoneSimulator
		{DF6A5DB2-4908-48A8-8FC6-FB5F47CA4042}.Release|iPhoneSimulator.Build.0 = Release|iPhoneSimulator
		{DF6A5DB2-4908-48A8-8FC6-FB5F47CA4042}.Release|x64.ActiveCfg = Release|iPhoneSimulator
		{DF6A5DB2-4908-48A8-8FC6-FB5F47CA4042}.Release|x86.ActiveCfg = Release|iPhoneSimulator
		{D5667949-37EB-4343-A5F0-25B326892E40}.Debug|Any CPU.ActiveCfg = Debug|Any CPU
		{D5667949-37EB-4343-A5F0-25B326892E40}.Debug|Any CPU.Build.0 = Debug|Any CPU
		{D5667949-37EB-4343-A5F0-25B326892E40}.Debug|ARM.ActiveCfg = Debug|Any CPU
		{D5667949-37EB-4343-A5F0-25B326892E40}.Debug|ARM.Build.0 = Debug|Any CPU
		{D5667949-37EB-4343-A5F0-25B326892E40}.Debug|iPhone.ActiveCfg = Debug|Any CPU
		{D5667949-37EB-4343-A5F0-25B326892E40}.Debug|iPhone.Build.0 = Debug|Any CPU
		{D5667949-37EB-4343-A5F0-25B326892E40}.Debug|iPhoneSimulator.ActiveCfg = Debug|Any CPU
		{D5667949-37EB-4343-A5F0-25B326892E40}.Debug|iPhoneSimulator.Build.0 = Debug|Any CPU
		{D5667949-37EB-4343-A5F0-25B326892E40}.Debug|x64.ActiveCfg = Debug|Any CPU
		{D5667949-37EB-4343-A5F0-25B326892E40}.Debug|x64.Build.0 = Debug|Any CPU
		{D5667949-37EB-4343-A5F0-25B326892E40}.Debug|x86.ActiveCfg = Debug|Any CPU
		{D5667949-37EB-4343-A5F0-25B326892E40}.Debug|x86.Build.0 = Debug|Any CPU
		{D5667949-37EB-4343-A5F0-25B326892E40}.Release|Any CPU.ActiveCfg = Release|Any CPU
		{D5667949-37EB-4343-A5F0-25B326892E40}.Release|Any CPU.Build.0 = Release|Any CPU
		{D5667949-37EB-4343-A5F0-25B326892E40}.Release|ARM.ActiveCfg = Release|Any CPU
		{D5667949-37EB-4343-A5F0-25B326892E40}.Release|ARM.Build.0 = Release|Any CPU
		{D5667949-37EB-4343-A5F0-25B326892E40}.Release|iPhone.ActiveCfg = Release|Any CPU
		{D5667949-37EB-4343-A5F0-25B326892E40}.Release|iPhone.Build.0 = Release|Any CPU
		{D5667949-37EB-4343-A5F0-25B326892E40}.Release|iPhoneSimulator.ActiveCfg = Release|Any CPU
		{D5667949-37EB-4343-A5F0-25B326892E40}.Release|iPhoneSimulator.Build.0 = Release|Any CPU
		{D5667949-37EB-4343-A5F0-25B326892E40}.Release|x64.ActiveCfg = Release|Any CPU
		{D5667949-37EB-4343-A5F0-25B326892E40}.Release|x64.Build.0 = Release|Any CPU
		{D5667949-37EB-4343-A5F0-25B326892E40}.Release|x86.ActiveCfg = Release|Any CPU
		{D5667949-37EB-4343-A5F0-25B326892E40}.Release|x86.Build.0 = Release|Any CPU
		{BC9A23FF-B6BF-44BE-AFE8-A4CD1737212F}.Debug|Any CPU.ActiveCfg = Debug|Any CPU
		{BC9A23FF-B6BF-44BE-AFE8-A4CD1737212F}.Debug|Any CPU.Build.0 = Debug|Any CPU
		{BC9A23FF-B6BF-44BE-AFE8-A4CD1737212F}.Debug|ARM.ActiveCfg = Debug|Any CPU
		{BC9A23FF-B6BF-44BE-AFE8-A4CD1737212F}.Debug|ARM.Build.0 = Debug|Any CPU
		{BC9A23FF-B6BF-44BE-AFE8-A4CD1737212F}.Debug|iPhone.ActiveCfg = Debug|Any CPU
		{BC9A23FF-B6BF-44BE-AFE8-A4CD1737212F}.Debug|iPhone.Build.0 = Debug|Any CPU
		{BC9A23FF-B6BF-44BE-AFE8-A4CD1737212F}.Debug|iPhoneSimulator.ActiveCfg = Debug|Any CPU
		{BC9A23FF-B6BF-44BE-AFE8-A4CD1737212F}.Debug|iPhoneSimulator.Build.0 = Debug|Any CPU
		{BC9A23FF-B6BF-44BE-AFE8-A4CD1737212F}.Debug|x64.ActiveCfg = Debug|Any CPU
		{BC9A23FF-B6BF-44BE-AFE8-A4CD1737212F}.Debug|x64.Build.0 = Debug|Any CPU
		{BC9A23FF-B6BF-44BE-AFE8-A4CD1737212F}.Debug|x86.ActiveCfg = Debug|Any CPU
		{BC9A23FF-B6BF-44BE-AFE8-A4CD1737212F}.Debug|x86.Build.0 = Debug|Any CPU
		{BC9A23FF-B6BF-44BE-AFE8-A4CD1737212F}.Release|Any CPU.ActiveCfg = Release|Any CPU
		{BC9A23FF-B6BF-44BE-AFE8-A4CD1737212F}.Release|Any CPU.Build.0 = Release|Any CPU
		{BC9A23FF-B6BF-44BE-AFE8-A4CD1737212F}.Release|ARM.ActiveCfg = Release|Any CPU
		{BC9A23FF-B6BF-44BE-AFE8-A4CD1737212F}.Release|ARM.Build.0 = Release|Any CPU
		{BC9A23FF-B6BF-44BE-AFE8-A4CD1737212F}.Release|iPhone.ActiveCfg = Release|Any CPU
		{BC9A23FF-B6BF-44BE-AFE8-A4CD1737212F}.Release|iPhone.Build.0 = Release|Any CPU
		{BC9A23FF-B6BF-44BE-AFE8-A4CD1737212F}.Release|iPhoneSimulator.ActiveCfg = Release|Any CPU
		{BC9A23FF-B6BF-44BE-AFE8-A4CD1737212F}.Release|iPhoneSimulator.Build.0 = Release|Any CPU
		{BC9A23FF-B6BF-44BE-AFE8-A4CD1737212F}.Release|x64.ActiveCfg = Release|Any CPU
		{BC9A23FF-B6BF-44BE-AFE8-A4CD1737212F}.Release|x64.Build.0 = Release|Any CPU
		{BC9A23FF-B6BF-44BE-AFE8-A4CD1737212F}.Release|x86.ActiveCfg = Release|Any CPU
		{BC9A23FF-B6BF-44BE-AFE8-A4CD1737212F}.Release|x86.Build.0 = Release|Any CPU
		{353C2F61-6D69-4A7B-BB72-20D8676A90C6}.Debug|Any CPU.ActiveCfg = Debug|Any CPU
		{353C2F61-6D69-4A7B-BB72-20D8676A90C6}.Debug|Any CPU.Build.0 = Debug|Any CPU
		{353C2F61-6D69-4A7B-BB72-20D8676A90C6}.Debug|Any CPU.Deploy.0 = Debug|Any CPU
		{353C2F61-6D69-4A7B-BB72-20D8676A90C6}.Debug|ARM.ActiveCfg = Debug|Any CPU
		{353C2F61-6D69-4A7B-BB72-20D8676A90C6}.Debug|ARM.Build.0 = Debug|Any CPU
		{353C2F61-6D69-4A7B-BB72-20D8676A90C6}.Debug|ARM.Deploy.0 = Debug|Any CPU
		{353C2F61-6D69-4A7B-BB72-20D8676A90C6}.Debug|iPhone.ActiveCfg = Debug|Any CPU
		{353C2F61-6D69-4A7B-BB72-20D8676A90C6}.Debug|iPhone.Build.0 = Debug|Any CPU
		{353C2F61-6D69-4A7B-BB72-20D8676A90C6}.Debug|iPhone.Deploy.0 = Debug|Any CPU
		{353C2F61-6D69-4A7B-BB72-20D8676A90C6}.Debug|iPhoneSimulator.ActiveCfg = Debug|Any CPU
		{353C2F61-6D69-4A7B-BB72-20D8676A90C6}.Debug|iPhoneSimulator.Build.0 = Debug|Any CPU
		{353C2F61-6D69-4A7B-BB72-20D8676A90C6}.Debug|iPhoneSimulator.Deploy.0 = Debug|Any CPU
		{353C2F61-6D69-4A7B-BB72-20D8676A90C6}.Debug|x64.ActiveCfg = Debug|Any CPU
		{353C2F61-6D69-4A7B-BB72-20D8676A90C6}.Debug|x64.Build.0 = Debug|Any CPU
		{353C2F61-6D69-4A7B-BB72-20D8676A90C6}.Debug|x64.Deploy.0 = Debug|Any CPU
		{353C2F61-6D69-4A7B-BB72-20D8676A90C6}.Debug|x86.ActiveCfg = Debug|Any CPU
		{353C2F61-6D69-4A7B-BB72-20D8676A90C6}.Debug|x86.Build.0 = Debug|Any CPU
		{353C2F61-6D69-4A7B-BB72-20D8676A90C6}.Debug|x86.Deploy.0 = Debug|Any CPU
		{353C2F61-6D69-4A7B-BB72-20D8676A90C6}.Release|Any CPU.ActiveCfg = Release|Any CPU
		{353C2F61-6D69-4A7B-BB72-20D8676A90C6}.Release|Any CPU.Build.0 = Release|Any CPU
		{353C2F61-6D69-4A7B-BB72-20D8676A90C6}.Release|Any CPU.Deploy.0 = Release|Any CPU
		{353C2F61-6D69-4A7B-BB72-20D8676A90C6}.Release|ARM.ActiveCfg = Release|Any CPU
		{353C2F61-6D69-4A7B-BB72-20D8676A90C6}.Release|ARM.Build.0 = Release|Any CPU
		{353C2F61-6D69-4A7B-BB72-20D8676A90C6}.Release|ARM.Deploy.0 = Release|Any CPU
		{353C2F61-6D69-4A7B-BB72-20D8676A90C6}.Release|iPhone.ActiveCfg = Release|Any CPU
		{353C2F61-6D69-4A7B-BB72-20D8676A90C6}.Release|iPhone.Build.0 = Release|Any CPU
		{353C2F61-6D69-4A7B-BB72-20D8676A90C6}.Release|iPhone.Deploy.0 = Release|Any CPU
		{353C2F61-6D69-4A7B-BB72-20D8676A90C6}.Release|iPhoneSimulator.ActiveCfg = Release|Any CPU
		{353C2F61-6D69-4A7B-BB72-20D8676A90C6}.Release|iPhoneSimulator.Build.0 = Release|Any CPU
		{353C2F61-6D69-4A7B-BB72-20D8676A90C6}.Release|iPhoneSimulator.Deploy.0 = Release|Any CPU
		{353C2F61-6D69-4A7B-BB72-20D8676A90C6}.Release|x64.ActiveCfg = Release|Any CPU
		{353C2F61-6D69-4A7B-BB72-20D8676A90C6}.Release|x64.Build.0 = Release|Any CPU
		{353C2F61-6D69-4A7B-BB72-20D8676A90C6}.Release|x64.Deploy.0 = Release|Any CPU
		{353C2F61-6D69-4A7B-BB72-20D8676A90C6}.Release|x86.ActiveCfg = Release|Any CPU
		{353C2F61-6D69-4A7B-BB72-20D8676A90C6}.Release|x86.Build.0 = Release|Any CPU
		{353C2F61-6D69-4A7B-BB72-20D8676A90C6}.Release|x86.Deploy.0 = Release|Any CPU
		{A3F4F365-8087-49D4-89BC-6A2CE15B0E54}.Debug|Any CPU.ActiveCfg = Debug|Any CPU
		{A3F4F365-8087-49D4-89BC-6A2CE15B0E54}.Debug|Any CPU.Build.0 = Debug|Any CPU
		{A3F4F365-8087-49D4-89BC-6A2CE15B0E54}.Debug|Any CPU.Deploy.0 = Debug|Any CPU
		{A3F4F365-8087-49D4-89BC-6A2CE15B0E54}.Debug|ARM.ActiveCfg = Debug|Any CPU
		{A3F4F365-8087-49D4-89BC-6A2CE15B0E54}.Debug|ARM.Build.0 = Debug|Any CPU
		{A3F4F365-8087-49D4-89BC-6A2CE15B0E54}.Debug|ARM.Deploy.0 = Debug|Any CPU
		{A3F4F365-8087-49D4-89BC-6A2CE15B0E54}.Debug|iPhone.ActiveCfg = Debug|Any CPU
		{A3F4F365-8087-49D4-89BC-6A2CE15B0E54}.Debug|iPhone.Build.0 = Debug|Any CPU
		{A3F4F365-8087-49D4-89BC-6A2CE15B0E54}.Debug|iPhone.Deploy.0 = Debug|Any CPU
		{A3F4F365-8087-49D4-89BC-6A2CE15B0E54}.Debug|iPhoneSimulator.ActiveCfg = Debug|Any CPU
		{A3F4F365-8087-49D4-89BC-6A2CE15B0E54}.Debug|iPhoneSimulator.Build.0 = Debug|Any CPU
		{A3F4F365-8087-49D4-89BC-6A2CE15B0E54}.Debug|iPhoneSimulator.Deploy.0 = Debug|Any CPU
		{A3F4F365-8087-49D4-89BC-6A2CE15B0E54}.Debug|x64.ActiveCfg = Debug|Any CPU
		{A3F4F365-8087-49D4-89BC-6A2CE15B0E54}.Debug|x64.Build.0 = Debug|Any CPU
		{A3F4F365-8087-49D4-89BC-6A2CE15B0E54}.Debug|x64.Deploy.0 = Debug|Any CPU
		{A3F4F365-8087-49D4-89BC-6A2CE15B0E54}.Debug|x86.ActiveCfg = Debug|Any CPU
		{A3F4F365-8087-49D4-89BC-6A2CE15B0E54}.Debug|x86.Build.0 = Debug|Any CPU
		{A3F4F365-8087-49D4-89BC-6A2CE15B0E54}.Debug|x86.Deploy.0 = Debug|Any CPU
		{A3F4F365-8087-49D4-89BC-6A2CE15B0E54}.Release|Any CPU.ActiveCfg = Release|Any CPU
		{A3F4F365-8087-49D4-89BC-6A2CE15B0E54}.Release|Any CPU.Build.0 = Release|Any CPU
		{A3F4F365-8087-49D4-89BC-6A2CE15B0E54}.Release|Any CPU.Deploy.0 = Release|Any CPU
		{A3F4F365-8087-49D4-89BC-6A2CE15B0E54}.Release|ARM.ActiveCfg = Release|Any CPU
		{A3F4F365-8087-49D4-89BC-6A2CE15B0E54}.Release|ARM.Build.0 = Release|Any CPU
		{A3F4F365-8087-49D4-89BC-6A2CE15B0E54}.Release|ARM.Deploy.0 = Release|Any CPU
		{A3F4F365-8087-49D4-89BC-6A2CE15B0E54}.Release|iPhone.ActiveCfg = Release|Any CPU
		{A3F4F365-8087-49D4-89BC-6A2CE15B0E54}.Release|iPhone.Build.0 = Release|Any CPU
		{A3F4F365-8087-49D4-89BC-6A2CE15B0E54}.Release|iPhone.Deploy.0 = Release|Any CPU
		{A3F4F365-8087-49D4-89BC-6A2CE15B0E54}.Release|iPhoneSimulator.ActiveCfg = Release|Any CPU
		{A3F4F365-8087-49D4-89BC-6A2CE15B0E54}.Release|iPhoneSimulator.Build.0 = Release|Any CPU
		{A3F4F365-8087-49D4-89BC-6A2CE15B0E54}.Release|iPhoneSimulator.Deploy.0 = Release|Any CPU
		{A3F4F365-8087-49D4-89BC-6A2CE15B0E54}.Release|x64.ActiveCfg = Release|Any CPU
		{A3F4F365-8087-49D4-89BC-6A2CE15B0E54}.Release|x64.Build.0 = Release|Any CPU
		{A3F4F365-8087-49D4-89BC-6A2CE15B0E54}.Release|x64.Deploy.0 = Release|Any CPU
		{A3F4F365-8087-49D4-89BC-6A2CE15B0E54}.Release|x86.ActiveCfg = Release|Any CPU
		{A3F4F365-8087-49D4-89BC-6A2CE15B0E54}.Release|x86.Build.0 = Release|Any CPU
		{A3F4F365-8087-49D4-89BC-6A2CE15B0E54}.Release|x86.Deploy.0 = Release|Any CPU
		{92E4492A-891F-4E9C-BBA1-2D69D902583D}.Debug|Any CPU.ActiveCfg = Debug|Any CPU
		{92E4492A-891F-4E9C-BBA1-2D69D902583D}.Debug|Any CPU.Build.0 = Debug|Any CPU
		{92E4492A-891F-4E9C-BBA1-2D69D902583D}.Debug|Any CPU.Deploy.0 = Debug|Any CPU
		{92E4492A-891F-4E9C-BBA1-2D69D902583D}.Debug|ARM.ActiveCfg = Debug|Any CPU
		{92E4492A-891F-4E9C-BBA1-2D69D902583D}.Debug|ARM.Build.0 = Debug|Any CPU
		{92E4492A-891F-4E9C-BBA1-2D69D902583D}.Debug|ARM.Deploy.0 = Debug|Any CPU
		{92E4492A-891F-4E9C-BBA1-2D69D902583D}.Debug|iPhone.ActiveCfg = Debug|Any CPU
		{92E4492A-891F-4E9C-BBA1-2D69D902583D}.Debug|iPhone.Build.0 = Debug|Any CPU
		{92E4492A-891F-4E9C-BBA1-2D69D902583D}.Debug|iPhone.Deploy.0 = Debug|Any CPU
		{92E4492A-891F-4E9C-BBA1-2D69D902583D}.Debug|iPhoneSimulator.ActiveCfg = Debug|Any CPU
		{92E4492A-891F-4E9C-BBA1-2D69D902583D}.Debug|iPhoneSimulator.Build.0 = Debug|Any CPU
		{92E4492A-891F-4E9C-BBA1-2D69D902583D}.Debug|iPhoneSimulator.Deploy.0 = Debug|Any CPU
		{92E4492A-891F-4E9C-BBA1-2D69D902583D}.Debug|x64.ActiveCfg = Debug|Any CPU
		{92E4492A-891F-4E9C-BBA1-2D69D902583D}.Debug|x64.Build.0 = Debug|Any CPU
		{92E4492A-891F-4E9C-BBA1-2D69D902583D}.Debug|x64.Deploy.0 = Debug|Any CPU
		{92E4492A-891F-4E9C-BBA1-2D69D902583D}.Debug|x86.ActiveCfg = Debug|Any CPU
		{92E4492A-891F-4E9C-BBA1-2D69D902583D}.Debug|x86.Build.0 = Debug|Any CPU
		{92E4492A-891F-4E9C-BBA1-2D69D902583D}.Debug|x86.Deploy.0 = Debug|Any CPU
		{92E4492A-891F-4E9C-BBA1-2D69D902583D}.Release|Any CPU.ActiveCfg = Release|Any CPU
		{92E4492A-891F-4E9C-BBA1-2D69D902583D}.Release|Any CPU.Build.0 = Release|Any CPU
		{92E4492A-891F-4E9C-BBA1-2D69D902583D}.Release|Any CPU.Deploy.0 = Release|Any CPU
		{92E4492A-891F-4E9C-BBA1-2D69D902583D}.Release|ARM.ActiveCfg = Release|Any CPU
		{92E4492A-891F-4E9C-BBA1-2D69D902583D}.Release|ARM.Build.0 = Release|Any CPU
		{92E4492A-891F-4E9C-BBA1-2D69D902583D}.Release|ARM.Deploy.0 = Release|Any CPU
		{92E4492A-891F-4E9C-BBA1-2D69D902583D}.Release|iPhone.ActiveCfg = Release|Any CPU
		{92E4492A-891F-4E9C-BBA1-2D69D902583D}.Release|iPhone.Build.0 = Release|Any CPU
		{92E4492A-891F-4E9C-BBA1-2D69D902583D}.Release|iPhone.Deploy.0 = Release|Any CPU
		{92E4492A-891F-4E9C-BBA1-2D69D902583D}.Release|iPhoneSimulator.ActiveCfg = Release|Any CPU
		{92E4492A-891F-4E9C-BBA1-2D69D902583D}.Release|iPhoneSimulator.Build.0 = Release|Any CPU
		{92E4492A-891F-4E9C-BBA1-2D69D902583D}.Release|iPhoneSimulator.Deploy.0 = Release|Any CPU
		{92E4492A-891F-4E9C-BBA1-2D69D902583D}.Release|x64.ActiveCfg = Release|Any CPU
		{92E4492A-891F-4E9C-BBA1-2D69D902583D}.Release|x64.Build.0 = Release|Any CPU
		{92E4492A-891F-4E9C-BBA1-2D69D902583D}.Release|x64.Deploy.0 = Release|Any CPU
		{92E4492A-891F-4E9C-BBA1-2D69D902583D}.Release|x86.ActiveCfg = Release|Any CPU
		{92E4492A-891F-4E9C-BBA1-2D69D902583D}.Release|x86.Build.0 = Release|Any CPU
		{92E4492A-891F-4E9C-BBA1-2D69D902583D}.Release|x86.Deploy.0 = Release|Any CPU
	EndGlobalSection
	GlobalSection(SolutionProperties) = preSolution
		HideSolutionNode = FALSE
	EndGlobalSection
	GlobalSection(NestedProjects) = preSolution
		{17218000-63EA-46DC-880C-6A5A27C54D44} = {D96747C9-C73A-453B-B178-5460FDA95BAA}
		{AA33DD42-2A79-487E-B48C-6FE533559D4D} = {9A8C24C0-1F22-47D8-9ECC-3B75898F544A}
		{75FD7E4A-F737-4761-BBD8-914E6CAF093A} = {9A8C24C0-1F22-47D8-9ECC-3B75898F544A}
		{DF6A5DB2-4908-48A8-8FC6-FB5F47CA4042} = {9A8C24C0-1F22-47D8-9ECC-3B75898F544A}
		{D5667949-37EB-4343-A5F0-25B326892E40} = {9A8C24C0-1F22-47D8-9ECC-3B75898F544A}
		{DDCDB190-3E72-43AC-9BA3-47BFDE0EC1E6} = {9A8C24C0-1F22-47D8-9ECC-3B75898F544A}
		{BC9A23FF-B6BF-44BE-AFE8-A4CD1737212F} = {9A8C24C0-1F22-47D8-9ECC-3B75898F544A}
		{353C2F61-6D69-4A7B-BB72-20D8676A90C6} = {D96747C9-C73A-453B-B178-5460FDA95BAA}
		{A3F4F365-8087-49D4-89BC-6A2CE15B0E54} = {D96747C9-C73A-453B-B178-5460FDA95BAA}
		{92E4492A-891F-4E9C-BBA1-2D69D902583D} = {D96747C9-C73A-453B-B178-5460FDA95BAA}
	EndGlobalSection
	GlobalSection(ExtensibilityGlobals) = postSolution
		SolutionGuid = {9105841E-2E41-4992-AC47-1AB23EF8DC57}
	EndGlobalSection
EndGlobal
