
Microsoft Visual Studio Solution File, Format Version 12.00
# Visual Studio Version 17
VisualStudioVersion = 17.3.32811.315
MinimumVisualStudioVersion = 10.0.40219.1
Project("{2150E333-8FDC-42A3-9474-1A3956D46DE8}") = "Connectivity", "Connectivity", "{9A8C24C0-1F22-47D8-9ECC-3B75898F544A}"
EndProject
Project("{9A19103F-16F7-4668-BE54-9A1E7A4F7556}") = "MobilePlantSample", "ConnectedPlant\MobilePlantSample\MobilePlantSample\MobilePlantSample.csproj", "{D5667949-37EB-4343-A5F0-25B326892E40}"
EndProject
Project("{D954291E-2A0B-460D-934E-DC6B0785DB48}") = "SharedPlantSample", "ConnectedPlant\SharedPlantSample\SharedPlantSample.shproj", "{DDCDB190-3E72-43AC-9BA3-47BFDE0EC1E6}"
EndProject
Project("{2150E333-8FDC-42A3-9474-1A3956D46DE8}") = "_External", "_External", "{59374C8D-641E-4A83-8546-0021E251A9D2}"
EndProject
Project("{9A19103F-16F7-4668-BE54-9A1E7A4F7556}") = "Meadow.F7", "..\..\..\Meadow.Core\source\Meadow.F7\Meadow.F7.csproj", "{453ACFF5-EEE3-4804-9C8C-7741BED63DA6}"
EndProject
Project("{9A19103F-16F7-4668-BE54-9A1E7A4F7556}") = "Meadow.Foundation.Core", "..\..\..\Meadow.Foundation\Source\Meadow.Foundation.Core\Meadow.Foundation.Core.csproj", "{5CBC77B0-6CBC-483C-9007-2AE2655E567F}"
EndProject
Project("{9A19103F-16F7-4668-BE54-9A1E7A4F7556}") = "Sensors.Moisture.Capacitive", "..\..\..\Meadow.Foundation\Source\Meadow.Foundation.Peripherals\Sensors.Moisture.Capacitive\Driver\Sensors.Moisture.Capacitive.csproj", "{3C041CE7-3F33-4BA1-BDE7-EF285FF245EB}"
EndProject
Project("{9A19103F-16F7-4668-BE54-9A1E7A4F7556}") = "Meadow.Core", "..\..\..\Meadow.Core\source\Meadow.Core\Meadow.Core.csproj", "{2A7BF940-EE0A-410A-92D6-82152F525ED7}"
EndProject
Project("{9A19103F-16F7-4668-BE54-9A1E7A4F7556}") = "Meadow.Contracts", "..\..\..\Meadow.Contracts\Source\Meadow.Contracts\Meadow.Contracts.csproj", "{206A9FB3-CDA4-48BD-A446-A38F478E3A58}"
EndProject
Project("{9A19103F-16F7-4668-BE54-9A1E7A4F7556}") = "Meadow.Units", "..\..\..\Meadow.Units\Source\Meadow.Units\Meadow.Units.csproj", "{6E682256-39FC-40BA-BDE2-F42294DE0D47}"
EndProject
Project("{9A19103F-16F7-4668-BE54-9A1E7A4F7556}") = "Servos.ServoCore", "..\..\..\Meadow.Foundation\Source\Meadow.Foundation.Peripherals\Servos.ServoCore\Driver\Servos.ServoCore.csproj", "{50365295-EA90-4B25-894D-A1F7629669BC}"
EndProject
Project("{9A19103F-16F7-4668-BE54-9A1E7A4F7556}") = "Displays.TftSpi", "..\..\..\Meadow.Foundation\Source\Meadow.Foundation.Peripherals\Displays.TftSpi\Driver\Displays.TftSpi.csproj", "{E6082645-6944-40D5-B7FD-9D17EE574187}"
EndProject
Project("{9A19103F-16F7-4668-BE54-9A1E7A4F7556}") = "Displays.Ssd130x", "..\..\..\Meadow.Foundation\Source\Meadow.Foundation.Peripherals\Displays.Ssd130x\Driver\Displays.Ssd130x.csproj", "{2A996EE6-B97E-4758-92ED-6BD1F65B46CA}"
EndProject
Project("{9A19103F-16F7-4668-BE54-9A1E7A4F7556}") = "ServerPlantSample", "ConnectedPlant\ServerPlantSample\ServerPlantSample.csproj", "{4CA8DFED-AEF2-4839-9036-6BE58CAE1FFB}"
EndProject
Project("{9A19103F-16F7-4668-BE54-9A1E7A4F7556}") = "Graphics.MicroGraphics", "..\..\..\Meadow.Foundation\Source\Meadow.Foundation.Libraries_and_Frameworks\Graphics.MicroGraphics\Driver\Graphics.MicroGraphics.csproj", "{A5C9A558-B1DD-4601-91C0-943F2F494877}"
EndProject
Project("{9A19103F-16F7-4668-BE54-9A1E7A4F7556}") = "BusStopClient.dev", "BusStopClient\BusStopClient.dev.csproj", "{71CA55D7-4E6D-4427-839B-11E07C8E3BAE}"
EndProject
Project("{9A19103F-16F7-4668-BE54-9A1E7A4F7556}") = "HelloLed.dev", "HelloLed\HelloLed.dev.csproj", "{594855CC-18F0-4016-8D43-C50DD7CF3D88}"
EndProject
Project("{9A19103F-16F7-4668-BE54-9A1E7A4F7556}") = "I2cSpiAnalogTemperature_Sample.dev", "I2cSpiAnalogTemperature_Sample\I2cSpiAnalogTemperature_Sample.dev.csproj", "{D615BFDF-E38E-44C6-A770-FB6C6B762E85}"
EndProject
Project("{9A19103F-16F7-4668-BE54-9A1E7A4F7556}") = "RobotArm.dev", "RobotArm\RobotArm.dev.csproj", "{AE34F04C-2677-4ABC-9C30-C492FC2AEE97}"
EndProject
Project("{9A19103F-16F7-4668-BE54-9A1E7A4F7556}") = "RemoteTank.dev", "RemoteTank\RemoteTank.dev.csproj", "{33D851FF-2485-404C-96A1-286DCE1AD6F2}"
EndProject
Project("{9A19103F-16F7-4668-BE54-9A1E7A4F7556}") = "TunePlayer.dev", "TunePlayer\TunePlayer.dev.csproj", "{F91DB447-E942-439A-AAF0-4A0CE7D0029B}"
EndProject
Project("{9A19103F-16F7-4668-BE54-9A1E7A4F7556}") = "TwitterClient.dev", "TwitterClient\TwitterClient.dev.csproj", "{49699448-D89F-4BDF-B673-C9EAA923A0E8}"
EndProject
Project("{9A19103F-16F7-4668-BE54-9A1E7A4F7556}") = "Meadow.Logging", "..\..\..\Meadow.Logging\Source\Meadow.Logging\lib\Meadow.Logging.csproj", "{BA271953-7092-4DA8-9AEA-BA44763F7167}"
EndProject
Project("{9A19103F-16F7-4668-BE54-9A1E7A4F7556}") = "Web.Maple.MapleServer", "..\..\..\Maple\Source\Web.Maple.MapleServer\Driver\Web.Maple.MapleServer.csproj", "{2FD318F4-3C8A-4BD9-93E6-D7E6D7E8A7E5}"
EndProject
Project("{9A19103F-16F7-4668-BE54-9A1E7A4F7556}") = "MeadowPlantSample.dev", "ConnectedPlant\MeadowPlantSample\MeadowPlantSample.dev.csproj", "{41198454-54B3-4C10-A2B9-EDA7DA9EF3A9}"
EndProject
Global
	GlobalSection(SolutionConfigurationPlatforms) = preSolution
		Debug|Any CPU = Debug|Any CPU
		Debug|iPhone = Debug|iPhone
		Debug|iPhoneSimulator = Debug|iPhoneSimulator
		Release|Any CPU = Release|Any CPU
		Release|iPhone = Release|iPhone
		Release|iPhoneSimulator = Release|iPhoneSimulator
	EndGlobalSection
	GlobalSection(ProjectConfigurationPlatforms) = postSolution
		{D5667949-37EB-4343-A5F0-25B326892E40}.Debug|Any CPU.ActiveCfg = Debug|Any CPU
		{D5667949-37EB-4343-A5F0-25B326892E40}.Debug|Any CPU.Build.0 = Debug|Any CPU
		{D5667949-37EB-4343-A5F0-25B326892E40}.Debug|iPhone.ActiveCfg = Debug|Any CPU
		{D5667949-37EB-4343-A5F0-25B326892E40}.Debug|iPhone.Build.0 = Debug|Any CPU
		{D5667949-37EB-4343-A5F0-25B326892E40}.Debug|iPhoneSimulator.ActiveCfg = Debug|Any CPU
		{D5667949-37EB-4343-A5F0-25B326892E40}.Debug|iPhoneSimulator.Build.0 = Debug|Any CPU
		{D5667949-37EB-4343-A5F0-25B326892E40}.Release|Any CPU.ActiveCfg = Release|Any CPU
		{D5667949-37EB-4343-A5F0-25B326892E40}.Release|Any CPU.Build.0 = Release|Any CPU
		{D5667949-37EB-4343-A5F0-25B326892E40}.Release|iPhone.ActiveCfg = Release|Any CPU
		{D5667949-37EB-4343-A5F0-25B326892E40}.Release|iPhone.Build.0 = Release|Any CPU
		{D5667949-37EB-4343-A5F0-25B326892E40}.Release|iPhoneSimulator.ActiveCfg = Release|Any CPU
		{D5667949-37EB-4343-A5F0-25B326892E40}.Release|iPhoneSimulator.Build.0 = Release|Any CPU
		{453ACFF5-EEE3-4804-9C8C-7741BED63DA6}.Debug|Any CPU.ActiveCfg = Debug|Any CPU
		{453ACFF5-EEE3-4804-9C8C-7741BED63DA6}.Debug|Any CPU.Build.0 = Debug|Any CPU
		{453ACFF5-EEE3-4804-9C8C-7741BED63DA6}.Debug|iPhone.ActiveCfg = Debug|Any CPU
		{453ACFF5-EEE3-4804-9C8C-7741BED63DA6}.Debug|iPhone.Build.0 = Debug|Any CPU
		{453ACFF5-EEE3-4804-9C8C-7741BED63DA6}.Debug|iPhoneSimulator.ActiveCfg = Debug|Any CPU
		{453ACFF5-EEE3-4804-9C8C-7741BED63DA6}.Debug|iPhoneSimulator.Build.0 = Debug|Any CPU
		{453ACFF5-EEE3-4804-9C8C-7741BED63DA6}.Release|Any CPU.ActiveCfg = Release|Any CPU
		{453ACFF5-EEE3-4804-9C8C-7741BED63DA6}.Release|Any CPU.Build.0 = Release|Any CPU
		{453ACFF5-EEE3-4804-9C8C-7741BED63DA6}.Release|iPhone.ActiveCfg = Release|Any CPU
		{453ACFF5-EEE3-4804-9C8C-7741BED63DA6}.Release|iPhone.Build.0 = Release|Any CPU
		{453ACFF5-EEE3-4804-9C8C-7741BED63DA6}.Release|iPhoneSimulator.ActiveCfg = Release|Any CPU
		{453ACFF5-EEE3-4804-9C8C-7741BED63DA6}.Release|iPhoneSimulator.Build.0 = Release|Any CPU
		{5CBC77B0-6CBC-483C-9007-2AE2655E567F}.Debug|Any CPU.ActiveCfg = Debug|Any CPU
		{5CBC77B0-6CBC-483C-9007-2AE2655E567F}.Debug|Any CPU.Build.0 = Debug|Any CPU
		{5CBC77B0-6CBC-483C-9007-2AE2655E567F}.Debug|iPhone.ActiveCfg = Debug|Any CPU
		{5CBC77B0-6CBC-483C-9007-2AE2655E567F}.Debug|iPhone.Build.0 = Debug|Any CPU
		{5CBC77B0-6CBC-483C-9007-2AE2655E567F}.Debug|iPhoneSimulator.ActiveCfg = Debug|Any CPU
		{5CBC77B0-6CBC-483C-9007-2AE2655E567F}.Debug|iPhoneSimulator.Build.0 = Debug|Any CPU
		{5CBC77B0-6CBC-483C-9007-2AE2655E567F}.Release|Any CPU.ActiveCfg = Release|Any CPU
		{5CBC77B0-6CBC-483C-9007-2AE2655E567F}.Release|Any CPU.Build.0 = Release|Any CPU
		{5CBC77B0-6CBC-483C-9007-2AE2655E567F}.Release|iPhone.ActiveCfg = Release|Any CPU
		{5CBC77B0-6CBC-483C-9007-2AE2655E567F}.Release|iPhone.Build.0 = Release|Any CPU
		{5CBC77B0-6CBC-483C-9007-2AE2655E567F}.Release|iPhoneSimulator.ActiveCfg = Release|Any CPU
		{5CBC77B0-6CBC-483C-9007-2AE2655E567F}.Release|iPhoneSimulator.Build.0 = Release|Any CPU
		{3C041CE7-3F33-4BA1-BDE7-EF285FF245EB}.Debug|Any CPU.ActiveCfg = Debug|Any CPU
		{3C041CE7-3F33-4BA1-BDE7-EF285FF245EB}.Debug|Any CPU.Build.0 = Debug|Any CPU
		{3C041CE7-3F33-4BA1-BDE7-EF285FF245EB}.Debug|iPhone.ActiveCfg = Debug|Any CPU
		{3C041CE7-3F33-4BA1-BDE7-EF285FF245EB}.Debug|iPhone.Build.0 = Debug|Any CPU
		{3C041CE7-3F33-4BA1-BDE7-EF285FF245EB}.Debug|iPhoneSimulator.ActiveCfg = Debug|Any CPU
		{3C041CE7-3F33-4BA1-BDE7-EF285FF245EB}.Debug|iPhoneSimulator.Build.0 = Debug|Any CPU
		{3C041CE7-3F33-4BA1-BDE7-EF285FF245EB}.Release|Any CPU.ActiveCfg = Release|Any CPU
		{3C041CE7-3F33-4BA1-BDE7-EF285FF245EB}.Release|Any CPU.Build.0 = Release|Any CPU
		{3C041CE7-3F33-4BA1-BDE7-EF285FF245EB}.Release|iPhone.ActiveCfg = Release|Any CPU
		{3C041CE7-3F33-4BA1-BDE7-EF285FF245EB}.Release|iPhone.Build.0 = Release|Any CPU
		{3C041CE7-3F33-4BA1-BDE7-EF285FF245EB}.Release|iPhoneSimulator.ActiveCfg = Release|Any CPU
		{3C041CE7-3F33-4BA1-BDE7-EF285FF245EB}.Release|iPhoneSimulator.Build.0 = Release|Any CPU
		{2A7BF940-EE0A-410A-92D6-82152F525ED7}.Debug|Any CPU.ActiveCfg = Debug|Any CPU
		{2A7BF940-EE0A-410A-92D6-82152F525ED7}.Debug|Any CPU.Build.0 = Debug|Any CPU
		{2A7BF940-EE0A-410A-92D6-82152F525ED7}.Debug|iPhone.ActiveCfg = Debug|Any CPU
		{2A7BF940-EE0A-410A-92D6-82152F525ED7}.Debug|iPhone.Build.0 = Debug|Any CPU
		{2A7BF940-EE0A-410A-92D6-82152F525ED7}.Debug|iPhoneSimulator.ActiveCfg = Debug|Any CPU
		{2A7BF940-EE0A-410A-92D6-82152F525ED7}.Debug|iPhoneSimulator.Build.0 = Debug|Any CPU
		{2A7BF940-EE0A-410A-92D6-82152F525ED7}.Release|Any CPU.ActiveCfg = Release|Any CPU
		{2A7BF940-EE0A-410A-92D6-82152F525ED7}.Release|Any CPU.Build.0 = Release|Any CPU
		{2A7BF940-EE0A-410A-92D6-82152F525ED7}.Release|iPhone.ActiveCfg = Release|Any CPU
		{2A7BF940-EE0A-410A-92D6-82152F525ED7}.Release|iPhone.Build.0 = Release|Any CPU
		{2A7BF940-EE0A-410A-92D6-82152F525ED7}.Release|iPhoneSimulator.ActiveCfg = Release|Any CPU
		{2A7BF940-EE0A-410A-92D6-82152F525ED7}.Release|iPhoneSimulator.Build.0 = Release|Any CPU
		{206A9FB3-CDA4-48BD-A446-A38F478E3A58}.Debug|Any CPU.ActiveCfg = Debug|Any CPU
		{206A9FB3-CDA4-48BD-A446-A38F478E3A58}.Debug|Any CPU.Build.0 = Debug|Any CPU
		{206A9FB3-CDA4-48BD-A446-A38F478E3A58}.Debug|iPhone.ActiveCfg = Debug|Any CPU
		{206A9FB3-CDA4-48BD-A446-A38F478E3A58}.Debug|iPhone.Build.0 = Debug|Any CPU
		{206A9FB3-CDA4-48BD-A446-A38F478E3A58}.Debug|iPhoneSimulator.ActiveCfg = Debug|Any CPU
		{206A9FB3-CDA4-48BD-A446-A38F478E3A58}.Debug|iPhoneSimulator.Build.0 = Debug|Any CPU
		{206A9FB3-CDA4-48BD-A446-A38F478E3A58}.Release|Any CPU.ActiveCfg = Release|Any CPU
		{206A9FB3-CDA4-48BD-A446-A38F478E3A58}.Release|Any CPU.Build.0 = Release|Any CPU
		{206A9FB3-CDA4-48BD-A446-A38F478E3A58}.Release|iPhone.ActiveCfg = Release|Any CPU
		{206A9FB3-CDA4-48BD-A446-A38F478E3A58}.Release|iPhone.Build.0 = Release|Any CPU
		{206A9FB3-CDA4-48BD-A446-A38F478E3A58}.Release|iPhoneSimulator.ActiveCfg = Release|Any CPU
		{206A9FB3-CDA4-48BD-A446-A38F478E3A58}.Release|iPhoneSimulator.Build.0 = Release|Any CPU
		{6E682256-39FC-40BA-BDE2-F42294DE0D47}.Debug|Any CPU.ActiveCfg = Debug|Any CPU
		{6E682256-39FC-40BA-BDE2-F42294DE0D47}.Debug|Any CPU.Build.0 = Debug|Any CPU
		{6E682256-39FC-40BA-BDE2-F42294DE0D47}.Debug|iPhone.ActiveCfg = Debug|Any CPU
		{6E682256-39FC-40BA-BDE2-F42294DE0D47}.Debug|iPhone.Build.0 = Debug|Any CPU
		{6E682256-39FC-40BA-BDE2-F42294DE0D47}.Debug|iPhoneSimulator.ActiveCfg = Debug|Any CPU
		{6E682256-39FC-40BA-BDE2-F42294DE0D47}.Debug|iPhoneSimulator.Build.0 = Debug|Any CPU
		{6E682256-39FC-40BA-BDE2-F42294DE0D47}.Release|Any CPU.ActiveCfg = Release|Any CPU
		{6E682256-39FC-40BA-BDE2-F42294DE0D47}.Release|Any CPU.Build.0 = Release|Any CPU
		{6E682256-39FC-40BA-BDE2-F42294DE0D47}.Release|iPhone.ActiveCfg = Release|Any CPU
		{6E682256-39FC-40BA-BDE2-F42294DE0D47}.Release|iPhone.Build.0 = Release|Any CPU
		{6E682256-39FC-40BA-BDE2-F42294DE0D47}.Release|iPhoneSimulator.ActiveCfg = Release|Any CPU
		{6E682256-39FC-40BA-BDE2-F42294DE0D47}.Release|iPhoneSimulator.Build.0 = Release|Any CPU
		{50365295-EA90-4B25-894D-A1F7629669BC}.Debug|Any CPU.ActiveCfg = Debug|Any CPU
		{50365295-EA90-4B25-894D-A1F7629669BC}.Debug|Any CPU.Build.0 = Debug|Any CPU
		{50365295-EA90-4B25-894D-A1F7629669BC}.Debug|iPhone.ActiveCfg = Debug|Any CPU
		{50365295-EA90-4B25-894D-A1F7629669BC}.Debug|iPhone.Build.0 = Debug|Any CPU
		{50365295-EA90-4B25-894D-A1F7629669BC}.Debug|iPhoneSimulator.ActiveCfg = Debug|Any CPU
		{50365295-EA90-4B25-894D-A1F7629669BC}.Debug|iPhoneSimulator.Build.0 = Debug|Any CPU
		{50365295-EA90-4B25-894D-A1F7629669BC}.Release|Any CPU.ActiveCfg = Release|Any CPU
		{50365295-EA90-4B25-894D-A1F7629669BC}.Release|Any CPU.Build.0 = Release|Any CPU
		{50365295-EA90-4B25-894D-A1F7629669BC}.Release|iPhone.ActiveCfg = Release|Any CPU
		{50365295-EA90-4B25-894D-A1F7629669BC}.Release|iPhone.Build.0 = Release|Any CPU
		{50365295-EA90-4B25-894D-A1F7629669BC}.Release|iPhoneSimulator.ActiveCfg = Release|Any CPU
		{50365295-EA90-4B25-894D-A1F7629669BC}.Release|iPhoneSimulator.Build.0 = Release|Any CPU
		{E6082645-6944-40D5-B7FD-9D17EE574187}.Debug|Any CPU.ActiveCfg = Debug|Any CPU
		{E6082645-6944-40D5-B7FD-9D17EE574187}.Debug|Any CPU.Build.0 = Debug|Any CPU
		{E6082645-6944-40D5-B7FD-9D17EE574187}.Debug|iPhone.ActiveCfg = Debug|Any CPU
		{E6082645-6944-40D5-B7FD-9D17EE574187}.Debug|iPhone.Build.0 = Debug|Any CPU
		{E6082645-6944-40D5-B7FD-9D17EE574187}.Debug|iPhoneSimulator.ActiveCfg = Debug|Any CPU
		{E6082645-6944-40D5-B7FD-9D17EE574187}.Debug|iPhoneSimulator.Build.0 = Debug|Any CPU
		{E6082645-6944-40D5-B7FD-9D17EE574187}.Release|Any CPU.ActiveCfg = Release|Any CPU
		{E6082645-6944-40D5-B7FD-9D17EE574187}.Release|Any CPU.Build.0 = Release|Any CPU
		{E6082645-6944-40D5-B7FD-9D17EE574187}.Release|iPhone.ActiveCfg = Release|Any CPU
		{E6082645-6944-40D5-B7FD-9D17EE574187}.Release|iPhone.Build.0 = Release|Any CPU
		{E6082645-6944-40D5-B7FD-9D17EE574187}.Release|iPhoneSimulator.ActiveCfg = Release|Any CPU
		{E6082645-6944-40D5-B7FD-9D17EE574187}.Release|iPhoneSimulator.Build.0 = Release|Any CPU
		{2A996EE6-B97E-4758-92ED-6BD1F65B46CA}.Debug|Any CPU.ActiveCfg = Debug|Any CPU
		{2A996EE6-B97E-4758-92ED-6BD1F65B46CA}.Debug|Any CPU.Build.0 = Debug|Any CPU
		{2A996EE6-B97E-4758-92ED-6BD1F65B46CA}.Debug|iPhone.ActiveCfg = Debug|Any CPU
		{2A996EE6-B97E-4758-92ED-6BD1F65B46CA}.Debug|iPhone.Build.0 = Debug|Any CPU
		{2A996EE6-B97E-4758-92ED-6BD1F65B46CA}.Debug|iPhoneSimulator.ActiveCfg = Debug|Any CPU
		{2A996EE6-B97E-4758-92ED-6BD1F65B46CA}.Debug|iPhoneSimulator.Build.0 = Debug|Any CPU
		{2A996EE6-B97E-4758-92ED-6BD1F65B46CA}.Release|Any CPU.ActiveCfg = Release|Any CPU
		{2A996EE6-B97E-4758-92ED-6BD1F65B46CA}.Release|Any CPU.Build.0 = Release|Any CPU
		{2A996EE6-B97E-4758-92ED-6BD1F65B46CA}.Release|iPhone.ActiveCfg = Release|Any CPU
		{2A996EE6-B97E-4758-92ED-6BD1F65B46CA}.Release|iPhone.Build.0 = Release|Any CPU
		{2A996EE6-B97E-4758-92ED-6BD1F65B46CA}.Release|iPhoneSimulator.ActiveCfg = Release|Any CPU
		{2A996EE6-B97E-4758-92ED-6BD1F65B46CA}.Release|iPhoneSimulator.Build.0 = Release|Any CPU
		{4CA8DFED-AEF2-4839-9036-6BE58CAE1FFB}.Debug|Any CPU.ActiveCfg = Debug|Any CPU
		{4CA8DFED-AEF2-4839-9036-6BE58CAE1FFB}.Debug|Any CPU.Build.0 = Debug|Any CPU
		{4CA8DFED-AEF2-4839-9036-6BE58CAE1FFB}.Debug|iPhone.ActiveCfg = Debug|Any CPU
		{4CA8DFED-AEF2-4839-9036-6BE58CAE1FFB}.Debug|iPhone.Build.0 = Debug|Any CPU
		{4CA8DFED-AEF2-4839-9036-6BE58CAE1FFB}.Debug|iPhoneSimulator.ActiveCfg = Debug|Any CPU
		{4CA8DFED-AEF2-4839-9036-6BE58CAE1FFB}.Debug|iPhoneSimulator.Build.0 = Debug|Any CPU
		{4CA8DFED-AEF2-4839-9036-6BE58CAE1FFB}.Release|Any CPU.ActiveCfg = Release|Any CPU
		{4CA8DFED-AEF2-4839-9036-6BE58CAE1FFB}.Release|Any CPU.Build.0 = Release|Any CPU
		{4CA8DFED-AEF2-4839-9036-6BE58CAE1FFB}.Release|iPhone.ActiveCfg = Release|Any CPU
		{4CA8DFED-AEF2-4839-9036-6BE58CAE1FFB}.Release|iPhone.Build.0 = Release|Any CPU
		{4CA8DFED-AEF2-4839-9036-6BE58CAE1FFB}.Release|iPhoneSimulator.ActiveCfg = Release|Any CPU
		{4CA8DFED-AEF2-4839-9036-6BE58CAE1FFB}.Release|iPhoneSimulator.Build.0 = Release|Any CPU
		{A5C9A558-B1DD-4601-91C0-943F2F494877}.Debug|Any CPU.ActiveCfg = Debug|Any CPU
		{A5C9A558-B1DD-4601-91C0-943F2F494877}.Debug|Any CPU.Build.0 = Debug|Any CPU
		{A5C9A558-B1DD-4601-91C0-943F2F494877}.Debug|Any CPU.Deploy.0 = Debug|Any CPU
		{A5C9A558-B1DD-4601-91C0-943F2F494877}.Debug|iPhone.ActiveCfg = Debug|Any CPU
		{A5C9A558-B1DD-4601-91C0-943F2F494877}.Debug|iPhone.Build.0 = Debug|Any CPU
		{A5C9A558-B1DD-4601-91C0-943F2F494877}.Debug|iPhone.Deploy.0 = Debug|Any CPU
		{A5C9A558-B1DD-4601-91C0-943F2F494877}.Debug|iPhoneSimulator.ActiveCfg = Debug|Any CPU
		{A5C9A558-B1DD-4601-91C0-943F2F494877}.Debug|iPhoneSimulator.Build.0 = Debug|Any CPU
		{A5C9A558-B1DD-4601-91C0-943F2F494877}.Debug|iPhoneSimulator.Deploy.0 = Debug|Any CPU
		{A5C9A558-B1DD-4601-91C0-943F2F494877}.Release|Any CPU.ActiveCfg = Release|Any CPU
		{A5C9A558-B1DD-4601-91C0-943F2F494877}.Release|Any CPU.Build.0 = Release|Any CPU
		{A5C9A558-B1DD-4601-91C0-943F2F494877}.Release|Any CPU.Deploy.0 = Release|Any CPU
		{A5C9A558-B1DD-4601-91C0-943F2F494877}.Release|iPhone.ActiveCfg = Release|Any CPU
		{A5C9A558-B1DD-4601-91C0-943F2F494877}.Release|iPhone.Build.0 = Release|Any CPU
		{A5C9A558-B1DD-4601-91C0-943F2F494877}.Release|iPhone.Deploy.0 = Release|Any CPU
		{A5C9A558-B1DD-4601-91C0-943F2F494877}.Release|iPhoneSimulator.ActiveCfg = Release|Any CPU
		{A5C9A558-B1DD-4601-91C0-943F2F494877}.Release|iPhoneSimulator.Build.0 = Release|Any CPU
		{A5C9A558-B1DD-4601-91C0-943F2F494877}.Release|iPhoneSimulator.Deploy.0 = Release|Any CPU
		{71CA55D7-4E6D-4427-839B-11E07C8E3BAE}.Debug|Any CPU.ActiveCfg = Debug|Any CPU
		{71CA55D7-4E6D-4427-839B-11E07C8E3BAE}.Debug|Any CPU.Build.0 = Debug|Any CPU
		{71CA55D7-4E6D-4427-839B-11E07C8E3BAE}.Debug|Any CPU.Deploy.0 = Debug|Any CPU
		{71CA55D7-4E6D-4427-839B-11E07C8E3BAE}.Debug|iPhone.ActiveCfg = Debug|Any CPU
		{71CA55D7-4E6D-4427-839B-11E07C8E3BAE}.Debug|iPhone.Build.0 = Debug|Any CPU
		{71CA55D7-4E6D-4427-839B-11E07C8E3BAE}.Debug|iPhone.Deploy.0 = Debug|Any CPU
		{71CA55D7-4E6D-4427-839B-11E07C8E3BAE}.Debug|iPhoneSimulator.ActiveCfg = Debug|Any CPU
		{71CA55D7-4E6D-4427-839B-11E07C8E3BAE}.Debug|iPhoneSimulator.Build.0 = Debug|Any CPU
		{71CA55D7-4E6D-4427-839B-11E07C8E3BAE}.Debug|iPhoneSimulator.Deploy.0 = Debug|Any CPU
		{71CA55D7-4E6D-4427-839B-11E07C8E3BAE}.Release|Any CPU.ActiveCfg = Release|Any CPU
		{71CA55D7-4E6D-4427-839B-11E07C8E3BAE}.Release|Any CPU.Build.0 = Release|Any CPU
		{71CA55D7-4E6D-4427-839B-11E07C8E3BAE}.Release|Any CPU.Deploy.0 = Release|Any CPU
		{71CA55D7-4E6D-4427-839B-11E07C8E3BAE}.Release|iPhone.ActiveCfg = Release|Any CPU
		{71CA55D7-4E6D-4427-839B-11E07C8E3BAE}.Release|iPhone.Build.0 = Release|Any CPU
		{71CA55D7-4E6D-4427-839B-11E07C8E3BAE}.Release|iPhone.Deploy.0 = Release|Any CPU
		{71CA55D7-4E6D-4427-839B-11E07C8E3BAE}.Release|iPhoneSimulator.ActiveCfg = Release|Any CPU
		{71CA55D7-4E6D-4427-839B-11E07C8E3BAE}.Release|iPhoneSimulator.Build.0 = Release|Any CPU
		{71CA55D7-4E6D-4427-839B-11E07C8E3BAE}.Release|iPhoneSimulator.Deploy.0 = Release|Any CPU
		{594855CC-18F0-4016-8D43-C50DD7CF3D88}.Debug|Any CPU.ActiveCfg = Debug|Any CPU
		{594855CC-18F0-4016-8D43-C50DD7CF3D88}.Debug|Any CPU.Build.0 = Debug|Any CPU
		{594855CC-18F0-4016-8D43-C50DD7CF3D88}.Debug|Any CPU.Deploy.0 = Debug|Any CPU
		{594855CC-18F0-4016-8D43-C50DD7CF3D88}.Debug|iPhone.ActiveCfg = Debug|Any CPU
		{594855CC-18F0-4016-8D43-C50DD7CF3D88}.Debug|iPhone.Build.0 = Debug|Any CPU
		{594855CC-18F0-4016-8D43-C50DD7CF3D88}.Debug|iPhone.Deploy.0 = Debug|Any CPU
		{594855CC-18F0-4016-8D43-C50DD7CF3D88}.Debug|iPhoneSimulator.ActiveCfg = Debug|Any CPU
		{594855CC-18F0-4016-8D43-C50DD7CF3D88}.Debug|iPhoneSimulator.Build.0 = Debug|Any CPU
		{594855CC-18F0-4016-8D43-C50DD7CF3D88}.Debug|iPhoneSimulator.Deploy.0 = Debug|Any CPU
		{594855CC-18F0-4016-8D43-C50DD7CF3D88}.Release|Any CPU.ActiveCfg = Release|Any CPU
		{594855CC-18F0-4016-8D43-C50DD7CF3D88}.Release|Any CPU.Build.0 = Release|Any CPU
		{594855CC-18F0-4016-8D43-C50DD7CF3D88}.Release|Any CPU.Deploy.0 = Release|Any CPU
		{594855CC-18F0-4016-8D43-C50DD7CF3D88}.Release|iPhone.ActiveCfg = Release|Any CPU
		{594855CC-18F0-4016-8D43-C50DD7CF3D88}.Release|iPhone.Build.0 = Release|Any CPU
		{594855CC-18F0-4016-8D43-C50DD7CF3D88}.Release|iPhone.Deploy.0 = Release|Any CPU
		{594855CC-18F0-4016-8D43-C50DD7CF3D88}.Release|iPhoneSimulator.ActiveCfg = Release|Any CPU
		{594855CC-18F0-4016-8D43-C50DD7CF3D88}.Release|iPhoneSimulator.Build.0 = Release|Any CPU
		{594855CC-18F0-4016-8D43-C50DD7CF3D88}.Release|iPhoneSimulator.Deploy.0 = Release|Any CPU
		{D615BFDF-E38E-44C6-A770-FB6C6B762E85}.Debug|Any CPU.ActiveCfg = Debug|Any CPU
		{D615BFDF-E38E-44C6-A770-FB6C6B762E85}.Debug|Any CPU.Build.0 = Debug|Any CPU
		{D615BFDF-E38E-44C6-A770-FB6C6B762E85}.Debug|Any CPU.Deploy.0 = Debug|Any CPU
		{D615BFDF-E38E-44C6-A770-FB6C6B762E85}.Debug|iPhone.ActiveCfg = Debug|Any CPU
		{D615BFDF-E38E-44C6-A770-FB6C6B762E85}.Debug|iPhone.Build.0 = Debug|Any CPU
		{D615BFDF-E38E-44C6-A770-FB6C6B762E85}.Debug|iPhone.Deploy.0 = Debug|Any CPU
		{D615BFDF-E38E-44C6-A770-FB6C6B762E85}.Debug|iPhoneSimulator.ActiveCfg = Debug|Any CPU
		{D615BFDF-E38E-44C6-A770-FB6C6B762E85}.Debug|iPhoneSimulator.Build.0 = Debug|Any CPU
		{D615BFDF-E38E-44C6-A770-FB6C6B762E85}.Debug|iPhoneSimulator.Deploy.0 = Debug|Any CPU
		{D615BFDF-E38E-44C6-A770-FB6C6B762E85}.Release|Any CPU.ActiveCfg = Release|Any CPU
		{D615BFDF-E38E-44C6-A770-FB6C6B762E85}.Release|Any CPU.Build.0 = Release|Any CPU
		{D615BFDF-E38E-44C6-A770-FB6C6B762E85}.Release|Any CPU.Deploy.0 = Release|Any CPU
		{D615BFDF-E38E-44C6-A770-FB6C6B762E85}.Release|iPhone.ActiveCfg = Release|Any CPU
		{D615BFDF-E38E-44C6-A770-FB6C6B762E85}.Release|iPhone.Build.0 = Release|Any CPU
		{D615BFDF-E38E-44C6-A770-FB6C6B762E85}.Release|iPhone.Deploy.0 = Release|Any CPU
		{D615BFDF-E38E-44C6-A770-FB6C6B762E85}.Release|iPhoneSimulator.ActiveCfg = Release|Any CPU
		{D615BFDF-E38E-44C6-A770-FB6C6B762E85}.Release|iPhoneSimulator.Build.0 = Release|Any CPU
		{D615BFDF-E38E-44C6-A770-FB6C6B762E85}.Release|iPhoneSimulator.Deploy.0 = Release|Any CPU
		{AE34F04C-2677-4ABC-9C30-C492FC2AEE97}.Debug|Any CPU.ActiveCfg = Debug|Any CPU
		{AE34F04C-2677-4ABC-9C30-C492FC2AEE97}.Debug|Any CPU.Build.0 = Debug|Any CPU
		{AE34F04C-2677-4ABC-9C30-C492FC2AEE97}.Debug|Any CPU.Deploy.0 = Debug|Any CPU
		{AE34F04C-2677-4ABC-9C30-C492FC2AEE97}.Debug|iPhone.ActiveCfg = Debug|Any CPU
		{AE34F04C-2677-4ABC-9C30-C492FC2AEE97}.Debug|iPhone.Build.0 = Debug|Any CPU
		{AE34F04C-2677-4ABC-9C30-C492FC2AEE97}.Debug|iPhone.Deploy.0 = Debug|Any CPU
		{AE34F04C-2677-4ABC-9C30-C492FC2AEE97}.Debug|iPhoneSimulator.ActiveCfg = Debug|Any CPU
		{AE34F04C-2677-4ABC-9C30-C492FC2AEE97}.Debug|iPhoneSimulator.Build.0 = Debug|Any CPU
		{AE34F04C-2677-4ABC-9C30-C492FC2AEE97}.Debug|iPhoneSimulator.Deploy.0 = Debug|Any CPU
		{AE34F04C-2677-4ABC-9C30-C492FC2AEE97}.Release|Any CPU.ActiveCfg = Release|Any CPU
		{AE34F04C-2677-4ABC-9C30-C492FC2AEE97}.Release|Any CPU.Build.0 = Release|Any CPU
		{AE34F04C-2677-4ABC-9C30-C492FC2AEE97}.Release|Any CPU.Deploy.0 = Release|Any CPU
		{AE34F04C-2677-4ABC-9C30-C492FC2AEE97}.Release|iPhone.ActiveCfg = Release|Any CPU
		{AE34F04C-2677-4ABC-9C30-C492FC2AEE97}.Release|iPhone.Build.0 = Release|Any CPU
		{AE34F04C-2677-4ABC-9C30-C492FC2AEE97}.Release|iPhone.Deploy.0 = Release|Any CPU
		{AE34F04C-2677-4ABC-9C30-C492FC2AEE97}.Release|iPhoneSimulator.ActiveCfg = Release|Any CPU
		{AE34F04C-2677-4ABC-9C30-C492FC2AEE97}.Release|iPhoneSimulator.Build.0 = Release|Any CPU
		{AE34F04C-2677-4ABC-9C30-C492FC2AEE97}.Release|iPhoneSimulator.Deploy.0 = Release|Any CPU
		{33D851FF-2485-404C-96A1-286DCE1AD6F2}.Debug|Any CPU.ActiveCfg = Debug|Any CPU
		{33D851FF-2485-404C-96A1-286DCE1AD6F2}.Debug|Any CPU.Build.0 = Debug|Any CPU
		{33D851FF-2485-404C-96A1-286DCE1AD6F2}.Debug|Any CPU.Deploy.0 = Debug|Any CPU
		{33D851FF-2485-404C-96A1-286DCE1AD6F2}.Debug|iPhone.ActiveCfg = Debug|Any CPU
		{33D851FF-2485-404C-96A1-286DCE1AD6F2}.Debug|iPhone.Build.0 = Debug|Any CPU
		{33D851FF-2485-404C-96A1-286DCE1AD6F2}.Debug|iPhone.Deploy.0 = Debug|Any CPU
		{33D851FF-2485-404C-96A1-286DCE1AD6F2}.Debug|iPhoneSimulator.ActiveCfg = Debug|Any CPU
		{33D851FF-2485-404C-96A1-286DCE1AD6F2}.Debug|iPhoneSimulator.Build.0 = Debug|Any CPU
		{33D851FF-2485-404C-96A1-286DCE1AD6F2}.Debug|iPhoneSimulator.Deploy.0 = Debug|Any CPU
		{33D851FF-2485-404C-96A1-286DCE1AD6F2}.Release|Any CPU.ActiveCfg = Release|Any CPU
		{33D851FF-2485-404C-96A1-286DCE1AD6F2}.Release|Any CPU.Build.0 = Release|Any CPU
		{33D851FF-2485-404C-96A1-286DCE1AD6F2}.Release|Any CPU.Deploy.0 = Release|Any CPU
		{33D851FF-2485-404C-96A1-286DCE1AD6F2}.Release|iPhone.ActiveCfg = Release|Any CPU
		{33D851FF-2485-404C-96A1-286DCE1AD6F2}.Release|iPhone.Build.0 = Release|Any CPU
		{33D851FF-2485-404C-96A1-286DCE1AD6F2}.Release|iPhone.Deploy.0 = Release|Any CPU
		{33D851FF-2485-404C-96A1-286DCE1AD6F2}.Release|iPhoneSimulator.ActiveCfg = Release|Any CPU
		{33D851FF-2485-404C-96A1-286DCE1AD6F2}.Release|iPhoneSimulator.Build.0 = Release|Any CPU
		{33D851FF-2485-404C-96A1-286DCE1AD6F2}.Release|iPhoneSimulator.Deploy.0 = Release|Any CPU
		{F91DB447-E942-439A-AAF0-4A0CE7D0029B}.Debug|Any CPU.ActiveCfg = Debug|Any CPU
		{F91DB447-E942-439A-AAF0-4A0CE7D0029B}.Debug|Any CPU.Build.0 = Debug|Any CPU
		{F91DB447-E942-439A-AAF0-4A0CE7D0029B}.Debug|Any CPU.Deploy.0 = Debug|Any CPU
		{F91DB447-E942-439A-AAF0-4A0CE7D0029B}.Debug|iPhone.ActiveCfg = Debug|Any CPU
		{F91DB447-E942-439A-AAF0-4A0CE7D0029B}.Debug|iPhone.Build.0 = Debug|Any CPU
		{F91DB447-E942-439A-AAF0-4A0CE7D0029B}.Debug|iPhone.Deploy.0 = Debug|Any CPU
		{F91DB447-E942-439A-AAF0-4A0CE7D0029B}.Debug|iPhoneSimulator.ActiveCfg = Debug|Any CPU
		{F91DB447-E942-439A-AAF0-4A0CE7D0029B}.Debug|iPhoneSimulator.Build.0 = Debug|Any CPU
		{F91DB447-E942-439A-AAF0-4A0CE7D0029B}.Debug|iPhoneSimulator.Deploy.0 = Debug|Any CPU
		{F91DB447-E942-439A-AAF0-4A0CE7D0029B}.Release|Any CPU.ActiveCfg = Release|Any CPU
		{F91DB447-E942-439A-AAF0-4A0CE7D0029B}.Release|Any CPU.Build.0 = Release|Any CPU
		{F91DB447-E942-439A-AAF0-4A0CE7D0029B}.Release|Any CPU.Deploy.0 = Release|Any CPU
		{F91DB447-E942-439A-AAF0-4A0CE7D0029B}.Release|iPhone.ActiveCfg = Release|Any CPU
		{F91DB447-E942-439A-AAF0-4A0CE7D0029B}.Release|iPhone.Build.0 = Release|Any CPU
		{F91DB447-E942-439A-AAF0-4A0CE7D0029B}.Release|iPhone.Deploy.0 = Release|Any CPU
		{F91DB447-E942-439A-AAF0-4A0CE7D0029B}.Release|iPhoneSimulator.ActiveCfg = Release|Any CPU
		{F91DB447-E942-439A-AAF0-4A0CE7D0029B}.Release|iPhoneSimulator.Build.0 = Release|Any CPU
		{F91DB447-E942-439A-AAF0-4A0CE7D0029B}.Release|iPhoneSimulator.Deploy.0 = Release|Any CPU
		{49699448-D89F-4BDF-B673-C9EAA923A0E8}.Debug|Any CPU.ActiveCfg = Debug|Any CPU
		{49699448-D89F-4BDF-B673-C9EAA923A0E8}.Debug|Any CPU.Build.0 = Debug|Any CPU
		{49699448-D89F-4BDF-B673-C9EAA923A0E8}.Debug|Any CPU.Deploy.0 = Debug|Any CPU
		{49699448-D89F-4BDF-B673-C9EAA923A0E8}.Debug|iPhone.ActiveCfg = Debug|Any CPU
		{49699448-D89F-4BDF-B673-C9EAA923A0E8}.Debug|iPhone.Build.0 = Debug|Any CPU
		{49699448-D89F-4BDF-B673-C9EAA923A0E8}.Debug|iPhone.Deploy.0 = Debug|Any CPU
		{49699448-D89F-4BDF-B673-C9EAA923A0E8}.Debug|iPhoneSimulator.ActiveCfg = Debug|Any CPU
		{49699448-D89F-4BDF-B673-C9EAA923A0E8}.Debug|iPhoneSimulator.Build.0 = Debug|Any CPU
		{49699448-D89F-4BDF-B673-C9EAA923A0E8}.Debug|iPhoneSimulator.Deploy.0 = Debug|Any CPU
		{49699448-D89F-4BDF-B673-C9EAA923A0E8}.Release|Any CPU.ActiveCfg = Release|Any CPU
		{49699448-D89F-4BDF-B673-C9EAA923A0E8}.Release|Any CPU.Build.0 = Release|Any CPU
		{49699448-D89F-4BDF-B673-C9EAA923A0E8}.Release|Any CPU.Deploy.0 = Release|Any CPU
		{49699448-D89F-4BDF-B673-C9EAA923A0E8}.Release|iPhone.ActiveCfg = Release|Any CPU
		{49699448-D89F-4BDF-B673-C9EAA923A0E8}.Release|iPhone.Build.0 = Release|Any CPU
		{49699448-D89F-4BDF-B673-C9EAA923A0E8}.Release|iPhone.Deploy.0 = Release|Any CPU
		{49699448-D89F-4BDF-B673-C9EAA923A0E8}.Release|iPhoneSimulator.ActiveCfg = Release|Any CPU
		{49699448-D89F-4BDF-B673-C9EAA923A0E8}.Release|iPhoneSimulator.Build.0 = Release|Any CPU
		{49699448-D89F-4BDF-B673-C9EAA923A0E8}.Release|iPhoneSimulator.Deploy.0 = Release|Any CPU
		{BA271953-7092-4DA8-9AEA-BA44763F7167}.Debug|Any CPU.ActiveCfg = Debug|Any CPU
		{BA271953-7092-4DA8-9AEA-BA44763F7167}.Debug|Any CPU.Build.0 = Debug|Any CPU
		{BA271953-7092-4DA8-9AEA-BA44763F7167}.Debug|iPhone.ActiveCfg = Debug|Any CPU
		{BA271953-7092-4DA8-9AEA-BA44763F7167}.Debug|iPhone.Build.0 = Debug|Any CPU
		{BA271953-7092-4DA8-9AEA-BA44763F7167}.Debug|iPhoneSimulator.ActiveCfg = Debug|Any CPU
		{BA271953-7092-4DA8-9AEA-BA44763F7167}.Debug|iPhoneSimulator.Build.0 = Debug|Any CPU
		{BA271953-7092-4DA8-9AEA-BA44763F7167}.Release|Any CPU.ActiveCfg = Release|Any CPU
		{BA271953-7092-4DA8-9AEA-BA44763F7167}.Release|Any CPU.Build.0 = Release|Any CPU
		{BA271953-7092-4DA8-9AEA-BA44763F7167}.Release|iPhone.ActiveCfg = Release|Any CPU
		{BA271953-7092-4DA8-9AEA-BA44763F7167}.Release|iPhone.Build.0 = Release|Any CPU
		{BA271953-7092-4DA8-9AEA-BA44763F7167}.Release|iPhoneSimulator.ActiveCfg = Release|Any CPU
		{BA271953-7092-4DA8-9AEA-BA44763F7167}.Release|iPhoneSimulator.Build.0 = Release|Any CPU
		{2FD318F4-3C8A-4BD9-93E6-D7E6D7E8A7E5}.Debug|Any CPU.ActiveCfg = Debug|Any CPU
		{2FD318F4-3C8A-4BD9-93E6-D7E6D7E8A7E5}.Debug|Any CPU.Build.0 = Debug|Any CPU
		{2FD318F4-3C8A-4BD9-93E6-D7E6D7E8A7E5}.Debug|Any CPU.Deploy.0 = Debug|Any CPU
		{2FD318F4-3C8A-4BD9-93E6-D7E6D7E8A7E5}.Debug|iPhone.ActiveCfg = Debug|Any CPU
		{2FD318F4-3C8A-4BD9-93E6-D7E6D7E8A7E5}.Debug|iPhone.Build.0 = Debug|Any CPU
		{2FD318F4-3C8A-4BD9-93E6-D7E6D7E8A7E5}.Debug|iPhone.Deploy.0 = Debug|Any CPU
		{2FD318F4-3C8A-4BD9-93E6-D7E6D7E8A7E5}.Debug|iPhoneSimulator.ActiveCfg = Debug|Any CPU
		{2FD318F4-3C8A-4BD9-93E6-D7E6D7E8A7E5}.Debug|iPhoneSimulator.Build.0 = Debug|Any CPU
		{2FD318F4-3C8A-4BD9-93E6-D7E6D7E8A7E5}.Debug|iPhoneSimulator.Deploy.0 = Debug|Any CPU
		{2FD318F4-3C8A-4BD9-93E6-D7E6D7E8A7E5}.Release|Any CPU.ActiveCfg = Release|Any CPU
		{2FD318F4-3C8A-4BD9-93E6-D7E6D7E8A7E5}.Release|Any CPU.Build.0 = Release|Any CPU
		{2FD318F4-3C8A-4BD9-93E6-D7E6D7E8A7E5}.Release|Any CPU.Deploy.0 = Release|Any CPU
		{2FD318F4-3C8A-4BD9-93E6-D7E6D7E8A7E5}.Release|iPhone.ActiveCfg = Release|Any CPU
		{2FD318F4-3C8A-4BD9-93E6-D7E6D7E8A7E5}.Release|iPhone.Build.0 = Release|Any CPU
		{2FD318F4-3C8A-4BD9-93E6-D7E6D7E8A7E5}.Release|iPhone.Deploy.0 = Release|Any CPU
		{2FD318F4-3C8A-4BD9-93E6-D7E6D7E8A7E5}.Release|iPhoneSimulator.ActiveCfg = Release|Any CPU
		{2FD318F4-3C8A-4BD9-93E6-D7E6D7E8A7E5}.Release|iPhoneSimulator.Build.0 = Release|Any CPU
		{2FD318F4-3C8A-4BD9-93E6-D7E6D7E8A7E5}.Release|iPhoneSimulator.Deploy.0 = Release|Any CPU
		{41198454-54B3-4C10-A2B9-EDA7DA9EF3A9}.Debug|Any CPU.ActiveCfg = Debug|Any CPU
		{41198454-54B3-4C10-A2B9-EDA7DA9EF3A9}.Debug|Any CPU.Build.0 = Debug|Any CPU
		{41198454-54B3-4C10-A2B9-EDA7DA9EF3A9}.Debug|Any CPU.Deploy.0 = Debug|Any CPU
		{41198454-54B3-4C10-A2B9-EDA7DA9EF3A9}.Debug|iPhone.ActiveCfg = Debug|Any CPU
		{41198454-54B3-4C10-A2B9-EDA7DA9EF3A9}.Debug|iPhone.Build.0 = Debug|Any CPU
		{41198454-54B3-4C10-A2B9-EDA7DA9EF3A9}.Debug|iPhone.Deploy.0 = Debug|Any CPU
		{41198454-54B3-4C10-A2B9-EDA7DA9EF3A9}.Debug|iPhoneSimulator.ActiveCfg = Debug|Any CPU
		{41198454-54B3-4C10-A2B9-EDA7DA9EF3A9}.Debug|iPhoneSimulator.Build.0 = Debug|Any CPU
		{41198454-54B3-4C10-A2B9-EDA7DA9EF3A9}.Debug|iPhoneSimulator.Deploy.0 = Debug|Any CPU
		{41198454-54B3-4C10-A2B9-EDA7DA9EF3A9}.Release|Any CPU.ActiveCfg = Release|Any CPU
		{41198454-54B3-4C10-A2B9-EDA7DA9EF3A9}.Release|Any CPU.Build.0 = Release|Any CPU
		{41198454-54B3-4C10-A2B9-EDA7DA9EF3A9}.Release|Any CPU.Deploy.0 = Release|Any CPU
		{41198454-54B3-4C10-A2B9-EDA7DA9EF3A9}.Release|iPhone.ActiveCfg = Release|Any CPU
		{41198454-54B3-4C10-A2B9-EDA7DA9EF3A9}.Release|iPhone.Build.0 = Release|Any CPU
		{41198454-54B3-4C10-A2B9-EDA7DA9EF3A9}.Release|iPhone.Deploy.0 = Release|Any CPU
		{41198454-54B3-4C10-A2B9-EDA7DA9EF3A9}.Release|iPhoneSimulator.ActiveCfg = Release|Any CPU
		{41198454-54B3-4C10-A2B9-EDA7DA9EF3A9}.Release|iPhoneSimulator.Build.0 = Release|Any CPU
		{41198454-54B3-4C10-A2B9-EDA7DA9EF3A9}.Release|iPhoneSimulator.Deploy.0 = Release|Any CPU
	EndGlobalSection
	GlobalSection(SolutionProperties) = preSolution
		HideSolutionNode = FALSE
	EndGlobalSection
	GlobalSection(NestedProjects) = preSolution
		{D5667949-37EB-4343-A5F0-25B326892E40} = {9A8C24C0-1F22-47D8-9ECC-3B75898F544A}
		{DDCDB190-3E72-43AC-9BA3-47BFDE0EC1E6} = {9A8C24C0-1F22-47D8-9ECC-3B75898F544A}
		{453ACFF5-EEE3-4804-9C8C-7741BED63DA6} = {59374C8D-641E-4A83-8546-0021E251A9D2}
		{5CBC77B0-6CBC-483C-9007-2AE2655E567F} = {59374C8D-641E-4A83-8546-0021E251A9D2}
		{3C041CE7-3F33-4BA1-BDE7-EF285FF245EB} = {59374C8D-641E-4A83-8546-0021E251A9D2}
		{2A7BF940-EE0A-410A-92D6-82152F525ED7} = {59374C8D-641E-4A83-8546-0021E251A9D2}
		{206A9FB3-CDA4-48BD-A446-A38F478E3A58} = {59374C8D-641E-4A83-8546-0021E251A9D2}
		{6E682256-39FC-40BA-BDE2-F42294DE0D47} = {59374C8D-641E-4A83-8546-0021E251A9D2}
		{50365295-EA90-4B25-894D-A1F7629669BC} = {59374C8D-641E-4A83-8546-0021E251A9D2}
		{E6082645-6944-40D5-B7FD-9D17EE574187} = {59374C8D-641E-4A83-8546-0021E251A9D2}
		{2A996EE6-B97E-4758-92ED-6BD1F65B46CA} = {59374C8D-641E-4A83-8546-0021E251A9D2}
		{4CA8DFED-AEF2-4839-9036-6BE58CAE1FFB} = {9A8C24C0-1F22-47D8-9ECC-3B75898F544A}
		{A5C9A558-B1DD-4601-91C0-943F2F494877} = {59374C8D-641E-4A83-8546-0021E251A9D2}
		{BA271953-7092-4DA8-9AEA-BA44763F7167} = {59374C8D-641E-4A83-8546-0021E251A9D2}
		{2FD318F4-3C8A-4BD9-93E6-D7E6D7E8A7E5} = {59374C8D-641E-4A83-8546-0021E251A9D2}
		{41198454-54B3-4C10-A2B9-EDA7DA9EF3A9} = {9A8C24C0-1F22-47D8-9ECC-3B75898F544A}
	EndGlobalSection
	GlobalSection(ExtensibilityGlobals) = postSolution
		SolutionGuid = {859892DE-B9E3-452B-AC48-ED046B61B4B7}
		        SolutionGuid = {9105841E-2E41-4992-AC47-1AB23EF8DC57}
	EndGlobalSection
	GlobalSection(SharedMSBuildProjectFiles) = preSolution
		ConnectedPlant\SharedPlantSample\PlantWing.Shared.projitems*{4ca8dfed-aef2-4839-9036-6be58cae1ffb}*SharedItemsImports = 5
		ConnectedPlant\SharedPlantSample\PlantWing.Shared.projitems*{d5667949-37eb-4343-a5f0-25b326892e40}*SharedItemsImports = 5
		ConnectedPlant\SharedPlantSample\PlantWing.Shared.projitems*{ddcdb190-3e72-43ac-9ba3-47bfde0ec1e6}*SharedItemsImports = 13
	EndGlobalSection
EndGlobal
